<?xml version="1.0" encoding="utf-8"?>
<Project ToolsVersion="4.0" xmlns="http://schemas.microsoft.com/developer/msbuild/2003">
  <ItemGroup>
    <Filter Include="Header Files">
      <UniqueIdentifier>{93995380-89BD-4b04-88EB-625FBE52EBFB}</UniqueIdentifier>
      <Extensions>h;hh;hpp;hxx;hm;inl;inc;ipp;xsd</Extensions>
    </Filter>
    <Filter Include="Resource Files">
      <UniqueIdentifier>{67DA6AB6-F800-4c08-8B7A-83BB121AAD01}</UniqueIdentifier>
      <Extensions>rc;ico;cur;bmp;dlg;rc2;rct;bin;rgs;gif;jpg;jpeg;jpe;resx;tiff;tif;png;wav;mfcribbon-ms</Extensions>
    </Filter>
    <Filter Include="VS">
      <UniqueIdentifier>{66557d3a-76fd-440b-b40b-47953c7461f9}</UniqueIdentifier>
    </Filter>
    <Filter Include="PS">
      <UniqueIdentifier>{22eaeda5-a3b7-4472-973a-aba246b14a7c}</UniqueIdentifier>
    </Filter>
    <Filter Include="Common">
      <UniqueIdentifier>{edef287c-f05b-40e1-8d44-509fd39a277c}</UniqueIdentifier>
    </Filter>
    <Filter Include="GS">
      <UniqueIdentifier>{87fc63c0-7043-4178-8594-f9840e692f1c}</UniqueIdentifier>
    </Filter>
    <Filter Include="HS">
      <UniqueIdentifier>{44bd17a6-242f-41f5-aebb-d116e222b243}</UniqueIdentifier>
    </Filter>
    <Filter Include="DS">
      <UniqueIdentifier>{93384a60-fabe-4fe4-9e02-448db19cdd66}</UniqueIdentifier>
    </Filter>
    <Filter Include="CS">
      <UniqueIdentifier>{92aad852-1bb8-4115-8485-9988a942c5be}</UniqueIdentifier>
    </Filter>
  </ItemGroup>
  <ItemGroup>
    <FxCompile Include="VS\vsBillboard.hlsl">
      <Filter>VS</Filter>
    </FxCompile>
    <FxCompile Include="VS\vsBillboardInstancing.hlsl">
      <Filter>VS</Filter>
    </FxCompile>
    <FxCompile Include="VS\vsCubeMap.hlsl">
      <Filter>VS</Filter>
    </FxCompile>
    <FxCompile Include="VS\vsMeshClipPlane.hlsl">
      <Filter>VS</Filter>
    </FxCompile>
    <FxCompile Include="VS\vsMeshClipPlaneQuad.hlsl">
      <Filter>VS</Filter>
    </FxCompile>
    <FxCompile Include="VS\vsMeshDefault.hlsl">
      <Filter>VS</Filter>
    </FxCompile>
    <FxCompile Include="VS\vsMeshInstancing.hlsl">
      <Filter>VS</Filter>
    </FxCompile>
    <FxCompile Include="VS\vsMeshInstancingTessellation.hlsl">
      <Filter>VS</Filter>
    </FxCompile>
    <FxCompile Include="VS\vsMeshOutlinePass1.hlsl">
      <Filter>VS</Filter>
    </FxCompile>
    <FxCompile Include="VS\vsMeshOutlineScreenQuad.hlsl">
      <Filter>VS</Filter>
    </FxCompile>
    <FxCompile Include="VS\vsMeshShadow.hlsl">
      <Filter>VS</Filter>
    </FxCompile>
    <FxCompile Include="VS\vsMeshTessellation.hlsl">
      <Filter>VS</Filter>
    </FxCompile>
    <FxCompile Include="VS\vsMeshWireframe.hlsl">
      <Filter>VS</Filter>
    </FxCompile>
    <FxCompile Include="VS\vsParticle.hlsl">
      <Filter>VS</Filter>
    </FxCompile>
    <FxCompile Include="VS\vsPoint.hlsl">
      <Filter>VS</Filter>
    </FxCompile>
    <FxCompile Include="VS\vsPointShadow.hlsl">
      <Filter>VS</Filter>
    </FxCompile>
    <FxCompile Include="VS\vsScreenDup.hlsl">
      <Filter>VS</Filter>
    </FxCompile>
    <FxCompile Include="VS\vsScreenDupCursor.hlsl">
      <Filter>VS</Filter>
    </FxCompile>
    <FxCompile Include="VS\vsSkybox.hlsl">
      <Filter>VS</Filter>
    </FxCompile>
    <FxCompile Include="PS\psDepthStencilOnly.hlsl">
      <Filter>PS</Filter>
    </FxCompile>
    <FxCompile Include="PS\psDiffuseMap.hlsl">
      <Filter>PS</Filter>
    </FxCompile>
    <FxCompile Include="PS\psEffectBloomBlurHorizontal.hlsl">
      <Filter>PS</Filter>
    </FxCompile>
    <FxCompile Include="PS\psEffectBloomBlurVertical.hlsl">
      <Filter>PS</Filter>
    </FxCompile>
    <FxCompile Include="PS\psEffectBloomCombine.hlsl">
      <Filter>PS</Filter>
    </FxCompile>
    <FxCompile Include="PS\psEffectBloomExtract.hlsl">
      <Filter>PS</Filter>
    </FxCompile>
    <FxCompile Include="PS\psEffectGaussianBlurHorizontal.hlsl">
      <Filter>PS</Filter>
    </FxCompile>
    <FxCompile Include="PS\psEffectGaussianBlurVertical.hlsl">
      <Filter>PS</Filter>
    </FxCompile>
    <FxCompile Include="PS\psEffectMeshBorderHighlight.hlsl">
      <Filter>PS</Filter>
    </FxCompile>
    <FxCompile Include="PS\psEffectMeshXRay.hlsl">
      <Filter>PS</Filter>
    </FxCompile>
    <FxCompile Include="PS\psEffectOutlineQuad.hlsl">
      <Filter>PS</Filter>
    </FxCompile>
    <FxCompile Include="PS\psEffectOutlineQuadStencil.hlsl">
      <Filter>PS</Filter>
    </FxCompile>
    <FxCompile Include="PS\psEffectOutlineQualFinal.hlsl">
      <Filter>PS</Filter>
    </FxCompile>
    <FxCompile Include="PS\psFXAA.hlsl">
      <Filter>PS</Filter>
    </FxCompile>
    <FxCompile Include="PS\psLine.hlsl">
      <Filter>PS</Filter>
    </FxCompile>
    <FxCompile Include="PS\psLineColor.hlsl">
      <Filter>PS</Filter>
    </FxCompile>
    <FxCompile Include="PS\psLuma.hlsl">
      <Filter>PS</Filter>
    </FxCompile>
    <FxCompile Include="PS\psMeshBlinnPhong.hlsl">
      <Filter>PS</Filter>
    </FxCompile>
    <FxCompile Include="PS\psMeshBlinnPhongOIT.hlsl">
      <Filter>PS</Filter>
    </FxCompile>
    <FxCompile Include="PS\psMeshBlinnPhongOITQuad.hlsl">
      <Filter>PS</Filter>
    </FxCompile>
    <FxCompile Include="PS\psMeshClipPlaneBackface.hlsl">
      <Filter>PS</Filter>
    </FxCompile>
    <FxCompile Include="PS\psMeshClipPlaneQuad.hlsl">
      <Filter>PS</Filter>
    </FxCompile>
    <FxCompile Include="PS\psMeshXRay.hlsl">
      <Filter>PS</Filter>
    </FxCompile>
    <FxCompile Include="PS\psNormals.hlsl">
      <Filter>PS</Filter>
    </FxCompile>
    <FxCompile Include="PS\psParticle.hlsl">
      <Filter>PS</Filter>
    </FxCompile>
    <FxCompile Include="PS\psParticleOIT.hlsl">
      <Filter>PS</Filter>
    </FxCompile>
    <FxCompile Include="PS\psPoint.hlsl">
      <Filter>PS</Filter>
    </FxCompile>
    <FxCompile Include="PS\psPositions.hlsl">
      <Filter>PS</Filter>
    </FxCompile>
    <FxCompile Include="PS\psScreenDup.hlsl">
      <Filter>PS</Filter>
    </FxCompile>
    <FxCompile Include="PS\psShadow.hlsl">
      <Filter>PS</Filter>
    </FxCompile>
    <FxCompile Include="PS\psSkybox.hlsl">
      <Filter>PS</Filter>
    </FxCompile>
    <FxCompile Include="PS\psViewCube.hlsl">
      <Filter>PS</Filter>
    </FxCompile>
    <FxCompile Include="PS\psWireframe.hlsl">
      <Filter>PS</Filter>
    </FxCompile>
    <FxCompile Include="PS\psWireframeOIT.hlsl">
      <Filter>PS</Filter>
    </FxCompile>
    <FxCompile Include="PS\psBillboardText.hlsl">
      <Filter>PS</Filter>
    </FxCompile>
    <FxCompile Include="PS\psBillboardTextOIT.hlsl">
      <Filter>PS</Filter>
    </FxCompile>
    <FxCompile Include="PS\psColor.hlsl">
      <Filter>PS</Filter>
    </FxCompile>
    <FxCompile Include="PS\psCommon.hlsl">
      <Filter>PS</Filter>
    </FxCompile>
    <FxCompile Include="Common\Common.hlsl">
      <Filter>Common</Filter>
    </FxCompile>
    <FxCompile Include="Common\CommonBuffers.hlsl">
      <Filter>Common</Filter>
    </FxCompile>
    <FxCompile Include="Common\DataStructs.hlsl">
      <Filter>Common</Filter>
    </FxCompile>
    <FxCompile Include="CS\csParticleInsert.hlsl">
      <Filter>CS</Filter>
    </FxCompile>
    <FxCompile Include="CS\csParticleUpdate.hlsl">
      <Filter>CS</Filter>
    </FxCompile>
    <FxCompile Include="DS\dsMeshTriTessellation.hlsl">
      <Filter>DS</Filter>
    </FxCompile>
    <FxCompile Include="GS\gsBillboard.hlsl">
      <Filter>GS</Filter>
    </FxCompile>
    <FxCompile Include="GS\gsLine.hlsl">
      <Filter>GS</Filter>
    </FxCompile>
    <FxCompile Include="GS\gsParticle.hlsl">
      <Filter>GS</Filter>
    </FxCompile>
    <FxCompile Include="GS\gsPoint.hlsl">
      <Filter>GS</Filter>
    </FxCompile>
    <FxCompile Include="HS\hsMeshTriTessellation.hlsl">
      <Filter>HS</Filter>
    </FxCompile>
    <FxCompile Include="PS\psEffectMeshXRayGrid.hlsl">
      <Filter>PS</Filter>
    </FxCompile>
    <FxCompile Include="GS\gsMeshNormalVector.hlsl">
      <Filter>GS</Filter>
    </FxCompile>
    <FxCompile Include="PS\psMeshColorStripe.hlsl">
      <Filter>PS</Filter>
    </FxCompile>
    <FxCompile Include="PS\psEffectMeshDiffuseXRayGrid.hlsl">
      <Filter>PS</Filter>
    </FxCompile>
    <FxCompile Include="PS\psMeshDiffuseMapOIT.hlsl">
      <Filter>PS</Filter>
    </FxCompile>
    <FxCompile Include="VS\vsMeshBatched.hlsl">
      <Filter>VS</Filter>
    </FxCompile>
    <FxCompile Include="VS\vsMeshBatchedWireframe.hlsl">
      <Filter>VS</Filter>
    </FxCompile>
    <FxCompile Include="VS\vsMeshBatchedShadow.hlsl">
      <Filter>VS</Filter>
    </FxCompile>
    <FxCompile Include="GS\gsMeshSkinnedOut.hlsl">
      <Filter>GS</Filter>
    </FxCompile>
    <FxCompile Include="VS\vsBoneSkinningBasic.hlsl">
      <Filter>VS</Filter>
    </FxCompile>
    <FxCompile Include="PS\psPlaneGrid.hlsl">
      <Filter>PS</Filter>
    </FxCompile>
    <FxCompile Include="VS\vsPlaneGrid.hlsl">
      <Filter>VS</Filter>
    </FxCompile>
    <FxCompile Include="PS\psMeshPBR.hlsl">
      <Filter>PS</Filter>
    </FxCompile>
    <FxCompile Include="PS\psMeshPBROIT.hlsl">
      <Filter>PS</Filter>
    </FxCompile>
    <FxCompile Include="VS\vsScreenQuad.hlsl">
      <Filter>VS</Filter>
    </FxCompile>
  </ItemGroup>
</Project>