
Microsoft Visual Studio Solution File, Format Version 12.00
# Visual Studio 2012
Project("{FAE04EC0-301F-11D3-BF4B-00C04F79EFBC}") = "HelixToolkit.Wpf", "HelixToolkit.Wpf\HelixToolkit.Wpf.csproj", "{3F3B4548-A9DB-4874-86F7-E7C4FEC8A351}"
EndProject
Project("{2150E333-8FDC-42A3-9474-1A3956D46DE8}") = "Examples", "Examples", "{DFE2BBAB-8C33-4485-8307-F8AA186CDC71}"
EndProject
Project("{2150E333-8FDC-42A3-9474-1A3956D46DE8}") = "Kinect", "Kinect", "{3693451F-0611-4418-8A1E-648A68593CC6}"
EndProject
Project("{FAE04EC0-301F-11D3-BF4B-00C04F79EFBC}") = "DepthSensorDemo", "Examples\Kinect\DepthSensorDemo\DepthSensorDemo.csproj", "{CB9D8862-36B2-4C89-ADF5-256346450046}"
EndProject
Global
	GlobalSection(SolutionConfigurationPlatforms) = preSolution
		Debug|Any CPU = Debug|Any CPU
		Debug|Mixed Platforms = Debug|Mixed Platforms
		Debug|x86 = Debug|x86
		Release|Any CPU = Release|Any CPU
		Release|Mixed Platforms = Release|Mixed Platforms
		Release|x86 = Release|x86
	EndGlobalSection
	GlobalSection(ProjectConfigurationPlatforms) = postSolution
		{3F3B4548-A9DB-4874-86F7-E7C4FEC8A351}.Debug|Any CPU.ActiveCfg = Debug|Any CPU
		{3F3B4548-A9DB-4874-86F7-E7C4FEC8A351}.Debug|Any CPU.Build.0 = Debug|Any CPU
		{3F3B4548-A9DB-4874-86F7-E7C4FEC8A351}.Debug|Mixed Platforms.ActiveCfg = Debug|Any CPU
		{3F3B4548-A9DB-4874-86F7-E7C4FEC8A351}.Debug|Mixed Platforms.Build.0 = Debug|Any CPU
		{3F3B4548-A9DB-4874-86F7-E7C4FEC8A351}.Debug|x86.ActiveCfg = Debug|Any CPU
		{3F3B4548-A9DB-4874-86F7-E7C4FEC8A351}.Release|Any CPU.ActiveCfg = Release|Any CPU
		{3F3B4548-A9DB-4874-86F7-E7C4FEC8A351}.Release|Any CPU.Build.0 = Release|Any CPU
		{3F3B4548-A9DB-4874-86F7-E7C4FEC8A351}.Release|Mixed Platforms.ActiveCfg = Release|Any CPU
		{3F3B4548-A9DB-4874-86F7-E7C4FEC8A351}.Release|Mixed Platforms.Build.0 = Release|Any CPU
		{3F3B4548-A9DB-4874-86F7-E7C4FEC8A351}.Release|x86.ActiveCfg = Release|Any CPU
		{CB9D8862-36B2-4C89-ADF5-256346450046}.Debug|Any CPU.ActiveCfg = Debug|x86
		{CB9D8862-36B2-4C89-ADF5-256346450046}.Debug|Mixed Platforms.ActiveCfg = Debug|x86
		{CB9D8862-36B2-4C89-ADF5-256346450046}.Debug|Mixed Platforms.Build.0 = Debug|x86
		{CB9D8862-36B2-4C89-ADF5-256346450046}.Debug|x86.ActiveCfg = Debug|x86
		{CB9D8862-36B2-4C89-ADF5-256346450046}.Debug|x86.Build.0 = Debug|x86
		{CB9D8862-36B2-4C89-ADF5-256346450046}.Release|Any CPU.ActiveCfg = Release|x86
		{CB9D8862-36B2-4C89-ADF5-256346450046}.Release|Mixed Platforms.ActiveCfg = Release|x86
		{CB9D8862-36B2-4C89-ADF5-256346450046}.Release|Mixed Platforms.Build.0 = Release|x86
		{CB9D8862-36B2-4C89-ADF5-256346450046}.Release|x86.ActiveCfg = Release|x86
		{CB9D8862-36B2-4C89-ADF5-256346450046}.Release|x86.Build.0 = Release|x86
	EndGlobalSection
	GlobalSection(SolutionProperties) = preSolution
		HideSolutionNode = FALSE
	EndGlobalSection
	GlobalSection(NestedProjects) = preSolution
		{3693451F-0611-4418-8A1E-648A68593CC6} = {DFE2BBAB-8C33-4485-8307-F8AA186CDC71}
		{CB9D8862-36B2-4C89-ADF5-256346450046} = {3693451F-0611-4418-8A1E-648A68593CC6}
	EndGlobalSection
EndGlobal
