
Microsoft Visual Studio Solution File, Format Version 12.00
# Visual Studio 14
VisualStudioVersion = 14.0.23107.0
MinimumVisualStudioVersion = 10.0.40219.1
Project("{2150E333-8FDC-42A3-9474-1A3956D46DE8}") = "Examples", "Examples", "{A710CED9-33A6-42F1-8A09-55FEC57B6460}"
EndProject
Project("{FAE04EC0-301F-11D3-BF4B-00C04F79EFBC}") = "SimpleDemo", "Examples\WPF\SimpleDemo\SimpleDemo.csproj", "{B262B3C4-B4F7-4CD0-9055-62B271856078}"
EndProject
Project("{FAE04EC0-301F-11D3-BF4B-00C04F79EFBC}") = "SurfaceDemo", "Examples\WPF\SurfaceDemo\SurfaceDemo.csproj", "{CD249FE2-999C-4AC3-810D-C53ACB2A7DF3}"
EndProject
Project("{FAE04EC0-301F-11D3-BF4B-00C04F79EFBC}") = "HelixToolkit.Wpf.Tests", "HelixToolkit.Wpf.Tests\HelixToolkit.Wpf.Tests.csproj", "{F8082D12-91E7-403F-9294-9A7C2040B049}"
EndProject
Project("{FAE04EC0-301F-11D3-BF4B-00C04F79EFBC}") = "HelixToolkit.Wpf.Input", "HelixToolkit.Wpf.Input\HelixToolkit.Wpf.Input.csproj", "{20A2B996-7124-4783-AF5E-907EF7167881}"
EndProject
Project("{FAE04EC0-301F-11D3-BF4B-00C04F79EFBC}") = "HelixToolkit.Wpf", "HelixToolkit.Wpf\HelixToolkit.Wpf.csproj", "{3F3B4548-A9DB-4874-86F7-E7C4FEC8A351}"
EndProject
Project("{FAE04EC0-301F-11D3-BF4B-00C04F79EFBC}") = "PanoramaDemo", "Examples\WPF\PanoramaDemo\PanoramaDemo.csproj", "{E68C0BD5-316A-4546-9FFC-9722350E4467}"
EndProject
Project("{FAE04EC0-301F-11D3-BF4B-00C04F79EFBC}") = "SolarsystemDemo", "Examples\WPF\SolarsystemDemo\SolarsystemDemo.csproj", "{DFE51472-60CD-4F9C-8E52-47B250F58850}"
EndProject
Project("{2150E333-8FDC-42A3-9474-1A3956D46DE8}") = "Tools", "Tools", "{4EC16C60-5AFA-4854-82D9-FB1BF92C3812}"
EndProject
Project("{FAE04EC0-301F-11D3-BF4B-00C04F79EFBC}") = "BatchRender", "Tools\BatchRender\BatchRender.csproj", "{0DA2D747-B3FB-40A6-B8FF-0F8949A3E1BC}"
EndProject
Project("{FAE04EC0-301F-11D3-BF4B-00C04F79EFBC}") = "MvvmDemo", "Examples\WPF\MvvmDemo\MvvmDemo.csproj", "{47FC8A4C-86B6-4D9D-BE10-EE74F8B992BB}"
EndProject
Project("{FAE04EC0-301F-11D3-BF4B-00C04F79EFBC}") = "HippoDemo", "Examples\WPF\HippoDemo\HippoDemo.csproj", "{9DE53816-61FC-4D59-9351-B23D166CEAB4}"
EndProject
Project("{FAE04EC0-301F-11D3-BF4B-00C04F79EFBC}") = "ModelViewer", "Examples\WPF\ModelViewer\ModelViewer.csproj", "{AB6A4302-6B39-4606-874C-53CE263BB2A2}"
EndProject
Project("{FAE04EC0-301F-11D3-BF4B-00C04F79EFBC}") = "MemoryLeakTest", "Examples\WPF\MemoryLeakTest\MemoryLeakTest.csproj", "{8F52688E-5255-46C8-9506-CCC8E817C1E3}"
EndProject
Project("{FAE04EC0-301F-11D3-BF4B-00C04F79EFBC}") = "ExampleBrowser", "Examples\WPF\ExampleBrowser\ExampleBrowser.csproj", "{991A4C2B-D830-41CB-A810-047ADCF69219}"
EndProject
Project("{2150E333-8FDC-42A3-9474-1A3956D46DE8}") = "Wpf", "Wpf", "{848BE1AD-560A-4419-BD41-994A1A1CCF1F}"
EndProject
Project("{FAE04EC0-301F-11D3-BF4B-00C04F79EFBC}") = "MvvmManipulatorDemo", "Examples\WPF\MvvmManipulatorDemo\MvvmManipulatorDemo.csproj", "{6C9BF028-EDF1-49AC-B441-B886DD807E04}"
EndProject
Project("{FAE04EC0-301F-11D3-BF4B-00C04F79EFBC}") = "MvvmCameraDemo", "Examples\WPF\MvvmCameraDemo\MvvmCameraDemo.csproj", "{090771E2-3B20-4644-94F3-D128D8D41797}"
EndProject
Project("{FAE04EC0-301F-11D3-BF4B-00C04F79EFBC}") = "HelixToolkit", "HelixToolkit\HelixToolkit.csproj", "{7C0E987E-CC34-4B19-BA6B-B381AEABB530}"
EndProject
Project("{FAE04EC0-301F-11D3-BF4B-00C04F79EFBC}") = "HelixToolkit.Tests", "HelixToolkit.Tests\HelixToolkit.Tests.csproj", "{E86BB7C0-A453-4923-916C-1AA32FF068F9}"
EndProject
Global
	GlobalSection(SolutionConfigurationPlatforms) = preSolution
		Debug|Any CPU = Debug|Any CPU
		Debug|Mixed Platforms = Debug|Mixed Platforms
		Debug|x86 = Debug|x86
		Release|Any CPU = Release|Any CPU
		Release|Mixed Platforms = Release|Mixed Platforms
		Release|x86 = Release|x86
	EndGlobalSection
	GlobalSection(ProjectConfigurationPlatforms) = postSolution
		{B262B3C4-B4F7-4CD0-9055-62B271856078}.Debug|Any CPU.ActiveCfg = Debug|Any CPU
		{B262B3C4-B4F7-4CD0-9055-62B271856078}.Debug|Any CPU.Build.0 = Debug|Any CPU
		{B262B3C4-B4F7-4CD0-9055-62B271856078}.Debug|Mixed Platforms.ActiveCfg = Debug|Any CPU
		{B262B3C4-B4F7-4CD0-9055-62B271856078}.Debug|Mixed Platforms.Build.0 = Debug|Any CPU
		{B262B3C4-B4F7-4CD0-9055-62B271856078}.Debug|x86.ActiveCfg = Debug|Any CPU
		{B262B3C4-B4F7-4CD0-9055-62B271856078}.Release|Any CPU.ActiveCfg = Release|Any CPU
		{B262B3C4-B4F7-4CD0-9055-62B271856078}.Release|Any CPU.Build.0 = Release|Any CPU
		{B262B3C4-B4F7-4CD0-9055-62B271856078}.Release|Mixed Platforms.ActiveCfg = Release|Any CPU
		{B262B3C4-B4F7-4CD0-9055-62B271856078}.Release|Mixed Platforms.Build.0 = Release|Any CPU
		{B262B3C4-B4F7-4CD0-9055-62B271856078}.Release|x86.ActiveCfg = Release|Any CPU
		{CD249FE2-999C-4AC3-810D-C53ACB2A7DF3}.Debug|Any CPU.ActiveCfg = Debug|Any CPU
		{CD249FE2-999C-4AC3-810D-C53ACB2A7DF3}.Debug|Any CPU.Build.0 = Debug|Any CPU
		{CD249FE2-999C-4AC3-810D-C53ACB2A7DF3}.Debug|Mixed Platforms.ActiveCfg = Debug|Any CPU
		{CD249FE2-999C-4AC3-810D-C53ACB2A7DF3}.Debug|Mixed Platforms.Build.0 = Debug|Any CPU
		{CD249FE2-999C-4AC3-810D-C53ACB2A7DF3}.Debug|x86.ActiveCfg = Debug|Any CPU
		{CD249FE2-999C-4AC3-810D-C53ACB2A7DF3}.Release|Any CPU.ActiveCfg = Release|Any CPU
		{CD249FE2-999C-4AC3-810D-C53ACB2A7DF3}.Release|Any CPU.Build.0 = Release|Any CPU
		{CD249FE2-999C-4AC3-810D-C53ACB2A7DF3}.Release|Mixed Platforms.ActiveCfg = Release|Any CPU
		{CD249FE2-999C-4AC3-810D-C53ACB2A7DF3}.Release|Mixed Platforms.Build.0 = Release|Any CPU
		{CD249FE2-999C-4AC3-810D-C53ACB2A7DF3}.Release|x86.ActiveCfg = Release|Any CPU
		{F8082D12-91E7-403F-9294-9A7C2040B049}.Debug|Any CPU.ActiveCfg = Debug|Any CPU
		{F8082D12-91E7-403F-9294-9A7C2040B049}.Debug|Any CPU.Build.0 = Debug|Any CPU
		{F8082D12-91E7-403F-9294-9A7C2040B049}.Debug|Mixed Platforms.ActiveCfg = Debug|Any CPU
		{F8082D12-91E7-403F-9294-9A7C2040B049}.Debug|Mixed Platforms.Build.0 = Debug|Any CPU
		{F8082D12-91E7-403F-9294-9A7C2040B049}.Debug|x86.ActiveCfg = Debug|Any CPU
		{F8082D12-91E7-403F-9294-9A7C2040B049}.Release|Any CPU.ActiveCfg = Release|Any CPU
		{F8082D12-91E7-403F-9294-9A7C2040B049}.Release|Any CPU.Build.0 = Release|Any CPU
		{F8082D12-91E7-403F-9294-9A7C2040B049}.Release|Mixed Platforms.ActiveCfg = Release|Any CPU
		{F8082D12-91E7-403F-9294-9A7C2040B049}.Release|Mixed Platforms.Build.0 = Release|Any CPU
		{F8082D12-91E7-403F-9294-9A7C2040B049}.Release|x86.ActiveCfg = Release|Any CPU
		{20A2B996-7124-4783-AF5E-907EF7167881}.Debug|Any CPU.ActiveCfg = Debug|Any CPU
		{20A2B996-7124-4783-AF5E-907EF7167881}.Debug|Any CPU.Build.0 = Debug|Any CPU
		{20A2B996-7124-4783-AF5E-907EF7167881}.Debug|Mixed Platforms.ActiveCfg = Debug|Any CPU
		{20A2B996-7124-4783-AF5E-907EF7167881}.Debug|Mixed Platforms.Build.0 = Debug|Any CPU
		{20A2B996-7124-4783-AF5E-907EF7167881}.Debug|x86.ActiveCfg = Debug|Any CPU
		{20A2B996-7124-4783-AF5E-907EF7167881}.Release|Any CPU.ActiveCfg = Release|Any CPU
		{20A2B996-7124-4783-AF5E-907EF7167881}.Release|Any CPU.Build.0 = Release|Any CPU
		{20A2B996-7124-4783-AF5E-907EF7167881}.Release|Mixed Platforms.ActiveCfg = Release|Any CPU
		{20A2B996-7124-4783-AF5E-907EF7167881}.Release|Mixed Platforms.Build.0 = Release|Any CPU
		{20A2B996-7124-4783-AF5E-907EF7167881}.Release|x86.ActiveCfg = Release|Any CPU
		{3F3B4548-A9DB-4874-86F7-E7C4FEC8A351}.Debug|Any CPU.ActiveCfg = Debug|Any CPU
		{3F3B4548-A9DB-4874-86F7-E7C4FEC8A351}.Debug|Any CPU.Build.0 = Debug|Any CPU
		{3F3B4548-A9DB-4874-86F7-E7C4FEC8A351}.Debug|Mixed Platforms.ActiveCfg = Debug|Any CPU
		{3F3B4548-A9DB-4874-86F7-E7C4FEC8A351}.Debug|Mixed Platforms.Build.0 = Debug|Any CPU
		{3F3B4548-A9DB-4874-86F7-E7C4FEC8A351}.Debug|x86.ActiveCfg = Debug|Any CPU
		{3F3B4548-A9DB-4874-86F7-E7C4FEC8A351}.Release|Any CPU.ActiveCfg = Release|Any CPU
		{3F3B4548-A9DB-4874-86F7-E7C4FEC8A351}.Release|Any CPU.Build.0 = Release|Any CPU
		{3F3B4548-A9DB-4874-86F7-E7C4FEC8A351}.Release|Mixed Platforms.ActiveCfg = Release|Any CPU
		{3F3B4548-A9DB-4874-86F7-E7C4FEC8A351}.Release|Mixed Platforms.Build.0 = Release|Any CPU
		{3F3B4548-A9DB-4874-86F7-E7C4FEC8A351}.Release|x86.ActiveCfg = Release|Any CPU
		{E68C0BD5-316A-4546-9FFC-9722350E4467}.Debug|Any CPU.ActiveCfg = Debug|x86
		{E68C0BD5-316A-4546-9FFC-9722350E4467}.Debug|Any CPU.Build.0 = Debug|x86
		{E68C0BD5-316A-4546-9FFC-9722350E4467}.Debug|Mixed Platforms.ActiveCfg = Debug|x86
		{E68C0BD5-316A-4546-9FFC-9722350E4467}.Debug|Mixed Platforms.Build.0 = Debug|x86
		{E68C0BD5-316A-4546-9FFC-9722350E4467}.Debug|x86.ActiveCfg = Debug|x86
		{E68C0BD5-316A-4546-9FFC-9722350E4467}.Debug|x86.Build.0 = Debug|x86
		{E68C0BD5-316A-4546-9FFC-9722350E4467}.Release|Any CPU.ActiveCfg = Release|x86
		{E68C0BD5-316A-4546-9FFC-9722350E4467}.Release|Mixed Platforms.ActiveCfg = Release|x86
		{E68C0BD5-316A-4546-9FFC-9722350E4467}.Release|Mixed Platforms.Build.0 = Release|x86
		{E68C0BD5-316A-4546-9FFC-9722350E4467}.Release|x86.ActiveCfg = Release|x86
		{E68C0BD5-316A-4546-9FFC-9722350E4467}.Release|x86.Build.0 = Release|x86
		{DFE51472-60CD-4F9C-8E52-47B250F58850}.Debug|Any CPU.ActiveCfg = Debug|Any CPU
		{DFE51472-60CD-4F9C-8E52-47B250F58850}.Debug|Any CPU.Build.0 = Debug|Any CPU
		{DFE51472-60CD-4F9C-8E52-47B250F58850}.Debug|Mixed Platforms.ActiveCfg = Debug|Any CPU
		{DFE51472-60CD-4F9C-8E52-47B250F58850}.Debug|Mixed Platforms.Build.0 = Debug|Any CPU
		{DFE51472-60CD-4F9C-8E52-47B250F58850}.Debug|x86.ActiveCfg = Debug|Any CPU
		{DFE51472-60CD-4F9C-8E52-47B250F58850}.Release|Any CPU.ActiveCfg = Release|Any CPU
		{DFE51472-60CD-4F9C-8E52-47B250F58850}.Release|Any CPU.Build.0 = Release|Any CPU
		{DFE51472-60CD-4F9C-8E52-47B250F58850}.Release|Mixed Platforms.ActiveCfg = Release|Any CPU
		{DFE51472-60CD-4F9C-8E52-47B250F58850}.Release|Mixed Platforms.Build.0 = Release|Any CPU
		{DFE51472-60CD-4F9C-8E52-47B250F58850}.Release|x86.ActiveCfg = Release|Any CPU
		{0DA2D747-B3FB-40A6-B8FF-0F8949A3E1BC}.Debug|Any CPU.ActiveCfg = Debug|x86
		{0DA2D747-B3FB-40A6-B8FF-0F8949A3E1BC}.Debug|Mixed Platforms.ActiveCfg = Debug|x86
		{0DA2D747-B3FB-40A6-B8FF-0F8949A3E1BC}.Debug|Mixed Platforms.Build.0 = Debug|x86
		{0DA2D747-B3FB-40A6-B8FF-0F8949A3E1BC}.Debug|x86.ActiveCfg = Debug|x86
		{0DA2D747-B3FB-40A6-B8FF-0F8949A3E1BC}.Debug|x86.Build.0 = Debug|x86
		{0DA2D747-B3FB-40A6-B8FF-0F8949A3E1BC}.Release|Any CPU.ActiveCfg = Release|x86
		{0DA2D747-B3FB-40A6-B8FF-0F8949A3E1BC}.Release|Mixed Platforms.ActiveCfg = Release|x86
		{0DA2D747-B3FB-40A6-B8FF-0F8949A3E1BC}.Release|Mixed Platforms.Build.0 = Release|x86
		{0DA2D747-B3FB-40A6-B8FF-0F8949A3E1BC}.Release|x86.ActiveCfg = Release|x86
		{0DA2D747-B3FB-40A6-B8FF-0F8949A3E1BC}.Release|x86.Build.0 = Release|x86
		{47FC8A4C-86B6-4D9D-BE10-EE74F8B992BB}.Debug|Any CPU.ActiveCfg = Debug|x86
		{47FC8A4C-86B6-4D9D-BE10-EE74F8B992BB}.Debug|Any CPU.Build.0 = Debug|x86
		{47FC8A4C-86B6-4D9D-BE10-EE74F8B992BB}.Debug|Mixed Platforms.ActiveCfg = Debug|x86
		{47FC8A4C-86B6-4D9D-BE10-EE74F8B992BB}.Debug|Mixed Platforms.Build.0 = Debug|x86
		{47FC8A4C-86B6-4D9D-BE10-EE74F8B992BB}.Debug|x86.ActiveCfg = Debug|x86
		{47FC8A4C-86B6-4D9D-BE10-EE74F8B992BB}.Debug|x86.Build.0 = Debug|x86
		{47FC8A4C-86B6-4D9D-BE10-EE74F8B992BB}.Release|Any CPU.ActiveCfg = Release|x86
		{47FC8A4C-86B6-4D9D-BE10-EE74F8B992BB}.Release|Mixed Platforms.ActiveCfg = Release|x86
		{47FC8A4C-86B6-4D9D-BE10-EE74F8B992BB}.Release|Mixed Platforms.Build.0 = Release|x86
		{47FC8A4C-86B6-4D9D-BE10-EE74F8B992BB}.Release|x86.ActiveCfg = Release|x86
		{47FC8A4C-86B6-4D9D-BE10-EE74F8B992BB}.Release|x86.Build.0 = Release|x86
		{9DE53816-61FC-4D59-9351-B23D166CEAB4}.Debug|Any CPU.ActiveCfg = Debug|x86
		{9DE53816-61FC-4D59-9351-B23D166CEAB4}.Debug|Any CPU.Build.0 = Debug|x86
		{9DE53816-61FC-4D59-9351-B23D166CEAB4}.Debug|Mixed Platforms.ActiveCfg = Debug|x86
		{9DE53816-61FC-4D59-9351-B23D166CEAB4}.Debug|Mixed Platforms.Build.0 = Debug|x86
		{9DE53816-61FC-4D59-9351-B23D166CEAB4}.Debug|x86.ActiveCfg = Debug|x86
		{9DE53816-61FC-4D59-9351-B23D166CEAB4}.Debug|x86.Build.0 = Debug|x86
		{9DE53816-61FC-4D59-9351-B23D166CEAB4}.Release|Any CPU.ActiveCfg = Release|x86
		{9DE53816-61FC-4D59-9351-B23D166CEAB4}.Release|Mixed Platforms.ActiveCfg = Release|x86
		{9DE53816-61FC-4D59-9351-B23D166CEAB4}.Release|Mixed Platforms.Build.0 = Release|x86
		{9DE53816-61FC-4D59-9351-B23D166CEAB4}.Release|x86.ActiveCfg = Release|x86
		{9DE53816-61FC-4D59-9351-B23D166CEAB4}.Release|x86.Build.0 = Release|x86
		{AB6A4302-6B39-4606-874C-53CE263BB2A2}.Debug|Any CPU.ActiveCfg = Debug|Any CPU
		{AB6A4302-6B39-4606-874C-53CE263BB2A2}.Debug|Any CPU.Build.0 = Debug|Any CPU
		{AB6A4302-6B39-4606-874C-53CE263BB2A2}.Debug|Mixed Platforms.ActiveCfg = Debug|Any CPU
		{AB6A4302-6B39-4606-874C-53CE263BB2A2}.Debug|Mixed Platforms.Build.0 = Debug|Any CPU
		{AB6A4302-6B39-4606-874C-53CE263BB2A2}.Debug|x86.ActiveCfg = Debug|Any CPU
		{AB6A4302-6B39-4606-874C-53CE263BB2A2}.Release|Any CPU.ActiveCfg = Release|Any CPU
		{AB6A4302-6B39-4606-874C-53CE263BB2A2}.Release|Any CPU.Build.0 = Release|Any CPU
		{AB6A4302-6B39-4606-874C-53CE263BB2A2}.Release|Mixed Platforms.ActiveCfg = Release|Any CPU
		{AB6A4302-6B39-4606-874C-53CE263BB2A2}.Release|Mixed Platforms.Build.0 = Release|Any CPU
		{AB6A4302-6B39-4606-874C-53CE263BB2A2}.Release|x86.ActiveCfg = Release|Any CPU
		{8F52688E-5255-46C8-9506-CCC8E817C1E3}.Debug|Any CPU.ActiveCfg = Debug|x86
		{8F52688E-5255-46C8-9506-CCC8E817C1E3}.Debug|Any CPU.Build.0 = Debug|x86
		{8F52688E-5255-46C8-9506-CCC8E817C1E3}.Debug|Mixed Platforms.ActiveCfg = Debug|x86
		{8F52688E-5255-46C8-9506-CCC8E817C1E3}.Debug|Mixed Platforms.Build.0 = Debug|x86
		{8F52688E-5255-46C8-9506-CCC8E817C1E3}.Debug|x86.ActiveCfg = Debug|x86
		{8F52688E-5255-46C8-9506-CCC8E817C1E3}.Debug|x86.Build.0 = Debug|x86
		{8F52688E-5255-46C8-9506-CCC8E817C1E3}.Release|Any CPU.ActiveCfg = Release|x86
		{8F52688E-5255-46C8-9506-CCC8E817C1E3}.Release|Mixed Platforms.ActiveCfg = Release|x86
		{8F52688E-5255-46C8-9506-CCC8E817C1E3}.Release|Mixed Platforms.Build.0 = Release|x86
		{8F52688E-5255-46C8-9506-CCC8E817C1E3}.Release|x86.ActiveCfg = Release|x86
		{8F52688E-5255-46C8-9506-CCC8E817C1E3}.Release|x86.Build.0 = Release|x86
		{991A4C2B-D830-41CB-A810-047ADCF69219}.Debug|Any CPU.ActiveCfg = Debug|Any CPU
		{991A4C2B-D830-41CB-A810-047ADCF69219}.Debug|Any CPU.Build.0 = Debug|Any CPU
		{991A4C2B-D830-41CB-A810-047ADCF69219}.Debug|Mixed Platforms.ActiveCfg = Debug|Any CPU
		{991A4C2B-D830-41CB-A810-047ADCF69219}.Debug|Mixed Platforms.Build.0 = Debug|Any CPU
		{991A4C2B-D830-41CB-A810-047ADCF69219}.Debug|x86.ActiveCfg = Debug|Any CPU
		{991A4C2B-D830-41CB-A810-047ADCF69219}.Release|Any CPU.ActiveCfg = Release|Any CPU
		{991A4C2B-D830-41CB-A810-047ADCF69219}.Release|Any CPU.Build.0 = Release|Any CPU
		{991A4C2B-D830-41CB-A810-047ADCF69219}.Release|Mixed Platforms.ActiveCfg = Release|Any CPU
		{991A4C2B-D830-41CB-A810-047ADCF69219}.Release|Mixed Platforms.Build.0 = Release|Any CPU
		{991A4C2B-D830-41CB-A810-047ADCF69219}.Release|x86.ActiveCfg = Release|Any CPU
		{6C9BF028-EDF1-49AC-B441-B886DD807E04}.Debug|Any CPU.ActiveCfg = Debug|x86
		{6C9BF028-EDF1-49AC-B441-B886DD807E04}.Debug|Mixed Platforms.ActiveCfg = Debug|x86
		{6C9BF028-EDF1-49AC-B441-B886DD807E04}.Debug|Mixed Platforms.Build.0 = Debug|x86
		{6C9BF028-EDF1-49AC-B441-B886DD807E04}.Debug|x86.ActiveCfg = Debug|x86
		{6C9BF028-EDF1-49AC-B441-B886DD807E04}.Debug|x86.Build.0 = Debug|x86
		{6C9BF028-EDF1-49AC-B441-B886DD807E04}.Release|Any CPU.ActiveCfg = Release|x86
		{6C9BF028-EDF1-49AC-B441-B886DD807E04}.Release|Mixed Platforms.ActiveCfg = Release|x86
		{6C9BF028-EDF1-49AC-B441-B886DD807E04}.Release|Mixed Platforms.Build.0 = Release|x86
		{6C9BF028-EDF1-49AC-B441-B886DD807E04}.Release|x86.ActiveCfg = Release|x86
		{6C9BF028-EDF1-49AC-B441-B886DD807E04}.Release|x86.Build.0 = Release|x86
		{090771E2-3B20-4644-94F3-D128D8D41797}.Debug|Any CPU.ActiveCfg = Debug|x86
		{090771E2-3B20-4644-94F3-D128D8D41797}.Debug|Mixed Platforms.ActiveCfg = Debug|x86
		{090771E2-3B20-4644-94F3-D128D8D41797}.Debug|Mixed Platforms.Build.0 = Debug|x86
		{090771E2-3B20-4644-94F3-D128D8D41797}.Debug|x86.ActiveCfg = Debug|x86
		{090771E2-3B20-4644-94F3-D128D8D41797}.Debug|x86.Build.0 = Debug|x86
		{090771E2-3B20-4644-94F3-D128D8D41797}.Release|Any CPU.ActiveCfg = Release|x86
		{090771E2-3B20-4644-94F3-D128D8D41797}.Release|Mixed Platforms.ActiveCfg = Release|x86
		{090771E2-3B20-4644-94F3-D128D8D41797}.Release|Mixed Platforms.Build.0 = Release|x86
		{090771E2-3B20-4644-94F3-D128D8D41797}.Release|x86.ActiveCfg = Release|x86
		{090771E2-3B20-4644-94F3-D128D8D41797}.Release|x86.Build.0 = Release|x86
		{7C0E987E-CC34-4B19-BA6B-B381AEABB530}.Debug|Any CPU.ActiveCfg = Debug|Any CPU
		{7C0E987E-CC34-4B19-BA6B-B381AEABB530}.Debug|Any CPU.Build.0 = Debug|Any CPU
		{7C0E987E-CC34-4B19-BA6B-B381AEABB530}.Debug|Mixed Platforms.ActiveCfg = Debug|Any CPU
		{7C0E987E-CC34-4B19-BA6B-B381AEABB530}.Debug|Mixed Platforms.Build.0 = Debug|Any CPU
		{7C0E987E-CC34-4B19-BA6B-B381AEABB530}.Debug|x86.ActiveCfg = Debug|Any CPU
		{7C0E987E-CC34-4B19-BA6B-B381AEABB530}.Release|Any CPU.ActiveCfg = Release|Any CPU
		{7C0E987E-CC34-4B19-BA6B-B381AEABB530}.Release|Any CPU.Build.0 = Release|Any CPU
		{7C0E987E-CC34-4B19-BA6B-B381AEABB530}.Release|Mixed Platforms.ActiveCfg = Release|Any CPU
		{7C0E987E-CC34-4B19-BA6B-B381AEABB530}.Release|Mixed Platforms.Build.0 = Release|Any CPU
		{7C0E987E-CC34-4B19-BA6B-B381AEABB530}.Release|x86.ActiveCfg = Release|Any CPU
		{E86BB7C0-A453-4923-916C-1AA32FF068F9}.Debug|Any CPU.ActiveCfg = Debug|Any CPU
		{E86BB7C0-A453-4923-916C-1AA32FF068F9}.Debug|Any CPU.Build.0 = Debug|Any CPU
		{E86BB7C0-A453-4923-916C-1AA32FF068F9}.Debug|Mixed Platforms.ActiveCfg = Debug|Any CPU
		{E86BB7C0-A453-4923-916C-1AA32FF068F9}.Debug|Mixed Platforms.Build.0 = Debug|Any CPU
		{E86BB7C0-A453-4923-916C-1AA32FF068F9}.Debug|x86.ActiveCfg = Debug|Any CPU
		{E86BB7C0-A453-4923-916C-1AA32FF068F9}.Release|Any CPU.ActiveCfg = Release|Any CPU
		{E86BB7C0-A453-4923-916C-1AA32FF068F9}.Release|Any CPU.Build.0 = Release|Any CPU
		{E86BB7C0-A453-4923-916C-1AA32FF068F9}.Release|Mixed Platforms.ActiveCfg = Release|Any CPU
		{E86BB7C0-A453-4923-916C-1AA32FF068F9}.Release|Mixed Platforms.Build.0 = Release|Any CPU
		{E86BB7C0-A453-4923-916C-1AA32FF068F9}.Release|x86.ActiveCfg = Release|Any CPU
	EndGlobalSection
	GlobalSection(SolutionProperties) = preSolution
		HideSolutionNode = FALSE
	EndGlobalSection
	GlobalSection(NestedProjects) = preSolution
		{B262B3C4-B4F7-4CD0-9055-62B271856078} = {848BE1AD-560A-4419-BD41-994A1A1CCF1F}
		{CD249FE2-999C-4AC3-810D-C53ACB2A7DF3} = {848BE1AD-560A-4419-BD41-994A1A1CCF1F}
		{E68C0BD5-316A-4546-9FFC-9722350E4467} = {848BE1AD-560A-4419-BD41-994A1A1CCF1F}
		{DFE51472-60CD-4F9C-8E52-47B250F58850} = {848BE1AD-560A-4419-BD41-994A1A1CCF1F}
		{0DA2D747-B3FB-40A6-B8FF-0F8949A3E1BC} = {4EC16C60-5AFA-4854-82D9-FB1BF92C3812}
		{47FC8A4C-86B6-4D9D-BE10-EE74F8B992BB} = {848BE1AD-560A-4419-BD41-994A1A1CCF1F}
		{9DE53816-61FC-4D59-9351-B23D166CEAB4} = {848BE1AD-560A-4419-BD41-994A1A1CCF1F}
		{AB6A4302-6B39-4606-874C-53CE263BB2A2} = {848BE1AD-560A-4419-BD41-994A1A1CCF1F}
		{8F52688E-5255-46C8-9506-CCC8E817C1E3} = {848BE1AD-560A-4419-BD41-994A1A1CCF1F}
		{991A4C2B-D830-41CB-A810-047ADCF69219} = {848BE1AD-560A-4419-BD41-994A1A1CCF1F}
		{848BE1AD-560A-4419-BD41-994A1A1CCF1F} = {A710CED9-33A6-42F1-8A09-55FEC57B6460}
		{6C9BF028-EDF1-49AC-B441-B886DD807E04} = {848BE1AD-560A-4419-BD41-994A1A1CCF1F}
		{090771E2-3B20-4644-94F3-D128D8D41797} = {848BE1AD-560A-4419-BD41-994A1A1CCF1F}
	EndGlobalSection
EndGlobal
