
Microsoft Visual Studio Solution File, Format Version 12.00
# Visual Studio 15
VisualStudioVersion = 15.0.27130.2020
MinimumVisualStudioVersion = 10.0.40219.1
Project("{FAE04EC0-301F-11D3-BF4B-00C04F79EFBC}") = "HelixToolkit.Wpf.Tests", "HelixToolkit.Wpf.Tests\HelixToolkit.Wpf.Tests.csproj", "{F8082D12-91E7-403F-9294-9A7C2040B049}"
EndProject
Project("{FAE04EC0-301F-11D3-BF4B-00C04F79EFBC}") = "HelixToolkit.Wpf.Input", "HelixToolkit.Wpf.Input\HelixToolkit.Wpf.Input.csproj", "{20A2B996-7124-4783-AF5E-907EF7167881}"
EndProject
Project("{FAE04EC0-301F-11D3-BF4B-00C04F79EFBC}") = "HelixToolkit.Wpf", "HelixToolkit.Wpf\HelixToolkit.Wpf.csproj", "{3F3B4548-A9DB-4874-86F7-E7C4FEC8A351}"
EndProject
Project("{9A19103F-16F7-4668-BE54-9A1E7A4F7556}") = "HelixToolkit", "HelixToolkit\HelixToolkit.csproj", "{7C0E987E-CC34-4B19-BA6B-B381AEABB530}"
EndProject
Project("{FAE04EC0-301F-11D3-BF4B-00C04F79EFBC}") = "HelixToolkit.Tests", "HelixToolkit.Tests\HelixToolkit.Tests.csproj", "{E86BB7C0-A453-4923-916C-1AA32FF068F9}"
EndProject
Project("{FAE04EC0-301F-11D3-BF4B-00C04F79EFBC}") = "HelixToolkit.Wpf.SharpDX", "HelixToolkit.Wpf.SharpDX\HelixToolkit.Wpf.SharpDX.csproj", "{39740654-F5F1-4936-B4EA-9BC97D4CDE37}"
	ProjectSection(ProjectDependencies) = postProject
		{50F189FE-8DF0-4DA6-BA04-20AF1E7853DE} = {50F189FE-8DF0-4DA6-BA04-20AF1E7853DE}
	EndProjectSection
EndProject
Project("{FAE04EC0-301F-11D3-BF4B-00C04F79EFBC}") = "HelixToolkit.Wpf.SharpDX.Tests", "HelixToolkit.Wpf.SharpDX.Tests\HelixToolkit.Wpf.SharpDX.Tests.csproj", "{405C54C4-69F7-4F3D-A6BA-594346F42A2F}"
EndProject
Project("{2150E333-8FDC-42A3-9474-1A3956D46DE8}") = "Core", "Core", "{5F2C6C03-AF89-4165-AE33-FD016695602C}"
EndProject
Project("{2150E333-8FDC-42A3-9474-1A3956D46DE8}") = "WPF", "WPF", "{E90D6B11-D1F9-4810-806C-5C5F2EF2F353}"
EndProject
Project("{2150E333-8FDC-42A3-9474-1A3956D46DE8}") = "Shared", "Shared", "{284C6885-B948-4F73-9C7D-0C1279706663}"
EndProject
Project("{D954291E-2A0B-460D-934E-DC6B0785DB48}") = "HelixToolkit.Shared", "HelixToolkit.Shared\HelixToolkit.Shared.shproj", "{4EE18E80-7609-4FFF-BD4B-F02728EC0688}"
EndProject
Project("{D954291E-2A0B-460D-934E-DC6B0785DB48}") = "HelixToolkit.SharpDX.Shared", "HelixToolkit.SharpDX.Shared\HelixToolkit.SharpDX.Shared.shproj", "{1EAF532E-D750-497B-BB8F-EE85359C78A2}"
EndProject
Project("{2150E333-8FDC-42A3-9474-1A3956D46DE8}") = "SharpDX", "SharpDX", "{5730542A-FBE8-4176-B8C4-7FF801B27E99}"
EndProject
Project("{FAE04EC0-301F-11D3-BF4B-00C04F79EFBC}") = "HelixToolkit.UWP", "HelixToolkit.UWP\HelixToolkit.UWP.csproj", "{DFF2684C-87F4-4AD9-8BB6-F6827CA9176E}"
	ProjectSection(ProjectDependencies) = postProject
		{50F189FE-8DF0-4DA6-BA04-20AF1E7853DE} = {50F189FE-8DF0-4DA6-BA04-20AF1E7853DE}
	EndProjectSection
EndProject
Project("{9A19103F-16F7-4668-BE54-9A1E7A4F7556}") = "HelixToolkit.SharpDX.ShaderBuilder", "HelixToolkit.SharpDX.ShaderBuilder\HelixToolkit.SharpDX.ShaderBuilder.csproj", "{50F189FE-8DF0-4DA6-BA04-20AF1E7853DE}"
EndProject
Project("{9A19103F-16F7-4668-BE54-9A1E7A4F7556}") = "HelixToolkit.SharpDX.Core", "HelixToolkit.SharpDX.Core\HelixToolkit.SharpDX.Core.csproj", "{6F42EF68-A7E4-47CC-B7AA-2EB421902E75}"
EndProject
Global
	GlobalSection(SharedMSBuildProjectFiles) = preSolution
		HelixToolkit.SharpDX.Shared\HelixToolkit.SharpDX.Shared.projitems*{1eaf532e-d750-497b-bb8f-ee85359c78a2}*SharedItemsImports = 13
		HelixToolkit.Shared\HelixToolkit.Shared.projitems*{39740654-f5f1-4936-b4ea-9bc97d4cde37}*SharedItemsImports = 4
		HelixToolkit.SharpDX.SharedModel\HelixToolkit.SharpDX.SharedModel.projitems*{39740654-f5f1-4936-b4ea-9bc97d4cde37}*SharedItemsImports = 4
		HelixToolkit.SharpDX.Shared\HelixToolkit.SharpDX.Shared.projitems*{39740654-f5f1-4936-b4ea-9bc97d4cde37}*SharedItemsImports = 4
		HelixToolkit.Shared\HelixToolkit.Shared.projitems*{3f3b4548-a9db-4874-86f7-e7c4fec8a351}*SharedItemsImports = 4
		HelixToolkit.Shared\HelixToolkit.Shared.projitems*{4ee18e80-7609-4fff-bd4b-f02728ec0688}*SharedItemsImports = 13
		HelixToolkit.Shared\HelixToolkit.Shared.projitems*{dff2684c-87f4-4ad9-8bb6-f6827ca9176e}*SharedItemsImports = 4
		HelixToolkit.SharpDX.SharedModel\HelixToolkit.SharpDX.SharedModel.projitems*{dff2684c-87f4-4ad9-8bb6-f6827ca9176e}*SharedItemsImports = 4
		HelixToolkit.SharpDX.Shared\HelixToolkit.SharpDX.Shared.projitems*{dff2684c-87f4-4ad9-8bb6-f6827ca9176e}*SharedItemsImports = 4
	EndGlobalSection
	GlobalSection(SolutionConfigurationPlatforms) = preSolution
		Debug|Any CPU = Debug|Any CPU
		Debug|ARM = Debug|ARM
		Debug|Mixed Platforms = Debug|Mixed Platforms
		Debug|x64 = Debug|x64
		Debug|x86 = Debug|x86
		Release|Any CPU = Release|Any CPU
		Release|ARM = Release|ARM
		Release|Mixed Platforms = Release|Mixed Platforms
		Release|x64 = Release|x64
		Release|x86 = Release|x86
	EndGlobalSection
	GlobalSection(ProjectConfigurationPlatforms) = postSolution
		{F8082D12-91E7-403F-9294-9A7C2040B049}.Debug|Any CPU.ActiveCfg = Debug|Any CPU
		{F8082D12-91E7-403F-9294-9A7C2040B049}.Debug|Any CPU.Build.0 = Debug|Any CPU
		{F8082D12-91E7-403F-9294-9A7C2040B049}.Debug|ARM.ActiveCfg = Debug|Any CPU
		{F8082D12-91E7-403F-9294-9A7C2040B049}.Debug|ARM.Build.0 = Debug|Any CPU
		{F8082D12-91E7-403F-9294-9A7C2040B049}.Debug|Mixed Platforms.ActiveCfg = Debug|Any CPU
		{F8082D12-91E7-403F-9294-9A7C2040B049}.Debug|Mixed Platforms.Build.0 = Debug|Any CPU
		{F8082D12-91E7-403F-9294-9A7C2040B049}.Debug|x64.ActiveCfg = Debug|Any CPU
		{F8082D12-91E7-403F-9294-9A7C2040B049}.Debug|x64.Build.0 = Debug|Any CPU
		{F8082D12-91E7-403F-9294-9A7C2040B049}.Debug|x86.ActiveCfg = Debug|Any CPU
		{F8082D12-91E7-403F-9294-9A7C2040B049}.Debug|x86.Build.0 = Debug|Any CPU
		{F8082D12-91E7-403F-9294-9A7C2040B049}.Release|Any CPU.ActiveCfg = Release|Any CPU
		{F8082D12-91E7-403F-9294-9A7C2040B049}.Release|Any CPU.Build.0 = Release|Any CPU
		{F8082D12-91E7-403F-9294-9A7C2040B049}.Release|ARM.ActiveCfg = Release|Any CPU
		{F8082D12-91E7-403F-9294-9A7C2040B049}.Release|ARM.Build.0 = Release|Any CPU
		{F8082D12-91E7-403F-9294-9A7C2040B049}.Release|Mixed Platforms.ActiveCfg = Release|Any CPU
		{F8082D12-91E7-403F-9294-9A7C2040B049}.Release|Mixed Platforms.Build.0 = Release|Any CPU
		{F8082D12-91E7-403F-9294-9A7C2040B049}.Release|x64.ActiveCfg = Release|Any CPU
		{F8082D12-91E7-403F-9294-9A7C2040B049}.Release|x64.Build.0 = Release|Any CPU
		{F8082D12-91E7-403F-9294-9A7C2040B049}.Release|x86.ActiveCfg = Release|Any CPU
		{F8082D12-91E7-403F-9294-9A7C2040B049}.Release|x86.Build.0 = Release|Any CPU
		{20A2B996-7124-4783-AF5E-907EF7167881}.Debug|Any CPU.ActiveCfg = Debug|Any CPU
		{20A2B996-7124-4783-AF5E-907EF7167881}.Debug|Any CPU.Build.0 = Debug|Any CPU
		{20A2B996-7124-4783-AF5E-907EF7167881}.Debug|ARM.ActiveCfg = Debug|Any CPU
		{20A2B996-7124-4783-AF5E-907EF7167881}.Debug|ARM.Build.0 = Debug|Any CPU
		{20A2B996-7124-4783-AF5E-907EF7167881}.Debug|Mixed Platforms.ActiveCfg = Debug|Any CPU
		{20A2B996-7124-4783-AF5E-907EF7167881}.Debug|Mixed Platforms.Build.0 = Debug|Any CPU
		{20A2B996-7124-4783-AF5E-907EF7167881}.Debug|x64.ActiveCfg = Debug|Any CPU
		{20A2B996-7124-4783-AF5E-907EF7167881}.Debug|x64.Build.0 = Debug|Any CPU
		{20A2B996-7124-4783-AF5E-907EF7167881}.Debug|x86.ActiveCfg = Debug|Any CPU
		{20A2B996-7124-4783-AF5E-907EF7167881}.Debug|x86.Build.0 = Debug|Any CPU
		{20A2B996-7124-4783-AF5E-907EF7167881}.Release|Any CPU.ActiveCfg = Release|Any CPU
		{20A2B996-7124-4783-AF5E-907EF7167881}.Release|Any CPU.Build.0 = Release|Any CPU
		{20A2B996-7124-4783-AF5E-907EF7167881}.Release|ARM.ActiveCfg = Release|Any CPU
		{20A2B996-7124-4783-AF5E-907EF7167881}.Release|ARM.Build.0 = Release|Any CPU
		{20A2B996-7124-4783-AF5E-907EF7167881}.Release|Mixed Platforms.ActiveCfg = Release|Any CPU
		{20A2B996-7124-4783-AF5E-907EF7167881}.Release|Mixed Platforms.Build.0 = Release|Any CPU
		{20A2B996-7124-4783-AF5E-907EF7167881}.Release|x64.ActiveCfg = Release|Any CPU
		{20A2B996-7124-4783-AF5E-907EF7167881}.Release|x64.Build.0 = Release|Any CPU
		{20A2B996-7124-4783-AF5E-907EF7167881}.Release|x86.ActiveCfg = Release|Any CPU
		{20A2B996-7124-4783-AF5E-907EF7167881}.Release|x86.Build.0 = Release|Any CPU
		{3F3B4548-A9DB-4874-86F7-E7C4FEC8A351}.Debug|Any CPU.ActiveCfg = Debug|Any CPU
		{3F3B4548-A9DB-4874-86F7-E7C4FEC8A351}.Debug|Any CPU.Build.0 = Debug|Any CPU
		{3F3B4548-A9DB-4874-86F7-E7C4FEC8A351}.Debug|ARM.ActiveCfg = Debug|Any CPU
		{3F3B4548-A9DB-4874-86F7-E7C4FEC8A351}.Debug|ARM.Build.0 = Debug|Any CPU
		{3F3B4548-A9DB-4874-86F7-E7C4FEC8A351}.Debug|Mixed Platforms.ActiveCfg = Debug|Any CPU
		{3F3B4548-A9DB-4874-86F7-E7C4FEC8A351}.Debug|Mixed Platforms.Build.0 = Debug|Any CPU
		{3F3B4548-A9DB-4874-86F7-E7C4FEC8A351}.Debug|x64.ActiveCfg = Debug|Any CPU
		{3F3B4548-A9DB-4874-86F7-E7C4FEC8A351}.Debug|x64.Build.0 = Debug|Any CPU
		{3F3B4548-A9DB-4874-86F7-E7C4FEC8A351}.Debug|x86.ActiveCfg = Debug|Any CPU
		{3F3B4548-A9DB-4874-86F7-E7C4FEC8A351}.Debug|x86.Build.0 = Debug|Any CPU
		{3F3B4548-A9DB-4874-86F7-E7C4FEC8A351}.Release|Any CPU.ActiveCfg = Release|Any CPU
		{3F3B4548-A9DB-4874-86F7-E7C4FEC8A351}.Release|Any CPU.Build.0 = Release|Any CPU
		{3F3B4548-A9DB-4874-86F7-E7C4FEC8A351}.Release|ARM.ActiveCfg = Release|Any CPU
		{3F3B4548-A9DB-4874-86F7-E7C4FEC8A351}.Release|ARM.Build.0 = Release|Any CPU
		{3F3B4548-A9DB-4874-86F7-E7C4FEC8A351}.Release|Mixed Platforms.ActiveCfg = Release|Any CPU
		{3F3B4548-A9DB-4874-86F7-E7C4FEC8A351}.Release|Mixed Platforms.Build.0 = Release|Any CPU
		{3F3B4548-A9DB-4874-86F7-E7C4FEC8A351}.Release|x64.ActiveCfg = Release|Any CPU
		{3F3B4548-A9DB-4874-86F7-E7C4FEC8A351}.Release|x64.Build.0 = Release|Any CPU
		{3F3B4548-A9DB-4874-86F7-E7C4FEC8A351}.Release|x86.ActiveCfg = Release|Any CPU
		{3F3B4548-A9DB-4874-86F7-E7C4FEC8A351}.Release|x86.Build.0 = Release|Any CPU
		{7C0E987E-CC34-4B19-BA6B-B381AEABB530}.Debug|Any CPU.ActiveCfg = Debug|Any CPU
		{7C0E987E-CC34-4B19-BA6B-B381AEABB530}.Debug|Any CPU.Build.0 = Debug|Any CPU
		{7C0E987E-CC34-4B19-BA6B-B381AEABB530}.Debug|ARM.ActiveCfg = Debug|Any CPU
		{7C0E987E-CC34-4B19-BA6B-B381AEABB530}.Debug|ARM.Build.0 = Debug|Any CPU
		{7C0E987E-CC34-4B19-BA6B-B381AEABB530}.Debug|Mixed Platforms.ActiveCfg = Debug|Any CPU
		{7C0E987E-CC34-4B19-BA6B-B381AEABB530}.Debug|Mixed Platforms.Build.0 = Debug|Any CPU
		{7C0E987E-CC34-4B19-BA6B-B381AEABB530}.Debug|x64.ActiveCfg = Debug|Any CPU
		{7C0E987E-CC34-4B19-BA6B-B381AEABB530}.Debug|x64.Build.0 = Debug|Any CPU
		{7C0E987E-CC34-4B19-BA6B-B381AEABB530}.Debug|x86.ActiveCfg = Debug|Any CPU
		{7C0E987E-CC34-4B19-BA6B-B381AEABB530}.Debug|x86.Build.0 = Debug|Any CPU
		{7C0E987E-CC34-4B19-BA6B-B381AEABB530}.Release|Any CPU.ActiveCfg = Release|Any CPU
		{7C0E987E-CC34-4B19-BA6B-B381AEABB530}.Release|Any CPU.Build.0 = Release|Any CPU
		{7C0E987E-CC34-4B19-BA6B-B381AEABB530}.Release|ARM.ActiveCfg = Release|Any CPU
		{7C0E987E-CC34-4B19-BA6B-B381AEABB530}.Release|ARM.Build.0 = Release|Any CPU
		{7C0E987E-CC34-4B19-BA6B-B381AEABB530}.Release|Mixed Platforms.ActiveCfg = Release|Any CPU
		{7C0E987E-CC34-4B19-BA6B-B381AEABB530}.Release|Mixed Platforms.Build.0 = Release|Any CPU
		{7C0E987E-CC34-4B19-BA6B-B381AEABB530}.Release|x64.ActiveCfg = Release|Any CPU
		{7C0E987E-CC34-4B19-BA6B-B381AEABB530}.Release|x64.Build.0 = Release|Any CPU
		{7C0E987E-CC34-4B19-BA6B-B381AEABB530}.Release|x86.ActiveCfg = Release|Any CPU
		{7C0E987E-CC34-4B19-BA6B-B381AEABB530}.Release|x86.Build.0 = Release|Any CPU
		{E86BB7C0-A453-4923-916C-1AA32FF068F9}.Debug|Any CPU.ActiveCfg = Debug|Any CPU
		{E86BB7C0-A453-4923-916C-1AA32FF068F9}.Debug|Any CPU.Build.0 = Debug|Any CPU
		{E86BB7C0-A453-4923-916C-1AA32FF068F9}.Debug|ARM.ActiveCfg = Debug|Any CPU
		{E86BB7C0-A453-4923-916C-1AA32FF068F9}.Debug|ARM.Build.0 = Debug|Any CPU
		{E86BB7C0-A453-4923-916C-1AA32FF068F9}.Debug|Mixed Platforms.ActiveCfg = Debug|Any CPU
		{E86BB7C0-A453-4923-916C-1AA32FF068F9}.Debug|Mixed Platforms.Build.0 = Debug|Any CPU
		{E86BB7C0-A453-4923-916C-1AA32FF068F9}.Debug|x64.ActiveCfg = Debug|Any CPU
		{E86BB7C0-A453-4923-916C-1AA32FF068F9}.Debug|x64.Build.0 = Debug|Any CPU
		{E86BB7C0-A453-4923-916C-1AA32FF068F9}.Debug|x86.ActiveCfg = Debug|Any CPU
		{E86BB7C0-A453-4923-916C-1AA32FF068F9}.Debug|x86.Build.0 = Debug|Any CPU
		{E86BB7C0-A453-4923-916C-1AA32FF068F9}.Release|Any CPU.ActiveCfg = Release|Any CPU
		{E86BB7C0-A453-4923-916C-1AA32FF068F9}.Release|Any CPU.Build.0 = Release|Any CPU
		{E86BB7C0-A453-4923-916C-1AA32FF068F9}.Release|ARM.ActiveCfg = Release|Any CPU
		{E86BB7C0-A453-4923-916C-1AA32FF068F9}.Release|ARM.Build.0 = Release|Any CPU
		{E86BB7C0-A453-4923-916C-1AA32FF068F9}.Release|Mixed Platforms.ActiveCfg = Release|Any CPU
		{E86BB7C0-A453-4923-916C-1AA32FF068F9}.Release|Mixed Platforms.Build.0 = Release|Any CPU
		{E86BB7C0-A453-4923-916C-1AA32FF068F9}.Release|x64.ActiveCfg = Release|Any CPU
		{E86BB7C0-A453-4923-916C-1AA32FF068F9}.Release|x64.Build.0 = Release|Any CPU
		{E86BB7C0-A453-4923-916C-1AA32FF068F9}.Release|x86.ActiveCfg = Release|Any CPU
		{E86BB7C0-A453-4923-916C-1AA32FF068F9}.Release|x86.Build.0 = Release|Any CPU
		{39740654-F5F1-4936-B4EA-9BC97D4CDE37}.Debug|Any CPU.ActiveCfg = Debug|Any CPU
		{39740654-F5F1-4936-B4EA-9BC97D4CDE37}.Debug|Any CPU.Build.0 = Debug|Any CPU
		{39740654-F5F1-4936-B4EA-9BC97D4CDE37}.Debug|ARM.ActiveCfg = Debug|Any CPU
		{39740654-F5F1-4936-B4EA-9BC97D4CDE37}.Debug|ARM.Build.0 = Debug|Any CPU
		{39740654-F5F1-4936-B4EA-9BC97D4CDE37}.Debug|Mixed Platforms.ActiveCfg = Debug|Any CPU
		{39740654-F5F1-4936-B4EA-9BC97D4CDE37}.Debug|Mixed Platforms.Build.0 = Debug|Any CPU
		{39740654-F5F1-4936-B4EA-9BC97D4CDE37}.Debug|x64.ActiveCfg = Debug|Any CPU
		{39740654-F5F1-4936-B4EA-9BC97D4CDE37}.Debug|x64.Build.0 = Debug|Any CPU
		{39740654-F5F1-4936-B4EA-9BC97D4CDE37}.Debug|x86.ActiveCfg = Debug|Any CPU
		{39740654-F5F1-4936-B4EA-9BC97D4CDE37}.Debug|x86.Build.0 = Debug|Any CPU
		{39740654-F5F1-4936-B4EA-9BC97D4CDE37}.Release|Any CPU.ActiveCfg = Release|Any CPU
		{39740654-F5F1-4936-B4EA-9BC97D4CDE37}.Release|Any CPU.Build.0 = Release|Any CPU
		{39740654-F5F1-4936-B4EA-9BC97D4CDE37}.Release|ARM.ActiveCfg = Release|Any CPU
		{39740654-F5F1-4936-B4EA-9BC97D4CDE37}.Release|ARM.Build.0 = Release|Any CPU
		{39740654-F5F1-4936-B4EA-9BC97D4CDE37}.Release|Mixed Platforms.ActiveCfg = Release|Any CPU
		{39740654-F5F1-4936-B4EA-9BC97D4CDE37}.Release|Mixed Platforms.Build.0 = Release|Any CPU
		{39740654-F5F1-4936-B4EA-9BC97D4CDE37}.Release|x64.ActiveCfg = Release|Any CPU
		{39740654-F5F1-4936-B4EA-9BC97D4CDE37}.Release|x64.Build.0 = Release|Any CPU
		{39740654-F5F1-4936-B4EA-9BC97D4CDE37}.Release|x86.ActiveCfg = Release|Any CPU
		{39740654-F5F1-4936-B4EA-9BC97D4CDE37}.Release|x86.Build.0 = Release|Any CPU
		{405C54C4-69F7-4F3D-A6BA-594346F42A2F}.Debug|Any CPU.ActiveCfg = Debug|Any CPU
		{405C54C4-69F7-4F3D-A6BA-594346F42A2F}.Debug|Any CPU.Build.0 = Debug|Any CPU
		{405C54C4-69F7-4F3D-A6BA-594346F42A2F}.Debug|ARM.ActiveCfg = Debug|Any CPU
		{405C54C4-69F7-4F3D-A6BA-594346F42A2F}.Debug|ARM.Build.0 = Debug|Any CPU
		{405C54C4-69F7-4F3D-A6BA-594346F42A2F}.Debug|Mixed Platforms.ActiveCfg = Debug|Any CPU
		{405C54C4-69F7-4F3D-A6BA-594346F42A2F}.Debug|Mixed Platforms.Build.0 = Debug|Any CPU
		{405C54C4-69F7-4F3D-A6BA-594346F42A2F}.Debug|x64.ActiveCfg = Debug|Any CPU
		{405C54C4-69F7-4F3D-A6BA-594346F42A2F}.Debug|x64.Build.0 = Debug|Any CPU
		{405C54C4-69F7-4F3D-A6BA-594346F42A2F}.Debug|x86.ActiveCfg = Debug|Any CPU
		{405C54C4-69F7-4F3D-A6BA-594346F42A2F}.Debug|x86.Build.0 = Debug|Any CPU
		{405C54C4-69F7-4F3D-A6BA-594346F42A2F}.Release|Any CPU.ActiveCfg = Release|Any CPU
		{405C54C4-69F7-4F3D-A6BA-594346F42A2F}.Release|Any CPU.Build.0 = Release|Any CPU
		{405C54C4-69F7-4F3D-A6BA-594346F42A2F}.Release|ARM.ActiveCfg = Release|Any CPU
		{405C54C4-69F7-4F3D-A6BA-594346F42A2F}.Release|ARM.Build.0 = Release|Any CPU
		{405C54C4-69F7-4F3D-A6BA-594346F42A2F}.Release|Mixed Platforms.ActiveCfg = Release|Any CPU
		{405C54C4-69F7-4F3D-A6BA-594346F42A2F}.Release|Mixed Platforms.Build.0 = Release|Any CPU
		{405C54C4-69F7-4F3D-A6BA-594346F42A2F}.Release|x64.ActiveCfg = Release|Any CPU
		{405C54C4-69F7-4F3D-A6BA-594346F42A2F}.Release|x64.Build.0 = Release|Any CPU
		{405C54C4-69F7-4F3D-A6BA-594346F42A2F}.Release|x86.ActiveCfg = Release|Any CPU
		{405C54C4-69F7-4F3D-A6BA-594346F42A2F}.Release|x86.Build.0 = Release|Any CPU
		{DFF2684C-87F4-4AD9-8BB6-F6827CA9176E}.Debug|Any CPU.ActiveCfg = Debug|Any CPU
		{DFF2684C-87F4-4AD9-8BB6-F6827CA9176E}.Debug|Any CPU.Build.0 = Debug|Any CPU
		{DFF2684C-87F4-4AD9-8BB6-F6827CA9176E}.Debug|ARM.ActiveCfg = Debug|ARM
		{DFF2684C-87F4-4AD9-8BB6-F6827CA9176E}.Debug|ARM.Build.0 = Debug|ARM
		{DFF2684C-87F4-4AD9-8BB6-F6827CA9176E}.Debug|Mixed Platforms.ActiveCfg = Debug|x86
		{DFF2684C-87F4-4AD9-8BB6-F6827CA9176E}.Debug|Mixed Platforms.Build.0 = Debug|x86
		{DFF2684C-87F4-4AD9-8BB6-F6827CA9176E}.Debug|x64.ActiveCfg = Debug|x64
		{DFF2684C-87F4-4AD9-8BB6-F6827CA9176E}.Debug|x64.Build.0 = Debug|x64
		{DFF2684C-87F4-4AD9-8BB6-F6827CA9176E}.Debug|x86.ActiveCfg = Debug|x86
		{DFF2684C-87F4-4AD9-8BB6-F6827CA9176E}.Debug|x86.Build.0 = Debug|x86
		{DFF2684C-87F4-4AD9-8BB6-F6827CA9176E}.Release|Any CPU.ActiveCfg = Release|Any CPU
		{DFF2684C-87F4-4AD9-8BB6-F6827CA9176E}.Release|Any CPU.Build.0 = Release|Any CPU
		{DFF2684C-87F4-4AD9-8BB6-F6827CA9176E}.Release|ARM.ActiveCfg = Release|ARM
		{DFF2684C-87F4-4AD9-8BB6-F6827CA9176E}.Release|ARM.Build.0 = Release|ARM
		{DFF2684C-87F4-4AD9-8BB6-F6827CA9176E}.Release|Mixed Platforms.ActiveCfg = Release|x86
		{DFF2684C-87F4-4AD9-8BB6-F6827CA9176E}.Release|Mixed Platforms.Build.0 = Release|x86
		{DFF2684C-87F4-4AD9-8BB6-F6827CA9176E}.Release|x64.ActiveCfg = Release|x64
		{DFF2684C-87F4-4AD9-8BB6-F6827CA9176E}.Release|x64.Build.0 = Release|x64
		{DFF2684C-87F4-4AD9-8BB6-F6827CA9176E}.Release|x86.ActiveCfg = Release|x86
		{DFF2684C-87F4-4AD9-8BB6-F6827CA9176E}.Release|x86.Build.0 = Release|x86
		{50F189FE-8DF0-4DA6-BA04-20AF1E7853DE}.Debug|Any CPU.ActiveCfg = Debug|Any CPU
		{50F189FE-8DF0-4DA6-BA04-20AF1E7853DE}.Debug|Any CPU.Build.0 = Debug|Any CPU
		{50F189FE-8DF0-4DA6-BA04-20AF1E7853DE}.Debug|ARM.ActiveCfg = Debug|Any CPU
		{50F189FE-8DF0-4DA6-BA04-20AF1E7853DE}.Debug|ARM.Build.0 = Debug|Any CPU
		{50F189FE-8DF0-4DA6-BA04-20AF1E7853DE}.Debug|Mixed Platforms.ActiveCfg = Debug|Any CPU
		{50F189FE-8DF0-4DA6-BA04-20AF1E7853DE}.Debug|Mixed Platforms.Build.0 = Debug|Any CPU
		{50F189FE-8DF0-4DA6-BA04-20AF1E7853DE}.Debug|x64.ActiveCfg = Debug|Any CPU
		{50F189FE-8DF0-4DA6-BA04-20AF1E7853DE}.Debug|x64.Build.0 = Debug|Any CPU
		{50F189FE-8DF0-4DA6-BA04-20AF1E7853DE}.Debug|x86.ActiveCfg = Debug|Any CPU
		{50F189FE-8DF0-4DA6-BA04-20AF1E7853DE}.Debug|x86.Build.0 = Debug|Any CPU
		{50F189FE-8DF0-4DA6-BA04-20AF1E7853DE}.Release|Any CPU.ActiveCfg = Release|Any CPU
		{50F189FE-8DF0-4DA6-BA04-20AF1E7853DE}.Release|Any CPU.Build.0 = Release|Any CPU
		{50F189FE-8DF0-4DA6-BA04-20AF1E7853DE}.Release|ARM.ActiveCfg = Release|Any CPU
		{50F189FE-8DF0-4DA6-BA04-20AF1E7853DE}.Release|ARM.Build.0 = Release|Any CPU
		{50F189FE-8DF0-4DA6-BA04-20AF1E7853DE}.Release|Mixed Platforms.ActiveCfg = Release|Any CPU
		{50F189FE-8DF0-4DA6-BA04-20AF1E7853DE}.Release|Mixed Platforms.Build.0 = Release|Any CPU
		{50F189FE-8DF0-4DA6-BA04-20AF1E7853DE}.Release|x64.ActiveCfg = Release|Any CPU
		{50F189FE-8DF0-4DA6-BA04-20AF1E7853DE}.Release|x64.Build.0 = Release|Any CPU
		{50F189FE-8DF0-4DA6-BA04-20AF1E7853DE}.Release|x86.ActiveCfg = Release|Any CPU
		{50F189FE-8DF0-4DA6-BA04-20AF1E7853DE}.Release|x86.Build.0 = Release|Any CPU
		{6F42EF68-A7E4-47CC-B7AA-2EB421902E75}.Debug|Any CPU.ActiveCfg = Debug|Any CPU
		{6F42EF68-A7E4-47CC-B7AA-2EB421902E75}.Debug|Any CPU.Build.0 = Debug|Any CPU
		{6F42EF68-A7E4-47CC-B7AA-2EB421902E75}.Debug|ARM.ActiveCfg = Debug|Any CPU
		{6F42EF68-A7E4-47CC-B7AA-2EB421902E75}.Debug|ARM.Build.0 = Debug|Any CPU
		{6F42EF68-A7E4-47CC-B7AA-2EB421902E75}.Debug|Mixed Platforms.ActiveCfg = Debug|Any CPU
		{6F42EF68-A7E4-47CC-B7AA-2EB421902E75}.Debug|Mixed Platforms.Build.0 = Debug|Any CPU
		{6F42EF68-A7E4-47CC-B7AA-2EB421902E75}.Debug|x64.ActiveCfg = Debug|Any CPU
		{6F42EF68-A7E4-47CC-B7AA-2EB421902E75}.Debug|x64.Build.0 = Debug|Any CPU
		{6F42EF68-A7E4-47CC-B7AA-2EB421902E75}.Debug|x86.ActiveCfg = Debug|Any CPU
		{6F42EF68-A7E4-47CC-B7AA-2EB421902E75}.Debug|x86.Build.0 = Debug|Any CPU
		{6F42EF68-A7E4-47CC-B7AA-2EB421902E75}.Release|Any CPU.ActiveCfg = Release|Any CPU
		{6F42EF68-A7E4-47CC-B7AA-2EB421902E75}.Release|Any CPU.Build.0 = Release|Any CPU
		{6F42EF68-A7E4-47CC-B7AA-2EB421902E75}.Release|ARM.ActiveCfg = Release|Any CPU
		{6F42EF68-A7E4-47CC-B7AA-2EB421902E75}.Release|ARM.Build.0 = Release|Any CPU
		{6F42EF68-A7E4-47CC-B7AA-2EB421902E75}.Release|Mixed Platforms.ActiveCfg = Release|Any CPU
		{6F42EF68-A7E4-47CC-B7AA-2EB421902E75}.Release|Mixed Platforms.Build.0 = Release|Any CPU
		{6F42EF68-A7E4-47CC-B7AA-2EB421902E75}.Release|x64.ActiveCfg = Release|Any CPU
		{6F42EF68-A7E4-47CC-B7AA-2EB421902E75}.Release|x64.Build.0 = Release|Any CPU
		{6F42EF68-A7E4-47CC-B7AA-2EB421902E75}.Release|x86.ActiveCfg = Release|Any CPU
		{6F42EF68-A7E4-47CC-B7AA-2EB421902E75}.Release|x86.Build.0 = Release|Any CPU
	EndGlobalSection
	GlobalSection(SolutionProperties) = preSolution
		HideSolutionNode = FALSE
	EndGlobalSection
	GlobalSection(NestedProjects) = preSolution
		{F8082D12-91E7-403F-9294-9A7C2040B049} = {E90D6B11-D1F9-4810-806C-5C5F2EF2F353}
		{20A2B996-7124-4783-AF5E-907EF7167881} = {E90D6B11-D1F9-4810-806C-5C5F2EF2F353}
		{3F3B4548-A9DB-4874-86F7-E7C4FEC8A351} = {E90D6B11-D1F9-4810-806C-5C5F2EF2F353}
		{7C0E987E-CC34-4B19-BA6B-B381AEABB530} = {5F2C6C03-AF89-4165-AE33-FD016695602C}
		{E86BB7C0-A453-4923-916C-1AA32FF068F9} = {5F2C6C03-AF89-4165-AE33-FD016695602C}
		{39740654-F5F1-4936-B4EA-9BC97D4CDE37} = {5730542A-FBE8-4176-B8C4-7FF801B27E99}
		{405C54C4-69F7-4F3D-A6BA-594346F42A2F} = {5730542A-FBE8-4176-B8C4-7FF801B27E99}
		{4EE18E80-7609-4FFF-BD4B-F02728EC0688} = {284C6885-B948-4F73-9C7D-0C1279706663}
		{1EAF532E-D750-497B-BB8F-EE85359C78A2} = {5730542A-FBE8-4176-B8C4-7FF801B27E99}
		{DFF2684C-87F4-4AD9-8BB6-F6827CA9176E} = {5730542A-FBE8-4176-B8C4-7FF801B27E99}
		{50F189FE-8DF0-4DA6-BA04-20AF1E7853DE} = {5730542A-FBE8-4176-B8C4-7FF801B27E99}
		{6F42EF68-A7E4-47CC-B7AA-2EB421902E75} = {5730542A-FBE8-4176-B8C4-7FF801B27E99}
	EndGlobalSection
	GlobalSection(ExtensibilityGlobals) = postSolution
		SolutionGuid = {FDED8F31-C7C8-41E4-ACAC-293F326BAE9F}
	EndGlobalSection
EndGlobal
