
Microsoft Visual Studio Solution File, Format Version 12.00
# Visual Studio Version 17
VisualStudioVersion = 17.5.33103.201
MinimumVisualStudioVersion = 10.0.40219.1
Project("{2150E333-8FDC-42A3-9474-1A3956D46DE8}") = "Examples", "Examples", "{A710CED9-33A6-42F1-8A09-55FEC57B6460}"
EndProject
Project("{FAE04EC0-301F-11D3-BF4B-00C04F79EFBC}") = "SimpleDemo", "Examples\WPF\SimpleDemo\SimpleDemo.csproj", "{B262B3C4-B4F7-4CD0-9055-62B271856078}"
EndProject
Project("{FAE04EC0-301F-11D3-BF4B-00C04F79EFBC}") = "SurfaceDemo", "Examples\WPF\SurfaceDemo\SurfaceDemo.csproj", "{CD249FE2-999C-4AC3-810D-C53ACB2A7DF3}"
EndProject
Project("{FAE04EC0-301F-11D3-BF4B-00C04F79EFBC}") = "HelixToolkit.Wpf.Tests", "HelixToolkit.Wpf.Tests\HelixToolkit.Wpf.Tests.csproj", "{F8082D12-91E7-403F-9294-9A7C2040B049}"
EndProject
Project("{FAE04EC0-301F-11D3-BF4B-00C04F79EFBC}") = "HelixToolkit.Wpf.Input", "HelixToolkit.Wpf.Input\HelixToolkit.Wpf.Input.csproj", "{20A2B996-7124-4783-AF5E-907EF7167881}"
EndProject
Project("{FAE04EC0-301F-11D3-BF4B-00C04F79EFBC}") = "HelixToolkit.Wpf", "HelixToolkit.Wpf\HelixToolkit.Wpf.csproj", "{3F3B4548-A9DB-4874-86F7-E7C4FEC8A351}"
EndProject
Project("{FAE04EC0-301F-11D3-BF4B-00C04F79EFBC}") = "ExampleBrowser", "Examples\WPF\ExampleBrowser\ExampleBrowser.csproj", "{991A4C2B-D830-41CB-A810-047ADCF69219}"
EndProject
Project("{FAE04EC0-301F-11D3-BF4B-00C04F79EFBC}") = "HelixToolkit.Tests", "HelixToolkit.Tests\HelixToolkit.Tests.csproj", "{E86BB7C0-A453-4923-916C-1AA32FF068F9}"
EndProject
Project("{D954291E-2A0B-460D-934E-DC6B0785DB48}") = "HelixToolkit.Shared", "HelixToolkit.Shared\HelixToolkit.Shared.shproj", "{4EE18E80-7609-4FFF-BD4B-F02728EC0688}"
EndProject
Project("{D954291E-2A0B-460D-934E-DC6B0785DB48}") = "HelixToolkit.Wpf.Shared", "HelixToolkit.Wpf.Shared\HelixToolkit.Wpf.Shared.shproj", "{342788CD-C98C-4856-99F3-E38BCEACB2B7}"
EndProject
Global
	GlobalSection(SolutionConfigurationPlatforms) = preSolution
		Debug|Any CPU = Debug|Any CPU
		Release|Any CPU = Release|Any CPU
	EndGlobalSection
	GlobalSection(ProjectConfigurationPlatforms) = postSolution
		{B262B3C4-B4F7-4CD0-9055-62B271856078}.Debug|Any CPU.ActiveCfg = Debug|Any CPU
		{B262B3C4-B4F7-4CD0-9055-62B271856078}.Debug|Any CPU.Build.0 = Debug|Any CPU
		{B262B3C4-B4F7-4CD0-9055-62B271856078}.Release|Any CPU.ActiveCfg = Release|Any CPU
		{B262B3C4-B4F7-4CD0-9055-62B271856078}.Release|Any CPU.Build.0 = Release|Any CPU
		{CD249FE2-999C-4AC3-810D-C53ACB2A7DF3}.Debug|Any CPU.ActiveCfg = Debug|Any CPU
		{CD249FE2-999C-4AC3-810D-C53ACB2A7DF3}.Debug|Any CPU.Build.0 = Debug|Any CPU
		{CD249FE2-999C-4AC3-810D-C53ACB2A7DF3}.Release|Any CPU.ActiveCfg = Release|Any CPU
		{CD249FE2-999C-4AC3-810D-C53ACB2A7DF3}.Release|Any CPU.Build.0 = Release|Any CPU
		{F8082D12-91E7-403F-9294-9A7C2040B049}.Debug|Any CPU.ActiveCfg = Debug|Any CPU
		{F8082D12-91E7-403F-9294-9A7C2040B049}.Debug|Any CPU.Build.0 = Debug|Any CPU
		{F8082D12-91E7-403F-9294-9A7C2040B049}.Release|Any CPU.ActiveCfg = Release|Any CPU
		{F8082D12-91E7-403F-9294-9A7C2040B049}.Release|Any CPU.Build.0 = Release|Any CPU
		{20A2B996-7124-4783-AF5E-907EF7167881}.Debug|Any CPU.ActiveCfg = Debug|Any CPU
		{20A2B996-7124-4783-AF5E-907EF7167881}.Debug|Any CPU.Build.0 = Debug|Any CPU
		{20A2B996-7124-4783-AF5E-907EF7167881}.Release|Any CPU.ActiveCfg = Release|Any CPU
		{20A2B996-7124-4783-AF5E-907EF7167881}.Release|Any CPU.Build.0 = Release|Any CPU
		{3F3B4548-A9DB-4874-86F7-E7C4FEC8A351}.Debug|Any CPU.ActiveCfg = Debug|Any CPU
		{3F3B4548-A9DB-4874-86F7-E7C4FEC8A351}.Debug|Any CPU.Build.0 = Debug|Any CPU
		{3F3B4548-A9DB-4874-86F7-E7C4FEC8A351}.Release|Any CPU.ActiveCfg = Release|Any CPU
		{3F3B4548-A9DB-4874-86F7-E7C4FEC8A351}.Release|Any CPU.Build.0 = Release|Any CPU
		{991A4C2B-D830-41CB-A810-047ADCF69219}.Debug|Any CPU.ActiveCfg = Debug|Any CPU
		{991A4C2B-D830-41CB-A810-047ADCF69219}.Debug|Any CPU.Build.0 = Debug|Any CPU
		{991A4C2B-D830-41CB-A810-047ADCF69219}.Release|Any CPU.ActiveCfg = Release|Any CPU
		{991A4C2B-D830-41CB-A810-047ADCF69219}.Release|Any CPU.Build.0 = Release|Any CPU
		{E86BB7C0-A453-4923-916C-1AA32FF068F9}.Debug|Any CPU.ActiveCfg = Debug|Any CPU
		{E86BB7C0-A453-4923-916C-1AA32FF068F9}.Debug|Any CPU.Build.0 = Debug|Any CPU
		{E86BB7C0-A453-4923-916C-1AA32FF068F9}.Release|Any CPU.ActiveCfg = Release|Any CPU
		{E86BB7C0-A453-4923-916C-1AA32FF068F9}.Release|Any CPU.Build.0 = Release|Any CPU
	EndGlobalSection
	GlobalSection(SolutionProperties) = preSolution
		HideSolutionNode = FALSE
	EndGlobalSection
	GlobalSection(NestedProjects) = preSolution
		{B262B3C4-B4F7-4CD0-9055-62B271856078} = {A710CED9-33A6-42F1-8A09-55FEC57B6460}
		{CD249FE2-999C-4AC3-810D-C53ACB2A7DF3} = {A710CED9-33A6-42F1-8A09-55FEC57B6460}
		{991A4C2B-D830-41CB-A810-047ADCF69219} = {A710CED9-33A6-42F1-8A09-55FEC57B6460}
	EndGlobalSection
	GlobalSection(ExtensibilityGlobals) = postSolution
		SolutionGuid = {3A00A61D-9EFA-4B3E-868D-6E83FE71728C}
	EndGlobalSection
	GlobalSection(SharedMSBuildProjectFiles) = preSolution
		HelixToolkit.Wpf.Shared\HelixToolkit.Wpf.Shared.projitems*{342788cd-c98c-4856-99f3-e38bceacb2b7}*SharedItemsImports = 13
		HelixToolkit.Shared\HelixToolkit.Shared.projitems*{3f3b4548-a9db-4874-86f7-e7c4fec8a351}*SharedItemsImports = 4
		HelixToolkit.Wpf.Shared\HelixToolkit.Wpf.Shared.projitems*{3f3b4548-a9db-4874-86f7-e7c4fec8a351}*SharedItemsImports = 4
		HelixToolkit.Shared\HelixToolkit.Shared.projitems*{4ee18e80-7609-4fff-bd4b-f02728ec0688}*SharedItemsImports = 13
	EndGlobalSection
EndGlobal
