
Microsoft Visual Studio Solution File, Format Version 12.00
# Visual Studio 14
VisualStudioVersion = 14.0.23107.0
MinimumVisualStudioVersion = 10.0.40219.1
Project("{FAE04EC0-301F-11D3-BF4B-00C04F79EFBC}") = "HelixToolkit.Wpf.Input_NET40", "HelixToolkit.Wpf.Input\HelixToolkit.Wpf.Input_NET40.csproj", "{26FFEC80-5997-472C-9F58-1D9ECD45B70B}"
EndProject
Project("{FAE04EC0-301F-11D3-BF4B-00C04F79EFBC}") = "HelixToolkit.Wpf_NET40", "HelixToolkit.Wpf\HelixToolkit.Wpf_NET40.csproj", "{27ED13F0-C6B2-4ABA-A837-52F4775D5455}"
EndProject
Project("{2150E333-8FDC-42A3-9474-1A3956D46DE8}") = "Examples", "Examples", "{3C7DCAEE-CBFD-420F-9344-1812F1AA7169}"
EndProject
Project("{FAE04EC0-301F-11D3-BF4B-00C04F79EFBC}") = "ExampleBrowser_NET40", "Examples\WPF\ExampleBrowser\ExampleBrowser_NET40.csproj", "{991A4C2B-D830-41CB-A810-047ADCF69219}"
EndProject
Project("{FAE04EC0-301F-11D3-BF4B-00C04F79EFBC}") = "HelixToolkit", "HelixToolkit\HelixToolkit.csproj", "{7C0E987E-CC34-4B19-BA6B-B381AEABB530}"
EndProject
Global
	GlobalSection(SolutionConfigurationPlatforms) = preSolution
		Debug|Any CPU = Debug|Any CPU
		Debug|Mixed Platforms = Debug|Mixed Platforms
		Debug|x86 = Debug|x86
		Release|Any CPU = Release|Any CPU
		Release|Mixed Platforms = Release|Mixed Platforms
		Release|x86 = Release|x86
	EndGlobalSection
	GlobalSection(ProjectConfigurationPlatforms) = postSolution
		{26FFEC80-5997-472C-9F58-1D9ECD45B70B}.Debug|Any CPU.ActiveCfg = Debug|Any CPU
		{26FFEC80-5997-472C-9F58-1D9ECD45B70B}.Debug|Any CPU.Build.0 = Debug|Any CPU
		{26FFEC80-5997-472C-9F58-1D9ECD45B70B}.Debug|Mixed Platforms.ActiveCfg = Debug|Any CPU
		{26FFEC80-5997-472C-9F58-1D9ECD45B70B}.Debug|Mixed Platforms.Build.0 = Debug|Any CPU
		{26FFEC80-5997-472C-9F58-1D9ECD45B70B}.Debug|x86.ActiveCfg = Debug|Any CPU
		{26FFEC80-5997-472C-9F58-1D9ECD45B70B}.Release|Any CPU.ActiveCfg = Release|Any CPU
		{26FFEC80-5997-472C-9F58-1D9ECD45B70B}.Release|Any CPU.Build.0 = Release|Any CPU
		{26FFEC80-5997-472C-9F58-1D9ECD45B70B}.Release|Mixed Platforms.ActiveCfg = Release|Any CPU
		{26FFEC80-5997-472C-9F58-1D9ECD45B70B}.Release|Mixed Platforms.Build.0 = Release|Any CPU
		{26FFEC80-5997-472C-9F58-1D9ECD45B70B}.Release|x86.ActiveCfg = Release|Any CPU
		{27ED13F0-C6B2-4ABA-A837-52F4775D5455}.Debug|Any CPU.ActiveCfg = Debug|Any CPU
		{27ED13F0-C6B2-4ABA-A837-52F4775D5455}.Debug|Any CPU.Build.0 = Debug|Any CPU
		{27ED13F0-C6B2-4ABA-A837-52F4775D5455}.Debug|Mixed Platforms.ActiveCfg = Debug|Any CPU
		{27ED13F0-C6B2-4ABA-A837-52F4775D5455}.Debug|Mixed Platforms.Build.0 = Debug|Any CPU
		{27ED13F0-C6B2-4ABA-A837-52F4775D5455}.Debug|x86.ActiveCfg = Debug|Any CPU
		{27ED13F0-C6B2-4ABA-A837-52F4775D5455}.Release|Any CPU.ActiveCfg = Release|Any CPU
		{27ED13F0-C6B2-4ABA-A837-52F4775D5455}.Release|Any CPU.Build.0 = Release|Any CPU
		{27ED13F0-C6B2-4ABA-A837-52F4775D5455}.Release|Mixed Platforms.ActiveCfg = Release|Any CPU
		{27ED13F0-C6B2-4ABA-A837-52F4775D5455}.Release|Mixed Platforms.Build.0 = Release|Any CPU
		{27ED13F0-C6B2-4ABA-A837-52F4775D5455}.Release|x86.ActiveCfg = Release|Any CPU
		{991A4C2B-D830-41CB-A810-047ADCF69219}.Debug|Any CPU.ActiveCfg = Debug|Any CPU
		{991A4C2B-D830-41CB-A810-047ADCF69219}.Debug|Any CPU.Build.0 = Debug|Any CPU
		{991A4C2B-D830-41CB-A810-047ADCF69219}.Debug|Mixed Platforms.ActiveCfg = Debug|Any CPU
		{991A4C2B-D830-41CB-A810-047ADCF69219}.Debug|Mixed Platforms.Build.0 = Debug|Any CPU
		{991A4C2B-D830-41CB-A810-047ADCF69219}.Debug|x86.ActiveCfg = Debug|Any CPU
		{991A4C2B-D830-41CB-A810-047ADCF69219}.Release|Any CPU.ActiveCfg = Release|Any CPU
		{991A4C2B-D830-41CB-A810-047ADCF69219}.Release|Any CPU.Build.0 = Release|Any CPU
		{991A4C2B-D830-41CB-A810-047ADCF69219}.Release|Mixed Platforms.ActiveCfg = Release|Any CPU
		{991A4C2B-D830-41CB-A810-047ADCF69219}.Release|Mixed Platforms.Build.0 = Release|Any CPU
		{991A4C2B-D830-41CB-A810-047ADCF69219}.Release|x86.ActiveCfg = Release|Any CPU
		{7C0E987E-CC34-4B19-BA6B-B381AEABB530}.Debug|Any CPU.ActiveCfg = Debug|Any CPU
		{7C0E987E-CC34-4B19-BA6B-B381AEABB530}.Debug|Any CPU.Build.0 = Debug|Any CPU
		{7C0E987E-CC34-4B19-BA6B-B381AEABB530}.Debug|Mixed Platforms.ActiveCfg = Debug|Any CPU
		{7C0E987E-CC34-4B19-BA6B-B381AEABB530}.Debug|Mixed Platforms.Build.0 = Debug|Any CPU
		{7C0E987E-CC34-4B19-BA6B-B381AEABB530}.Debug|x86.ActiveCfg = Debug|Any CPU
		{7C0E987E-CC34-4B19-BA6B-B381AEABB530}.Release|Any CPU.ActiveCfg = Release|Any CPU
		{7C0E987E-CC34-4B19-BA6B-B381AEABB530}.Release|Any CPU.Build.0 = Release|Any CPU
		{7C0E987E-CC34-4B19-BA6B-B381AEABB530}.Release|Mixed Platforms.ActiveCfg = Release|Any CPU
		{7C0E987E-CC34-4B19-BA6B-B381AEABB530}.Release|Mixed Platforms.Build.0 = Release|Any CPU
		{7C0E987E-CC34-4B19-BA6B-B381AEABB530}.Release|x86.ActiveCfg = Release|Any CPU
	EndGlobalSection
	GlobalSection(SolutionProperties) = preSolution
		HideSolutionNode = FALSE
	EndGlobalSection
	GlobalSection(NestedProjects) = preSolution
		{991A4C2B-D830-41CB-A810-047ADCF69219} = {3C7DCAEE-CBFD-420F-9344-1812F1AA7169}
	EndGlobalSection
EndGlobal
