
Microsoft Visual Studio Solution File, Format Version 12.00
# Visual Studio 2013
VisualStudioVersion = 12.0.21005.1
MinimumVisualStudioVersion = 10.0.40219.1
Project("{2150E333-8FDC-42A3-9474-1A3956D46DE8}") = ".nuget", ".nuget", "{28817336-7865-4601-A72F-7ED7D738D8AE}"
	ProjectSection(SolutionItems) = preProject
		.nuget\NuGet.Config = .nuget\NuGet.Config
		.nuget\NuGet.exe = .nuget\NuGet.exe
		.nuget\NuGet.targets = .nuget\NuGet.targets
	EndProjectSection
EndProject
Project("{FAE04EC0-301F-11D3-BF4B-00C04F79EFBC}") = "HelixToolkit", "HelixToolkit\HelixToolkit.csproj", "{7C0E987E-CC34-4B19-BA6B-B381AEABB530}"
EndProject
Project("{FAE04EC0-301F-11D3-BF4B-00C04F79EFBC}") = "HelixToolkit.Wpf_NET40", "HelixToolkit.Wpf\HelixToolkit.Wpf_NET40.csproj", "{3F3B4548-A9DB-4874-86F7-E7C4FEC8A351}"
EndProject
Project("{FAE04EC0-301F-11D3-BF4B-00C04F79EFBC}") = "HelixToolkit.Wpf.SharpDX_NET40", "HelixToolkit.Wpf.SharpDX\HelixToolkit.Wpf.SharpDX_NET40.csproj", "{CA74AA61-AFF8-4AB3-AF41-6B9FF03EC73C}"
EndProject
Project("{FAE04EC0-301F-11D3-BF4B-00C04F79EFBC}") = "HelixToolkit.Tests", "HelixToolkit.Tests\HelixToolkit.Tests.csproj", "{E86BB7C0-A453-4923-916C-1AA32FF068F9}"
EndProject
Project("{FAE04EC0-301F-11D3-BF4B-00C04F79EFBC}") = "HelixToolkit.Wpf.SharpDX.Tests_NET40", "HelixToolkit.Wpf.SharpDX.Tests\HelixToolkit.Wpf.SharpDX.Tests_NET40.csproj", "{8F07154B-D0D8-4FC1-8D6F-A69024C3A3D3}"
EndProject
Project("{2150E333-8FDC-42A3-9474-1A3956D46DE8}") = "9 Examples", "9 Examples", "{C9AE8005-05A5-45CA-B575-30D9DE91176C}"
EndProject
Project("{2150E333-8FDC-42A3-9474-1A3956D46DE8}") = "1 Core", "1 Core", "{E75FDE69-A864-4337-BC80-FF133D9051DC}"
EndProject
Project("{2150E333-8FDC-42A3-9474-1A3956D46DE8}") = "2 WPF", "2 WPF", "{B8512F78-4574-44B3-9036-000362121EEE}"
EndProject
Project("{2150E333-8FDC-42A3-9474-1A3956D46DE8}") = "3 WPF+SharpDX", "3 WPF+SharpDX", "{34CF5456-03E5-4406-AF76-9B94C6F15BD2}"
EndProject
Global
	GlobalSection(SolutionConfigurationPlatforms) = preSolution
		Debug|Any CPU = Debug|Any CPU
		Release|Any CPU = Release|Any CPU
	EndGlobalSection
	GlobalSection(ProjectConfigurationPlatforms) = postSolution
		{7C0E987E-CC34-4B19-BA6B-B381AEABB530}.Debug|Any CPU.ActiveCfg = Debug|Any CPU
		{7C0E987E-CC34-4B19-BA6B-B381AEABB530}.Debug|Any CPU.Build.0 = Debug|Any CPU
		{7C0E987E-CC34-4B19-BA6B-B381AEABB530}.Release|Any CPU.ActiveCfg = Release|Any CPU
		{7C0E987E-CC34-4B19-BA6B-B381AEABB530}.Release|Any CPU.Build.0 = Release|Any CPU
		{3F3B4548-A9DB-4874-86F7-E7C4FEC8A351}.Debug|Any CPU.ActiveCfg = Debug|Any CPU
		{3F3B4548-A9DB-4874-86F7-E7C4FEC8A351}.Debug|Any CPU.Build.0 = Debug|Any CPU
		{3F3B4548-A9DB-4874-86F7-E7C4FEC8A351}.Release|Any CPU.ActiveCfg = Release|Any CPU
		{3F3B4548-A9DB-4874-86F7-E7C4FEC8A351}.Release|Any CPU.Build.0 = Release|Any CPU
		{CA74AA61-AFF8-4AB3-AF41-6B9FF03EC73C}.Debug|Any CPU.ActiveCfg = Debug|Any CPU
		{CA74AA61-AFF8-4AB3-AF41-6B9FF03EC73C}.Debug|Any CPU.Build.0 = Debug|Any CPU
		{CA74AA61-AFF8-4AB3-AF41-6B9FF03EC73C}.Release|Any CPU.ActiveCfg = Release|Any CPU
		{CA74AA61-AFF8-4AB3-AF41-6B9FF03EC73C}.Release|Any CPU.Build.0 = Release|Any CPU
		{E86BB7C0-A453-4923-916C-1AA32FF068F9}.Debug|Any CPU.ActiveCfg = Debug|Any CPU
		{E86BB7C0-A453-4923-916C-1AA32FF068F9}.Debug|Any CPU.Build.0 = Debug|Any CPU
		{E86BB7C0-A453-4923-916C-1AA32FF068F9}.Release|Any CPU.ActiveCfg = Release|Any CPU
		{E86BB7C0-A453-4923-916C-1AA32FF068F9}.Release|Any CPU.Build.0 = Release|Any CPU
		{8F07154B-D0D8-4FC1-8D6F-A69024C3A3D3}.Debug|Any CPU.ActiveCfg = Debug|Any CPU
		{8F07154B-D0D8-4FC1-8D6F-A69024C3A3D3}.Debug|Any CPU.Build.0 = Debug|Any CPU
		{8F07154B-D0D8-4FC1-8D6F-A69024C3A3D3}.Release|Any CPU.ActiveCfg = Release|Any CPU
		{8F07154B-D0D8-4FC1-8D6F-A69024C3A3D3}.Release|Any CPU.Build.0 = Release|Any CPU
	EndGlobalSection
	GlobalSection(SolutionProperties) = preSolution
		HideSolutionNode = FALSE
	EndGlobalSection
	GlobalSection(NestedProjects) = preSolution
		{7C0E987E-CC34-4B19-BA6B-B381AEABB530} = {E75FDE69-A864-4337-BC80-FF133D9051DC}
		{E86BB7C0-A453-4923-916C-1AA32FF068F9} = {E75FDE69-A864-4337-BC80-FF133D9051DC}
		{3F3B4548-A9DB-4874-86F7-E7C4FEC8A351} = {B8512F78-4574-44B3-9036-000362121EEE}
		{8F07154B-D0D8-4FC1-8D6F-A69024C3A3D3} = {34CF5456-03E5-4406-AF76-9B94C6F15BD2}
		{CA74AA61-AFF8-4AB3-AF41-6B9FF03EC73C} = {34CF5456-03E5-4406-AF76-9B94C6F15BD2}
	EndGlobalSection
EndGlobal
