
Microsoft Visual Studio Solution File, Format Version 12.00
# Visual Studio Version 16
VisualStudioVersion = 16.0.28803.352
MinimumVisualStudioVersion = 10.0.40219.1
Project("{D954291E-2A0B-460D-934E-DC6B0785DB48}") = "HelixToolkit.SharpDX.SharedModel", "HelixToolkit.SharpDX.SharedModel\HelixToolkit.SharpDX.SharedModel.shproj", "{1AEFCB64-E997-425A-8C84-DC93263CC4A7}"
EndProject
Project("{9A19103F-16F7-4668-BE54-9A1E7A4F7556}") = "HelixToolkit.SharpDX.Core.Wpf", "HelixToolkit.SharpDX.Core.Wpf\HelixToolkit.SharpDX.Core.Wpf.csproj", "{621C7C6F-31E6-4FB9-98E0-393FDEC72D4B}"
EndProject
Project("{9A19103F-16F7-4668-BE54-9A1E7A4F7556}") = "HelixToolkit.SharpDX.Core", "HelixToolkit.SharpDX.Core\HelixToolkit.SharpDX.Core.csproj", "{56C44DDB-65DF-44BA-86E3-DE4BE7A75C65}"
EndProject
Project("{D954291E-2A0B-460D-934E-DC6B0785DB48}") = "HelixToolkit.SharpDX.Shared", "HelixToolkit.SharpDX.Shared\HelixToolkit.SharpDX.Shared.shproj", "{1EAF532E-D750-497B-BB8F-EE85359C78A2}"
EndProject
Project("{D954291E-2A0B-460D-934E-DC6B0785DB48}") = "HelixToolkit.Shared", "HelixToolkit.Shared\HelixToolkit.Shared.shproj", "{4EE18E80-7609-4FFF-BD4B-F02728EC0688}"
EndProject
Project("{D954291E-2A0B-460D-934E-DC6B0785DB48}") = "HelixToolkit.Wpf.SharpDX.Shared", "HelixToolkit.Wpf.SharpDX.Shared\HelixToolkit.Wpf.SharpDX.Shared.shproj", "{1BD60704-10F4-45EF-AC5C-083350B3012B}"
EndProject
Project("{9A19103F-16F7-4668-BE54-9A1E7A4F7556}") = "HelixToolkit.SharpDX.Core.Assimp", "HelixToolkit.SharpDX.Core.Assimp\HelixToolkit.SharpDX.Core.Assimp.csproj", "{D3A4BAC2-EB58-4EB0-BD9D-CC76CB92B14D}"
EndProject
Project("{D954291E-2A0B-460D-934E-DC6B0785DB48}") = "HelixToolkit.SharpDX.Assimp.Shared", "HelixToolkit.SharpDX.Assimp.Shared\HelixToolkit.SharpDX.Assimp.Shared.shproj", "{C52E7A98-EB0E-4084-83AD-8FF5C6E1121D}"
EndProject
Project("{9A19103F-16F7-4668-BE54-9A1E7A4F7556}") = "CoreWpfTest", "Examples\SharpDX.Core\CoreWpfTest\CoreWpfTest.csproj", "{55DFC7AA-D57D-4537-BD70-75546E70DC80}"
EndProject
Global
	GlobalSection(SharedMSBuildProjectFiles) = preSolution
		HelixToolkit.SharpDX.SharedModel\HelixToolkit.SharpDX.SharedModel.projitems*{1aefcb64-e997-425a-8c84-dc93263cc4a7}*SharedItemsImports = 13
		HelixToolkit.Wpf.SharpDX.Shared\HelixToolkit.Wpf.SharpDX.Shared.projitems*{1bd60704-10f4-45ef-ac5c-083350b3012b}*SharedItemsImports = 13
		HelixToolkit.SharpDX.Shared\HelixToolkit.SharpDX.Shared.projitems*{1eaf532e-d750-497b-bb8f-ee85359c78a2}*SharedItemsImports = 13
		HelixToolkit.Shared\HelixToolkit.Shared.projitems*{4ee18e80-7609-4fff-bd4b-f02728ec0688}*SharedItemsImports = 13
		HelixToolkit.Shared\HelixToolkit.Shared.projitems*{56c44ddb-65df-44ba-86e3-de4be7a75c65}*SharedItemsImports = 5
		HelixToolkit.SharpDX.Shared\HelixToolkit.SharpDX.Shared.projitems*{56c44ddb-65df-44ba-86e3-de4be7a75c65}*SharedItemsImports = 5
		HelixToolkit.SharpDX.SharedModel\HelixToolkit.SharpDX.SharedModel.projitems*{621c7c6f-31e6-4fb9-98e0-393fdec72d4b}*SharedItemsImports = 5
		HelixToolkit.Wpf.SharpDX.Shared\HelixToolkit.Wpf.SharpDX.Shared.projitems*{621c7c6f-31e6-4fb9-98e0-393fdec72d4b}*SharedItemsImports = 5
		HelixToolkit.SharpDX.Assimp.Shared\HelixToolkit.SharpDX.Assimp.Shared.projitems*{c52e7a98-eb0e-4084-83ad-8ff5c6e1121d}*SharedItemsImports = 13
		HelixToolkit.SharpDX.Assimp.Shared\HelixToolkit.SharpDX.Assimp.Shared.projitems*{d3a4bac2-eb58-4eb0-bd9d-cc76cb92b14d}*SharedItemsImports = 5
	EndGlobalSection
	GlobalSection(SolutionConfigurationPlatforms) = preSolution
		Debug|Any CPU = Debug|Any CPU
		Release|Any CPU = Release|Any CPU
	EndGlobalSection
	GlobalSection(ProjectConfigurationPlatforms) = postSolution
		{621C7C6F-31E6-4FB9-98E0-393FDEC72D4B}.Debug|Any CPU.ActiveCfg = Debug|Any CPU
		{621C7C6F-31E6-4FB9-98E0-393FDEC72D4B}.Debug|Any CPU.Build.0 = Debug|Any CPU
		{621C7C6F-31E6-4FB9-98E0-393FDEC72D4B}.Release|Any CPU.ActiveCfg = Release|Any CPU
		{621C7C6F-31E6-4FB9-98E0-393FDEC72D4B}.Release|Any CPU.Build.0 = Release|Any CPU
		{56C44DDB-65DF-44BA-86E3-DE4BE7A75C65}.Debug|Any CPU.ActiveCfg = Debug|Any CPU
		{56C44DDB-65DF-44BA-86E3-DE4BE7A75C65}.Debug|Any CPU.Build.0 = Debug|Any CPU
		{56C44DDB-65DF-44BA-86E3-DE4BE7A75C65}.Release|Any CPU.ActiveCfg = Release|Any CPU
		{56C44DDB-65DF-44BA-86E3-DE4BE7A75C65}.Release|Any CPU.Build.0 = Release|Any CPU
		{D3A4BAC2-EB58-4EB0-BD9D-CC76CB92B14D}.Debug|Any CPU.ActiveCfg = Debug|Any CPU
		{D3A4BAC2-EB58-4EB0-BD9D-CC76CB92B14D}.Debug|Any CPU.Build.0 = Debug|Any CPU
		{D3A4BAC2-EB58-4EB0-BD9D-CC76CB92B14D}.Release|Any CPU.ActiveCfg = Release|Any CPU
		{D3A4BAC2-EB58-4EB0-BD9D-CC76CB92B14D}.Release|Any CPU.Build.0 = Release|Any CPU
		{55DFC7AA-D57D-4537-BD70-75546E70DC80}.Debug|Any CPU.ActiveCfg = Debug|Any CPU
		{55DFC7AA-D57D-4537-BD70-75546E70DC80}.Debug|Any CPU.Build.0 = Debug|Any CPU
		{55DFC7AA-D57D-4537-BD70-75546E70DC80}.Release|Any CPU.ActiveCfg = Release|Any CPU
		{55DFC7AA-D57D-4537-BD70-75546E70DC80}.Release|Any CPU.Build.0 = Release|Any CPU
	EndGlobalSection
	GlobalSection(SolutionProperties) = preSolution
		HideSolutionNode = FALSE
	EndGlobalSection
	GlobalSection(ExtensibilityGlobals) = postSolution
		SolutionGuid = {942A9132-1C99-420C-AE4B-0377A38FF06A}
	EndGlobalSection
EndGlobal
