
Microsoft Visual Studio Solution File, Format Version 12.00
# Visual Studio 14
VisualStudioVersion = 14.0.23107.0
MinimumVisualStudioVersion = 10.0.40219.1
Project("{FAE04EC0-301F-11D3-BF4B-00C04F79EFBC}") = "HelixToolkit", "HelixToolkit\HelixToolkit.csproj", "{7C0E987E-CC34-4B19-BA6B-B381AEABB530}"
EndProject
Project("{FAE04EC0-301F-11D3-BF4B-00C04F79EFBC}") = "HelixToolkit.Tests", "HelixToolkit.Tests\HelixToolkit.Tests.csproj", "{E86BB7C0-A453-4923-916C-1AA32FF068F9}"
EndProject
Project("{FAE04EC0-301F-11D3-BF4B-00C04F79EFBC}") = "HelixToolkit.Wpf", "HelixToolkit.Wpf\HelixToolkit.Wpf.csproj", "{3F3B4548-A9DB-4874-86F7-E7C4FEC8A351}"
EndProject
Project("{FAE04EC0-301F-11D3-BF4B-00C04F79EFBC}") = "HelixToolkit.Wpf.SharpDX", "HelixToolkit.Wpf.SharpDX\HelixToolkit.Wpf.SharpDX.csproj", "{39740654-F5F1-4936-B4EA-9BC97D4CDE37}"
EndProject
Project("{FAE04EC0-301F-11D3-BF4B-00C04F79EFBC}") = "HelixToolkit.Wpf.SharpDX.Tests", "HelixToolkit.Wpf.SharpDX.Tests\HelixToolkit.Wpf.SharpDX.Tests.csproj", "{405C54C4-69F7-4F3D-A6BA-594346F42A2F}"
EndProject
Project("{2150E333-8FDC-42A3-9474-1A3956D46DE8}") = "Examples", "Examples", "{93A5184E-0275-4A75-9C9A-9516AE9634DD}"
EndProject
Project("{FAE04EC0-301F-11D3-BF4B-00C04F79EFBC}") = "DeferredShadingDemo", "Examples\WPF.SharpDX\DeferredShadingDemo\DeferredShadingDemo.csproj", "{8E85B044-A3CD-4781-B65F-81B79DD0D2FE}"
EndProject
Project("{FAE04EC0-301F-11D3-BF4B-00C04F79EFBC}") = "DemoCore", "Examples\WPF.SharpDX\DemoCore\DemoCore.csproj", "{B475C12B-80F9-4BC0-88E5-815C88593BEE}"
EndProject
Project("{FAE04EC0-301F-11D3-BF4B-00C04F79EFBC}") = "EnvironmentMapDemo", "Examples\WPF.SharpDX\EnvironmentMapDemo\EnvironmentMapDemo.csproj", "{82D01A4F-51B2-4771-B6F2-EDC6240159E3}"
EndProject
Project("{FAE04EC0-301F-11D3-BF4B-00C04F79EFBC}") = "ImageViewDemo", "Examples\WPF.SharpDX\ImageViewDemo\ImageViewDemo.csproj", "{1C8BB886-9619-4D18-8D09-AD6A3E3506FD}"
EndProject
Project("{FAE04EC0-301F-11D3-BF4B-00C04F79EFBC}") = "InstancingDemo", "Examples\WPF.SharpDX\InstancingDemo\InstancingDemo.csproj", "{58309989-DC5D-486E-99F2-245E84DC8D7F}"
EndProject
Project("{FAE04EC0-301F-11D3-BF4B-00C04F79EFBC}") = "LightingDemo", "Examples\WPF.SharpDX\LightingDemo\LightingDemo.csproj", "{8CE35F6D-C06D-4045-A2C1-7F1795B62811}"
EndProject
Project("{FAE04EC0-301F-11D3-BF4B-00C04F79EFBC}") = "LineShadingDemo", "Examples\WPF.SharpDX\LineShadingDemo\LineShadingDemo.csproj", "{BC976236-A1A1-4E44-8101-17823EA7C945}"
EndProject
Project("{FAE04EC0-301F-11D3-BF4B-00C04F79EFBC}") = "ManipulatorDemo", "Examples\WPF.SharpDX\ManipulatorDemo\ManipulatorDemo.csproj", "{84F9C577-C2CE-4719-A5BE-7C4985FE7A46}"
EndProject
Project("{FAE04EC0-301F-11D3-BF4B-00C04F79EFBC}") = "MouseDragDemo", "Examples\WPF.SharpDX\MouseDragDemo\MouseDragDemo.csproj", "{734192F0-18E9-4A8F-8328-9215928ACE1A}"
EndProject
Project("{FAE04EC0-301F-11D3-BF4B-00C04F79EFBC}") = "ShadowMapDemo", "Examples\WPF.SharpDX\ShadowMapDemo\ShadowMapDemo.csproj", "{D9C22065-B07A-432C-B319-87BCE640600C}"
EndProject
Project("{FAE04EC0-301F-11D3-BF4B-00C04F79EFBC}") = "SimpleDemo", "Examples\WPF.SharpDX\SimpleDemo\SimpleDemo.csproj", "{467C5E3B-0FC9-4454-A277-7350D0C10ADB}"
EndProject
Project("{FAE04EC0-301F-11D3-BF4B-00C04F79EFBC}") = "TemplateDemo", "Examples\WPF.SharpDX\TemplateDemo\TemplateDemo.csproj", "{10CF1F8D-1297-495C-92C2-A24E341AA7AC}"
EndProject
Project("{FAE04EC0-301F-11D3-BF4B-00C04F79EFBC}") = "ExampleBrowser", "Examples\WPF.SharpDX\ExampleBrowser\ExampleBrowser.csproj", "{991A4C2B-D830-41CB-A810-047ADCF69219}"
EndProject
Project("{FAE04EC0-301F-11D3-BF4B-00C04F79EFBC}") = "TessellationDemo", "Examples\WPF.SharpDX\TessellationDemo\TessellationDemo.csproj", "{82BB6745-9D34-453A-851C-01C8FD7A0F20}"
EndProject
Project("{FAE04EC0-301F-11D3-BF4B-00C04F79EFBC}") = "ScreenSpaceDemo", "Examples\WPF.SharpDX\ScreenSpaceDemo\ScreenSpaceDemo.csproj", "{5CE2D1A0-D79D-4DAE-98DD-15BA0DFB1D22}"
EndProject
Global
	GlobalSection(SolutionConfigurationPlatforms) = preSolution
		Debug|Any CPU = Debug|Any CPU
		Debug|x64 = Debug|x64
		Debug|x86 = Debug|x86
		Release|Any CPU = Release|Any CPU
		Release|x64 = Release|x64
		Release|x86 = Release|x86
	EndGlobalSection
	GlobalSection(ProjectConfigurationPlatforms) = postSolution
		{7C0E987E-CC34-4B19-BA6B-B381AEABB530}.Debug|Any CPU.ActiveCfg = Debug|Any CPU
		{7C0E987E-CC34-4B19-BA6B-B381AEABB530}.Debug|Any CPU.Build.0 = Debug|Any CPU
		{7C0E987E-CC34-4B19-BA6B-B381AEABB530}.Debug|x64.ActiveCfg = Debug|Any CPU
		{7C0E987E-CC34-4B19-BA6B-B381AEABB530}.Debug|x86.ActiveCfg = Debug|Any CPU
		{7C0E987E-CC34-4B19-BA6B-B381AEABB530}.Release|Any CPU.ActiveCfg = Release|Any CPU
		{7C0E987E-CC34-4B19-BA6B-B381AEABB530}.Release|Any CPU.Build.0 = Release|Any CPU
		{7C0E987E-CC34-4B19-BA6B-B381AEABB530}.Release|x64.ActiveCfg = Release|Any CPU
		{7C0E987E-CC34-4B19-BA6B-B381AEABB530}.Release|x86.ActiveCfg = Release|Any CPU
		{E86BB7C0-A453-4923-916C-1AA32FF068F9}.Debug|Any CPU.ActiveCfg = Debug|Any CPU
		{E86BB7C0-A453-4923-916C-1AA32FF068F9}.Debug|Any CPU.Build.0 = Debug|Any CPU
		{E86BB7C0-A453-4923-916C-1AA32FF068F9}.Debug|x64.ActiveCfg = Debug|Any CPU
		{E86BB7C0-A453-4923-916C-1AA32FF068F9}.Debug|x86.ActiveCfg = Debug|Any CPU
		{E86BB7C0-A453-4923-916C-1AA32FF068F9}.Release|Any CPU.ActiveCfg = Release|Any CPU
		{E86BB7C0-A453-4923-916C-1AA32FF068F9}.Release|Any CPU.Build.0 = Release|Any CPU
		{E86BB7C0-A453-4923-916C-1AA32FF068F9}.Release|x64.ActiveCfg = Release|Any CPU
		{E86BB7C0-A453-4923-916C-1AA32FF068F9}.Release|x86.ActiveCfg = Release|Any CPU
		{3F3B4548-A9DB-4874-86F7-E7C4FEC8A351}.Debug|Any CPU.ActiveCfg = Debug|Any CPU
		{3F3B4548-A9DB-4874-86F7-E7C4FEC8A351}.Debug|Any CPU.Build.0 = Debug|Any CPU
		{3F3B4548-A9DB-4874-86F7-E7C4FEC8A351}.Debug|x64.ActiveCfg = Debug|Any CPU
		{3F3B4548-A9DB-4874-86F7-E7C4FEC8A351}.Debug|x86.ActiveCfg = Debug|Any CPU
		{3F3B4548-A9DB-4874-86F7-E7C4FEC8A351}.Release|Any CPU.ActiveCfg = Release|Any CPU
		{3F3B4548-A9DB-4874-86F7-E7C4FEC8A351}.Release|Any CPU.Build.0 = Release|Any CPU
		{3F3B4548-A9DB-4874-86F7-E7C4FEC8A351}.Release|x64.ActiveCfg = Release|Any CPU
		{3F3B4548-A9DB-4874-86F7-E7C4FEC8A351}.Release|x86.ActiveCfg = Release|Any CPU
		{39740654-F5F1-4936-B4EA-9BC97D4CDE37}.Debug|Any CPU.ActiveCfg = Debug|Any CPU
		{39740654-F5F1-4936-B4EA-9BC97D4CDE37}.Debug|Any CPU.Build.0 = Debug|Any CPU
		{39740654-F5F1-4936-B4EA-9BC97D4CDE37}.Debug|x64.ActiveCfg = Debug|x64
		{39740654-F5F1-4936-B4EA-9BC97D4CDE37}.Debug|x64.Build.0 = Debug|x64
		{39740654-F5F1-4936-B4EA-9BC97D4CDE37}.Debug|x86.ActiveCfg = Debug|x86
		{39740654-F5F1-4936-B4EA-9BC97D4CDE37}.Debug|x86.Build.0 = Debug|x86
		{39740654-F5F1-4936-B4EA-9BC97D4CDE37}.Release|Any CPU.ActiveCfg = Release|Any CPU
		{39740654-F5F1-4936-B4EA-9BC97D4CDE37}.Release|Any CPU.Build.0 = Release|Any CPU
		{39740654-F5F1-4936-B4EA-9BC97D4CDE37}.Release|x64.ActiveCfg = Release|x64
		{39740654-F5F1-4936-B4EA-9BC97D4CDE37}.Release|x64.Build.0 = Release|x64
		{39740654-F5F1-4936-B4EA-9BC97D4CDE37}.Release|x86.ActiveCfg = Release|x86
		{39740654-F5F1-4936-B4EA-9BC97D4CDE37}.Release|x86.Build.0 = Release|x86
		{405C54C4-69F7-4F3D-A6BA-594346F42A2F}.Debug|Any CPU.ActiveCfg = Debug|Any CPU
		{405C54C4-69F7-4F3D-A6BA-594346F42A2F}.Debug|Any CPU.Build.0 = Debug|Any CPU
		{405C54C4-69F7-4F3D-A6BA-594346F42A2F}.Debug|x64.ActiveCfg = Debug|Any CPU
		{405C54C4-69F7-4F3D-A6BA-594346F42A2F}.Debug|x86.ActiveCfg = Debug|Any CPU
		{405C54C4-69F7-4F3D-A6BA-594346F42A2F}.Release|Any CPU.ActiveCfg = Release|Any CPU
		{405C54C4-69F7-4F3D-A6BA-594346F42A2F}.Release|Any CPU.Build.0 = Release|Any CPU
		{405C54C4-69F7-4F3D-A6BA-594346F42A2F}.Release|x64.ActiveCfg = Release|Any CPU
		{405C54C4-69F7-4F3D-A6BA-594346F42A2F}.Release|x86.ActiveCfg = Release|Any CPU
		{8E85B044-A3CD-4781-B65F-81B79DD0D2FE}.Debug|Any CPU.ActiveCfg = Debug|Any CPU
		{8E85B044-A3CD-4781-B65F-81B79DD0D2FE}.Debug|Any CPU.Build.0 = Debug|Any CPU
		{8E85B044-A3CD-4781-B65F-81B79DD0D2FE}.Debug|x64.ActiveCfg = Debug|Any CPU
		{8E85B044-A3CD-4781-B65F-81B79DD0D2FE}.Debug|x86.ActiveCfg = Debug|Any CPU
		{8E85B044-A3CD-4781-B65F-81B79DD0D2FE}.Release|Any CPU.ActiveCfg = Release|Any CPU
		{8E85B044-A3CD-4781-B65F-81B79DD0D2FE}.Release|Any CPU.Build.0 = Release|Any CPU
		{8E85B044-A3CD-4781-B65F-81B79DD0D2FE}.Release|x64.ActiveCfg = Release|Any CPU
		{8E85B044-A3CD-4781-B65F-81B79DD0D2FE}.Release|x86.ActiveCfg = Release|Any CPU
		{B475C12B-80F9-4BC0-88E5-815C88593BEE}.Debug|Any CPU.ActiveCfg = Debug|Any CPU
		{B475C12B-80F9-4BC0-88E5-815C88593BEE}.Debug|Any CPU.Build.0 = Debug|Any CPU
		{B475C12B-80F9-4BC0-88E5-815C88593BEE}.Debug|x64.ActiveCfg = Debug|Any CPU
		{B475C12B-80F9-4BC0-88E5-815C88593BEE}.Debug|x86.ActiveCfg = Debug|Any CPU
		{B475C12B-80F9-4BC0-88E5-815C88593BEE}.Release|Any CPU.ActiveCfg = Release|Any CPU
		{B475C12B-80F9-4BC0-88E5-815C88593BEE}.Release|Any CPU.Build.0 = Release|Any CPU
		{B475C12B-80F9-4BC0-88E5-815C88593BEE}.Release|x64.ActiveCfg = Release|Any CPU
		{B475C12B-80F9-4BC0-88E5-815C88593BEE}.Release|x86.ActiveCfg = Release|Any CPU
		{82D01A4F-51B2-4771-B6F2-EDC6240159E3}.Debug|Any CPU.ActiveCfg = Debug|Any CPU
		{82D01A4F-51B2-4771-B6F2-EDC6240159E3}.Debug|Any CPU.Build.0 = Debug|Any CPU
		{82D01A4F-51B2-4771-B6F2-EDC6240159E3}.Debug|x64.ActiveCfg = Debug|Any CPU
		{82D01A4F-51B2-4771-B6F2-EDC6240159E3}.Debug|x86.ActiveCfg = Debug|Any CPU
		{82D01A4F-51B2-4771-B6F2-EDC6240159E3}.Release|Any CPU.ActiveCfg = Release|Any CPU
		{82D01A4F-51B2-4771-B6F2-EDC6240159E3}.Release|Any CPU.Build.0 = Release|Any CPU
		{82D01A4F-51B2-4771-B6F2-EDC6240159E3}.Release|x64.ActiveCfg = Release|Any CPU
		{82D01A4F-51B2-4771-B6F2-EDC6240159E3}.Release|x86.ActiveCfg = Release|Any CPU
		{1C8BB886-9619-4D18-8D09-AD6A3E3506FD}.Debug|Any CPU.ActiveCfg = Debug|Any CPU
		{1C8BB886-9619-4D18-8D09-AD6A3E3506FD}.Debug|Any CPU.Build.0 = Debug|Any CPU
		{1C8BB886-9619-4D18-8D09-AD6A3E3506FD}.Debug|x64.ActiveCfg = Debug|Any CPU
		{1C8BB886-9619-4D18-8D09-AD6A3E3506FD}.Debug|x86.ActiveCfg = Debug|Any CPU
		{1C8BB886-9619-4D18-8D09-AD6A3E3506FD}.Release|Any CPU.ActiveCfg = Release|Any CPU
		{1C8BB886-9619-4D18-8D09-AD6A3E3506FD}.Release|Any CPU.Build.0 = Release|Any CPU
		{1C8BB886-9619-4D18-8D09-AD6A3E3506FD}.Release|x64.ActiveCfg = Release|Any CPU
		{1C8BB886-9619-4D18-8D09-AD6A3E3506FD}.Release|x86.ActiveCfg = Release|Any CPU
		{58309989-DC5D-486E-99F2-245E84DC8D7F}.Debug|Any CPU.ActiveCfg = Debug|Any CPU
		{58309989-DC5D-486E-99F2-245E84DC8D7F}.Debug|Any CPU.Build.0 = Debug|Any CPU
		{58309989-DC5D-486E-99F2-245E84DC8D7F}.Debug|x64.ActiveCfg = Debug|Any CPU
		{58309989-DC5D-486E-99F2-245E84DC8D7F}.Debug|x86.ActiveCfg = Debug|Any CPU
		{58309989-DC5D-486E-99F2-245E84DC8D7F}.Release|Any CPU.ActiveCfg = Release|Any CPU
		{58309989-DC5D-486E-99F2-245E84DC8D7F}.Release|Any CPU.Build.0 = Release|Any CPU
		{58309989-DC5D-486E-99F2-245E84DC8D7F}.Release|x64.ActiveCfg = Release|Any CPU
		{58309989-DC5D-486E-99F2-245E84DC8D7F}.Release|x86.ActiveCfg = Release|Any CPU
		{8CE35F6D-C06D-4045-A2C1-7F1795B62811}.Debug|Any CPU.ActiveCfg = Debug|Any CPU
		{8CE35F6D-C06D-4045-A2C1-7F1795B62811}.Debug|Any CPU.Build.0 = Debug|Any CPU
		{8CE35F6D-C06D-4045-A2C1-7F1795B62811}.Debug|x64.ActiveCfg = Debug|Any CPU
		{8CE35F6D-C06D-4045-A2C1-7F1795B62811}.Debug|x86.ActiveCfg = Debug|Any CPU
		{8CE35F6D-C06D-4045-A2C1-7F1795B62811}.Release|Any CPU.ActiveCfg = Release|Any CPU
		{8CE35F6D-C06D-4045-A2C1-7F1795B62811}.Release|Any CPU.Build.0 = Release|Any CPU
		{8CE35F6D-C06D-4045-A2C1-7F1795B62811}.Release|x64.ActiveCfg = Release|Any CPU
		{8CE35F6D-C06D-4045-A2C1-7F1795B62811}.Release|x86.ActiveCfg = Release|Any CPU
		{BC976236-A1A1-4E44-8101-17823EA7C945}.Debug|Any CPU.ActiveCfg = Debug|Any CPU
		{BC976236-A1A1-4E44-8101-17823EA7C945}.Debug|Any CPU.Build.0 = Debug|Any CPU
		{BC976236-A1A1-4E44-8101-17823EA7C945}.Debug|x64.ActiveCfg = Debug|Any CPU
		{BC976236-A1A1-4E44-8101-17823EA7C945}.Debug|x86.ActiveCfg = Debug|Any CPU
		{BC976236-A1A1-4E44-8101-17823EA7C945}.Release|Any CPU.ActiveCfg = Release|Any CPU
		{BC976236-A1A1-4E44-8101-17823EA7C945}.Release|Any CPU.Build.0 = Release|Any CPU
		{BC976236-A1A1-4E44-8101-17823EA7C945}.Release|x64.ActiveCfg = Release|Any CPU
		{BC976236-A1A1-4E44-8101-17823EA7C945}.Release|x86.ActiveCfg = Release|Any CPU
		{84F9C577-C2CE-4719-A5BE-7C4985FE7A46}.Debug|Any CPU.ActiveCfg = Debug|Any CPU
		{84F9C577-C2CE-4719-A5BE-7C4985FE7A46}.Debug|Any CPU.Build.0 = Debug|Any CPU
		{84F9C577-C2CE-4719-A5BE-7C4985FE7A46}.Debug|x64.ActiveCfg = Debug|Any CPU
		{84F9C577-C2CE-4719-A5BE-7C4985FE7A46}.Debug|x86.ActiveCfg = Debug|Any CPU
		{84F9C577-C2CE-4719-A5BE-7C4985FE7A46}.Release|Any CPU.ActiveCfg = Release|Any CPU
		{84F9C577-C2CE-4719-A5BE-7C4985FE7A46}.Release|Any CPU.Build.0 = Release|Any CPU
		{84F9C577-C2CE-4719-A5BE-7C4985FE7A46}.Release|x64.ActiveCfg = Release|Any CPU
		{84F9C577-C2CE-4719-A5BE-7C4985FE7A46}.Release|x86.ActiveCfg = Release|Any CPU
		{734192F0-18E9-4A8F-8328-9215928ACE1A}.Debug|Any CPU.ActiveCfg = Debug|Any CPU
		{734192F0-18E9-4A8F-8328-9215928ACE1A}.Debug|Any CPU.Build.0 = Debug|Any CPU
		{734192F0-18E9-4A8F-8328-9215928ACE1A}.Debug|x64.ActiveCfg = Debug|Any CPU
		{734192F0-18E9-4A8F-8328-9215928ACE1A}.Debug|x86.ActiveCfg = Debug|Any CPU
		{734192F0-18E9-4A8F-8328-9215928ACE1A}.Release|Any CPU.ActiveCfg = Release|Any CPU
		{734192F0-18E9-4A8F-8328-9215928ACE1A}.Release|Any CPU.Build.0 = Release|Any CPU
		{734192F0-18E9-4A8F-8328-9215928ACE1A}.Release|x64.ActiveCfg = Release|Any CPU
		{734192F0-18E9-4A8F-8328-9215928ACE1A}.Release|x86.ActiveCfg = Release|Any CPU
		{D9C22065-B07A-432C-B319-87BCE640600C}.Debug|Any CPU.ActiveCfg = Debug|Any CPU
		{D9C22065-B07A-432C-B319-87BCE640600C}.Debug|Any CPU.Build.0 = Debug|Any CPU
		{D9C22065-B07A-432C-B319-87BCE640600C}.Debug|x64.ActiveCfg = Debug|Any CPU
		{D9C22065-B07A-432C-B319-87BCE640600C}.Debug|x86.ActiveCfg = Debug|Any CPU
		{D9C22065-B07A-432C-B319-87BCE640600C}.Release|Any CPU.ActiveCfg = Release|Any CPU
		{D9C22065-B07A-432C-B319-87BCE640600C}.Release|Any CPU.Build.0 = Release|Any CPU
		{D9C22065-B07A-432C-B319-87BCE640600C}.Release|x64.ActiveCfg = Release|Any CPU
		{D9C22065-B07A-432C-B319-87BCE640600C}.Release|x86.ActiveCfg = Release|Any CPU
		{467C5E3B-0FC9-4454-A277-7350D0C10ADB}.Debug|Any CPU.ActiveCfg = Debug|Any CPU
		{467C5E3B-0FC9-4454-A277-7350D0C10ADB}.Debug|Any CPU.Build.0 = Debug|Any CPU
		{467C5E3B-0FC9-4454-A277-7350D0C10ADB}.Debug|x64.ActiveCfg = Debug|Any CPU
		{467C5E3B-0FC9-4454-A277-7350D0C10ADB}.Debug|x86.ActiveCfg = Debug|Any CPU
		{467C5E3B-0FC9-4454-A277-7350D0C10ADB}.Release|Any CPU.ActiveCfg = Release|Any CPU
		{467C5E3B-0FC9-4454-A277-7350D0C10ADB}.Release|Any CPU.Build.0 = Release|Any CPU
		{467C5E3B-0FC9-4454-A277-7350D0C10ADB}.Release|x64.ActiveCfg = Release|Any CPU
		{467C5E3B-0FC9-4454-A277-7350D0C10ADB}.Release|x86.ActiveCfg = Release|Any CPU
		{10CF1F8D-1297-495C-92C2-A24E341AA7AC}.Debug|Any CPU.ActiveCfg = Debug|Any CPU
		{10CF1F8D-1297-495C-92C2-A24E341AA7AC}.Debug|Any CPU.Build.0 = Debug|Any CPU
		{10CF1F8D-1297-495C-92C2-A24E341AA7AC}.Debug|x64.ActiveCfg = Debug|Any CPU
		{10CF1F8D-1297-495C-92C2-A24E341AA7AC}.Debug|x86.ActiveCfg = Debug|Any CPU
		{10CF1F8D-1297-495C-92C2-A24E341AA7AC}.Release|Any CPU.ActiveCfg = Release|Any CPU
		{10CF1F8D-1297-495C-92C2-A24E341AA7AC}.Release|Any CPU.Build.0 = Release|Any CPU
		{10CF1F8D-1297-495C-92C2-A24E341AA7AC}.Release|x64.ActiveCfg = Release|Any CPU
		{10CF1F8D-1297-495C-92C2-A24E341AA7AC}.Release|x86.ActiveCfg = Release|Any CPU
		{991A4C2B-D830-41CB-A810-047ADCF69219}.Debug|Any CPU.ActiveCfg = Debug|Any CPU
		{991A4C2B-D830-41CB-A810-047ADCF69219}.Debug|Any CPU.Build.0 = Debug|Any CPU
		{991A4C2B-D830-41CB-A810-047ADCF69219}.Debug|x64.ActiveCfg = Debug|Any CPU
		{991A4C2B-D830-41CB-A810-047ADCF69219}.Debug|x86.ActiveCfg = Debug|Any CPU
		{991A4C2B-D830-41CB-A810-047ADCF69219}.Release|Any CPU.ActiveCfg = Release|Any CPU
		{991A4C2B-D830-41CB-A810-047ADCF69219}.Release|Any CPU.Build.0 = Release|Any CPU
		{991A4C2B-D830-41CB-A810-047ADCF69219}.Release|x64.ActiveCfg = Release|Any CPU
		{991A4C2B-D830-41CB-A810-047ADCF69219}.Release|x86.ActiveCfg = Release|Any CPU
		{82BB6745-9D34-453A-851C-01C8FD7A0F20}.Debug|Any CPU.ActiveCfg = Debug|Any CPU
		{82BB6745-9D34-453A-851C-01C8FD7A0F20}.Debug|Any CPU.Build.0 = Debug|Any CPU
		{82BB6745-9D34-453A-851C-01C8FD7A0F20}.Debug|x64.ActiveCfg = Debug|Any CPU
		{82BB6745-9D34-453A-851C-01C8FD7A0F20}.Debug|x86.ActiveCfg = Debug|Any CPU
		{82BB6745-9D34-453A-851C-01C8FD7A0F20}.Release|Any CPU.ActiveCfg = Release|Any CPU
		{82BB6745-9D34-453A-851C-01C8FD7A0F20}.Release|Any CPU.Build.0 = Release|Any CPU
		{82BB6745-9D34-453A-851C-01C8FD7A0F20}.Release|x64.ActiveCfg = Release|Any CPU
		{82BB6745-9D34-453A-851C-01C8FD7A0F20}.Release|x86.ActiveCfg = Release|Any CPU
		{5CE2D1A0-D79D-4DAE-98DD-15BA0DFB1D22}.Debug|Any CPU.ActiveCfg = Debug|Any CPU
		{5CE2D1A0-D79D-4DAE-98DD-15BA0DFB1D22}.Debug|Any CPU.Build.0 = Debug|Any CPU
		{5CE2D1A0-D79D-4DAE-98DD-15BA0DFB1D22}.Debug|x64.ActiveCfg = Debug|Any CPU
		{5CE2D1A0-D79D-4DAE-98DD-15BA0DFB1D22}.Debug|x86.ActiveCfg = Debug|Any CPU
		{5CE2D1A0-D79D-4DAE-98DD-15BA0DFB1D22}.Release|Any CPU.ActiveCfg = Release|Any CPU
		{5CE2D1A0-D79D-4DAE-98DD-15BA0DFB1D22}.Release|Any CPU.Build.0 = Release|Any CPU
		{5CE2D1A0-D79D-4DAE-98DD-15BA0DFB1D22}.Release|x64.ActiveCfg = Release|Any CPU
		{5CE2D1A0-D79D-4DAE-98DD-15BA0DFB1D22}.Release|x86.ActiveCfg = Release|Any CPU
	EndGlobalSection
	GlobalSection(SolutionProperties) = preSolution
		HideSolutionNode = FALSE
	EndGlobalSection
	GlobalSection(NestedProjects) = preSolution
		{8E85B044-A3CD-4781-B65F-81B79DD0D2FE} = {93A5184E-0275-4A75-9C9A-9516AE9634DD}
		{B475C12B-80F9-4BC0-88E5-815C88593BEE} = {93A5184E-0275-4A75-9C9A-9516AE9634DD}
		{82D01A4F-51B2-4771-B6F2-EDC6240159E3} = {93A5184E-0275-4A75-9C9A-9516AE9634DD}
		{1C8BB886-9619-4D18-8D09-AD6A3E3506FD} = {93A5184E-0275-4A75-9C9A-9516AE9634DD}
		{58309989-DC5D-486E-99F2-245E84DC8D7F} = {93A5184E-0275-4A75-9C9A-9516AE9634DD}
		{8CE35F6D-C06D-4045-A2C1-7F1795B62811} = {93A5184E-0275-4A75-9C9A-9516AE9634DD}
		{BC976236-A1A1-4E44-8101-17823EA7C945} = {93A5184E-0275-4A75-9C9A-9516AE9634DD}
		{84F9C577-C2CE-4719-A5BE-7C4985FE7A46} = {93A5184E-0275-4A75-9C9A-9516AE9634DD}
		{734192F0-18E9-4A8F-8328-9215928ACE1A} = {93A5184E-0275-4A75-9C9A-9516AE9634DD}
		{D9C22065-B07A-432C-B319-87BCE640600C} = {93A5184E-0275-4A75-9C9A-9516AE9634DD}
		{467C5E3B-0FC9-4454-A277-7350D0C10ADB} = {93A5184E-0275-4A75-9C9A-9516AE9634DD}
		{10CF1F8D-1297-495C-92C2-A24E341AA7AC} = {93A5184E-0275-4A75-9C9A-9516AE9634DD}
		{991A4C2B-D830-41CB-A810-047ADCF69219} = {93A5184E-0275-4A75-9C9A-9516AE9634DD}
		{82BB6745-9D34-453A-851C-01C8FD7A0F20} = {93A5184E-0275-4A75-9C9A-9516AE9634DD}
		{5CE2D1A0-D79D-4DAE-98DD-15BA0DFB1D22} = {93A5184E-0275-4A75-9C9A-9516AE9634DD}
	EndGlobalSection
EndGlobal
