
Microsoft Visual Studio Solution File, Format Version 12.00
# Visual Studio 15
VisualStudioVersion = 15.0.27130.2036
MinimumVisualStudioVersion = 10.0.40219.1
Project("{9A19103F-16F7-4668-BE54-9A1E7A4F7556}") = "HelixToolkit", "HelixToolkit\HelixToolkit.csproj", "{7C0E987E-CC34-4B19-BA6B-B381AEABB530}"
EndProject
Project("{FAE04EC0-301F-11D3-BF4B-00C04F79EFBC}") = "HelixToolkit.Tests", "HelixToolkit.Tests\HelixToolkit.Tests.csproj", "{E86BB7C0-A453-4923-916C-1AA32FF068F9}"
EndProject
Project("{FAE04EC0-301F-11D3-BF4B-00C04F79EFBC}") = "HelixToolkit.Wpf.SharpDX", "HelixToolkit.Wpf.SharpDX\HelixToolkit.Wpf.SharpDX.csproj", "{39740654-F5F1-4936-B4EA-9BC97D4CDE37}"
	ProjectSection(ProjectDependencies) = postProject
		{25673797-8566-4B65-838D-DE0BD335D6E6} = {25673797-8566-4B65-838D-DE0BD335D6E6}
	EndProjectSection
EndProject
Project("{FAE04EC0-301F-11D3-BF4B-00C04F79EFBC}") = "HelixToolkit.Wpf.SharpDX.Tests", "HelixToolkit.Wpf.SharpDX.Tests\HelixToolkit.Wpf.SharpDX.Tests.csproj", "{405C54C4-69F7-4F3D-A6BA-594346F42A2F}"
	ProjectSection(ProjectDependencies) = postProject
		{39740654-F5F1-4936-B4EA-9BC97D4CDE37} = {39740654-F5F1-4936-B4EA-9BC97D4CDE37}
	EndProjectSection
EndProject
Project("{2150E333-8FDC-42A3-9474-1A3956D46DE8}") = "Examples", "Examples", "{93A5184E-0275-4A75-9C9A-9516AE9634DD}"
EndProject
Project("{FAE04EC0-301F-11D3-BF4B-00C04F79EFBC}") = "DemoCore", "Examples\WPF.SharpDX\DemoCore\DemoCore.csproj", "{B475C12B-80F9-4BC0-88E5-815C88593BEE}"
EndProject
Project("{FAE04EC0-301F-11D3-BF4B-00C04F79EFBC}") = "EnvironmentMapDemo", "Examples\WPF.SharpDX\EnvironmentMapDemo\EnvironmentMapDemo.csproj", "{82D01A4F-51B2-4771-B6F2-EDC6240159E3}"
EndProject
Project("{FAE04EC0-301F-11D3-BF4B-00C04F79EFBC}") = "ImageViewDemo", "Examples\WPF.SharpDX\ImageViewDemo\ImageViewDemo.csproj", "{1C8BB886-9619-4D18-8D09-AD6A3E3506FD}"
EndProject
Project("{FAE04EC0-301F-11D3-BF4B-00C04F79EFBC}") = "InstancingDemo", "Examples\WPF.SharpDX\InstancingDemo\InstancingDemo.csproj", "{58309989-DC5D-486E-99F2-245E84DC8D7F}"
EndProject
Project("{FAE04EC0-301F-11D3-BF4B-00C04F79EFBC}") = "LightingDemo", "Examples\WPF.SharpDX\LightingDemo\LightingDemo.csproj", "{8CE35F6D-C06D-4045-A2C1-7F1795B62811}"
EndProject
Project("{FAE04EC0-301F-11D3-BF4B-00C04F79EFBC}") = "LineShadingDemo", "Examples\WPF.SharpDX\LineShadingDemo\LineShadingDemo.csproj", "{BC976236-A1A1-4E44-8101-17823EA7C945}"
EndProject
Project("{FAE04EC0-301F-11D3-BF4B-00C04F79EFBC}") = "ManipulatorDemo", "Examples\WPF.SharpDX\ManipulatorDemo\ManipulatorDemo.csproj", "{84F9C577-C2CE-4719-A5BE-7C4985FE7A46}"
EndProject
Project("{FAE04EC0-301F-11D3-BF4B-00C04F79EFBC}") = "MouseDragDemo", "Examples\WPF.SharpDX\MouseDragDemo\MouseDragDemo.csproj", "{734192F0-18E9-4A8F-8328-9215928ACE1A}"
EndProject
Project("{FAE04EC0-301F-11D3-BF4B-00C04F79EFBC}") = "ShadowMapDemo", "Examples\WPF.SharpDX\ShadowMapDemo\ShadowMapDemo.csproj", "{D9C22065-B07A-432C-B319-87BCE640600C}"
EndProject
Project("{FAE04EC0-301F-11D3-BF4B-00C04F79EFBC}") = "SimpleDemo", "Examples\WPF.SharpDX\SimpleDemo\SimpleDemo.csproj", "{467C5E3B-0FC9-4454-A277-7350D0C10ADB}"
EndProject
Project("{FAE04EC0-301F-11D3-BF4B-00C04F79EFBC}") = "TemplateDemo", "Examples\WPF.SharpDX\TemplateDemo\TemplateDemo.csproj", "{10CF1F8D-1297-495C-92C2-A24E341AA7AC}"
EndProject
Project("{FAE04EC0-301F-11D3-BF4B-00C04F79EFBC}") = "ExampleBrowser", "Examples\WPF.SharpDX\ExampleBrowser\ExampleBrowser.csproj", "{991A4C2B-D830-41CB-A810-047ADCF69219}"
EndProject
Project("{FAE04EC0-301F-11D3-BF4B-00C04F79EFBC}") = "TessellationDemo", "Examples\WPF.SharpDX\TessellationDemo\TessellationDemo.csproj", "{82BB6745-9D34-453A-851C-01C8FD7A0F20}"
EndProject
Project("{FAE04EC0-301F-11D3-BF4B-00C04F79EFBC}") = "CustomShaderDemo", "Examples\WPF.SharpDX\CustomShaderDemo\CustomShaderDemo.csproj", "{829730D4-B471-4D12-B8B8-4900761E0722}"
EndProject
Project("{FAE04EC0-301F-11D3-BF4B-00C04F79EFBC}") = "FileLoadDemo", "Examples\WPF.SharpDX\FileLoadDemo\FileLoadDemo.csproj", "{04A4763C-907A-45EE-9270-2ECB1453770F}"
EndProject
Project("{FAE04EC0-301F-11D3-BF4B-00C04F79EFBC}") = "PolygonTriangulationDemo", "Examples\WPF.SharpDX\PolygonTriangulationDemo\PolygonTriangulationDemo.csproj", "{AEE87C0E-AA98-4D82-9ED8-9EBEA107DDD6}"
EndProject
Project("{FAE04EC0-301F-11D3-BF4B-00C04F79EFBC}") = "DynamicTextureDemo", "Examples\WPF.SharpDX\DynamicTextureDemo\DynamicTextureDemo.csproj", "{C7F68E1A-85B4-494A-BA4E-F4270FFF3852}"
EndProject
Project("{D954291E-2A0B-460D-934E-DC6B0785DB48}") = "HelixToolkit.Shared", "HelixToolkit.Shared\HelixToolkit.Shared.shproj", "{4EE18E80-7609-4FFF-BD4B-F02728EC0688}"
EndProject
Project("{D954291E-2A0B-460D-934E-DC6B0785DB48}") = "HelixToolkit.SharpDX.Shared", "HelixToolkit.SharpDX.Shared\HelixToolkit.SharpDX.Shared.shproj", "{1EAF532E-D750-497B-BB8F-EE85359C78A2}"
EndProject
Project("{FAE04EC0-301F-11D3-BF4B-00C04F79EFBC}") = "OctreeDemo", "Examples\WPF.SharpDX\OctreeDemo\OctreeDemo.csproj", "{BE3C1DBD-3345-4E32-BE7E-C3CCFDDD7220}"
EndProject
Project("{FAE04EC0-301F-11D3-BF4B-00C04F79EFBC}") = "BoneSkinDemo", "Examples\WPF.SharpDX\BoneSkinDemo\BoneSkinDemo.csproj", "{676675F0-18A4-4D08-AEB5-C561473AF7EC}"
EndProject
Project("{FAE04EC0-301F-11D3-BF4B-00C04F79EFBC}") = "ParticleSystemDemo", "Examples\WPF.SharpDX\ParticleSystemDemo\ParticleSystemDemo.csproj", "{0045C5F8-76A9-420B-AF44-47D1C1B60DF4}"
EndProject
Project("{FAE04EC0-301F-11D3-BF4B-00C04F79EFBC}") = "MemoryLeakTester", "Examples\WPF.SharpDX\MemoryLeakTester\MemoryLeakTester.csproj", "{A11EE417-571E-42A3-9737-B1F0D377C4CC}"
EndProject
Project("{FAE04EC0-301F-11D3-BF4B-00C04F79EFBC}") = "XRayDemo", "Examples\WPF.SharpDX\XRayDemo\XRayDemo.csproj", "{C4F7AE1D-C03F-4060-A89B-C8CE47AD5EB0}"
EndProject
Project("{FAE04EC0-301F-11D3-BF4B-00C04F79EFBC}") = "MeshSimplification", "Examples\WPF.SharpDX\MeshSimplification\MeshSimplification.csproj", "{F03D69ED-DEE5-4245-9A2D-8AD000EC0584}"
EndProject
Project("{FAE04EC0-301F-11D3-BF4B-00C04F79EFBC}") = "SwapChainRenderingDemo", "Examples\WPF.SharpDX\SwapChainRenderingDemo\SwapChainRenderingDemo.csproj", "{E23D3A8B-376F-4B10-B2BD-ADC3F082805C}"
EndProject
Project("{FAE04EC0-301F-11D3-BF4B-00C04F79EFBC}") = "CrossSectionDemo", "Examples\WPF.SharpDX\CrossSectionDemo\CrossSectionDemo.csproj", "{7B612920-493C-448B-B21B-D5A453045AAD}"
EndProject
Project("{FAE04EC0-301F-11D3-BF4B-00C04F79EFBC}") = "D2DScreenMenuExample", "Examples\WPF.SharpDX\D2DScreenMenuExample\D2DScreenMenuExample.csproj", "{0AB7D9F3-CF1F-462E-8763-7DC1E672CAAE}"
EndProject
Project("{FAE04EC0-301F-11D3-BF4B-00C04F79EFBC}") = "ScreenDuplicationDemo", "Examples\WPF.SharpDX\ScreenDuplicationDemo\ScreenDuplicationDemo.csproj", "{4050D84A-2F13-4C3B-AB32-844A421EA3EC}"
EndProject
Project("{FAE04EC0-301F-11D3-BF4B-00C04F79EFBC}") = "PostEffectsDemo", "Examples\WPF.SharpDX\PostEffectsDemo\PostEffectsDemo.csproj", "{931D2262-63B7-4551-8036-36923A04ACF0}"
EndProject
Project("{FAE04EC0-301F-11D3-BF4B-00C04F79EFBC}") = "GroupElementTester", "Examples\WPF.SharpDX\GroupElementTester\GroupElementTester.csproj", "{9EF1B158-7CB8-4C29-AE1C-7A1C825F76EB}"
EndProject
Project("{D954291E-2A0B-460D-934E-DC6B0785DB48}") = "HelixToolkit.SharpDX.SharedModel", "HelixToolkit.SharpDX.SharedModel\HelixToolkit.SharpDX.SharedModel.shproj", "{1AEFCB64-E997-425A-8C84-DC93263CC4A7}"
EndProject
Project("{FAE04EC0-301F-11D3-BF4B-00C04F79EFBC}") = "Viewport3DXCodeBehindTester", "Examples\WPF.SharpDX\Viewport3DXCodeBehindTester\Viewport3DXCodeBehindTester.csproj", "{812C2A21-CD7E-4344-A83C-99050A8843D2}"
EndProject
Project("{FAE04EC0-301F-11D3-BF4B-00C04F79EFBC}") = "OrderIndependantTransparentRendering", "Examples\WPF.SharpDX\OrderIndependantTransparentRendering\OrderIndependantTransparentRendering.csproj", "{B54F7E0F-DF5E-4382-9515-F2A1186CB606}"
EndProject
Project("{8BC9CEB8-8B4A-11D0-8D11-00A0C91BC942}") = "HelixToolkit.Native.ShaderBuilder", "HelixToolkit.Native.ShaderBuilder\HelixToolkit.Native.ShaderBuilder.vcxproj", "{25673797-8566-4B65-838D-DE0BD335D6E6}"
EndProject
Project("{FAE04EC0-301F-11D3-BF4B-00C04F79EFBC}") = "RenderTechniqueImportExport", "Examples\WPF.SharpDX\RenderTechniqueImportExport\RenderTechniqueImportExport.csproj", "{7B119430-FE63-4854-9B16-51A1B1ADC533}"
EndProject
Project("{FAE04EC0-301F-11D3-BF4B-00C04F79EFBC}") = "MaterialDemo", "Examples\WPF.SharpDX\MaterialDemo\MaterialDemo.csproj", "{6C57E679-7A1B-45AC-97B7-AA88D7D9164A}"
EndProject
Project("{FAE04EC0-301F-11D3-BF4B-00C04F79EFBC}") = "DynamicCodeSurfaceDemo", "Examples\WPF.SharpDX\DynamicCodeSurfaceDemo\DynamicCodeSurfaceDemo.csproj", "{6BAA6F89-637A-49EB-A554-76AB527A5968}"
EndProject
Project("{D954291E-2A0B-460D-934E-DC6B0785DB48}") = "HelixToolkit.Mathematics", "HelixToolkit.Mathematics\HelixToolkit.Mathematics.shproj", "{55F779F7-399F-438B-9E36-E3BBA48B2E7C}"
EndProject
Project("{FAE04EC0-301F-11D3-BF4B-00C04F79EFBC}") = "SIMDTest", "Examples\WPF.SharpDX\SIMDTest\SIMDTest\SIMDTest.csproj", "{806A6FFD-5FAA-4FFC-918B-E8EA0E931A11}"
Project("{FAE04EC0-301F-11D3-BF4B-00C04F79EFBC}") = "BatchedMeshDemo", "Examples\WPF.SharpDX\BatchedMeshDemo\BatchedMeshDemo.csproj", "{7AAEFD49-24D2-402D-9BB6-C3445DE8C059}"
EndProject
Global
	GlobalSection(SharedMSBuildProjectFiles) = preSolution
		HelixToolkit.SharpDX.SharedModel\HelixToolkit.SharpDX.SharedModel.projitems*{1aefcb64-e997-425a-8c84-dc93263cc4a7}*SharedItemsImports = 13
		HelixToolkit.SharpDX.Shared\HelixToolkit.SharpDX.Shared.projitems*{1eaf532e-d750-497b-bb8f-ee85359c78a2}*SharedItemsImports = 13
		HelixToolkit.Mathematics\HelixToolkit.Mathematics.projitems*{39740654-f5f1-4936-b4ea-9bc97d4cde37}*SharedItemsImports = 4
		HelixToolkit.Shared\HelixToolkit.Shared.projitems*{39740654-f5f1-4936-b4ea-9bc97d4cde37}*SharedItemsImports = 4
		HelixToolkit.SharpDX.SharedModel\HelixToolkit.SharpDX.SharedModel.projitems*{39740654-f5f1-4936-b4ea-9bc97d4cde37}*SharedItemsImports = 4
		HelixToolkit.SharpDX.Shared\HelixToolkit.SharpDX.Shared.projitems*{39740654-f5f1-4936-b4ea-9bc97d4cde37}*SharedItemsImports = 4
		HelixToolkit.Shared\HelixToolkit.Shared.projitems*{4ee18e80-7609-4fff-bd4b-f02728ec0688}*SharedItemsImports = 13
		HelixToolkit.Mathematics\HelixToolkit.Mathematics.projitems*{55f779f7-399f-438b-9e36-e3bba48b2e7c}*SharedItemsImports = 13
	EndGlobalSection
	GlobalSection(SolutionConfigurationPlatforms) = preSolution
		Debug|Any CPU = Debug|Any CPU
		Debug|x64 = Debug|x64
		Debug|x86 = Debug|x86
		Release|Any CPU = Release|Any CPU
		Release|x64 = Release|x64
		Release|x86 = Release|x86
	EndGlobalSection
	GlobalSection(ProjectConfigurationPlatforms) = postSolution
		{7C0E987E-CC34-4B19-BA6B-B381AEABB530}.Debug|Any CPU.ActiveCfg = Debug|Any CPU
		{7C0E987E-CC34-4B19-BA6B-B381AEABB530}.Debug|Any CPU.Build.0 = Debug|Any CPU
		{7C0E987E-CC34-4B19-BA6B-B381AEABB530}.Debug|x64.ActiveCfg = Debug|Any CPU
		{7C0E987E-CC34-4B19-BA6B-B381AEABB530}.Debug|x64.Build.0 = Debug|Any CPU
		{7C0E987E-CC34-4B19-BA6B-B381AEABB530}.Debug|x86.ActiveCfg = Debug|Any CPU
		{7C0E987E-CC34-4B19-BA6B-B381AEABB530}.Debug|x86.Build.0 = Debug|Any CPU
		{7C0E987E-CC34-4B19-BA6B-B381AEABB530}.Release|Any CPU.ActiveCfg = Release|Any CPU
		{7C0E987E-CC34-4B19-BA6B-B381AEABB530}.Release|Any CPU.Build.0 = Release|Any CPU
		{7C0E987E-CC34-4B19-BA6B-B381AEABB530}.Release|x64.ActiveCfg = Release|Any CPU
		{7C0E987E-CC34-4B19-BA6B-B381AEABB530}.Release|x86.ActiveCfg = Release|Any CPU
		{E86BB7C0-A453-4923-916C-1AA32FF068F9}.Debug|Any CPU.ActiveCfg = Debug|Any CPU
		{E86BB7C0-A453-4923-916C-1AA32FF068F9}.Debug|Any CPU.Build.0 = Debug|Any CPU
		{E86BB7C0-A453-4923-916C-1AA32FF068F9}.Debug|x64.ActiveCfg = Debug|Any CPU
		{E86BB7C0-A453-4923-916C-1AA32FF068F9}.Debug|x64.Build.0 = Debug|Any CPU
		{E86BB7C0-A453-4923-916C-1AA32FF068F9}.Debug|x86.ActiveCfg = Debug|Any CPU
		{E86BB7C0-A453-4923-916C-1AA32FF068F9}.Debug|x86.Build.0 = Debug|Any CPU
		{E86BB7C0-A453-4923-916C-1AA32FF068F9}.Release|Any CPU.ActiveCfg = Release|Any CPU
		{E86BB7C0-A453-4923-916C-1AA32FF068F9}.Release|Any CPU.Build.0 = Release|Any CPU
		{E86BB7C0-A453-4923-916C-1AA32FF068F9}.Release|x64.ActiveCfg = Release|Any CPU
		{E86BB7C0-A453-4923-916C-1AA32FF068F9}.Release|x86.ActiveCfg = Release|Any CPU
		{39740654-F5F1-4936-B4EA-9BC97D4CDE37}.Debug|Any CPU.ActiveCfg = Debug|Any CPU
		{39740654-F5F1-4936-B4EA-9BC97D4CDE37}.Debug|Any CPU.Build.0 = Debug|Any CPU
		{39740654-F5F1-4936-B4EA-9BC97D4CDE37}.Debug|x64.ActiveCfg = Debug|Any CPU
		{39740654-F5F1-4936-B4EA-9BC97D4CDE37}.Debug|x64.Build.0 = Debug|Any CPU
		{39740654-F5F1-4936-B4EA-9BC97D4CDE37}.Debug|x86.ActiveCfg = Debug|Any CPU
		{39740654-F5F1-4936-B4EA-9BC97D4CDE37}.Debug|x86.Build.0 = Debug|Any CPU
		{39740654-F5F1-4936-B4EA-9BC97D4CDE37}.Release|Any CPU.ActiveCfg = Release|Any CPU
		{39740654-F5F1-4936-B4EA-9BC97D4CDE37}.Release|Any CPU.Build.0 = Release|Any CPU
		{39740654-F5F1-4936-B4EA-9BC97D4CDE37}.Release|x64.ActiveCfg = Release|x64
		{39740654-F5F1-4936-B4EA-9BC97D4CDE37}.Release|x64.Build.0 = Release|x64
		{39740654-F5F1-4936-B4EA-9BC97D4CDE37}.Release|x86.ActiveCfg = Release|x86
		{39740654-F5F1-4936-B4EA-9BC97D4CDE37}.Release|x86.Build.0 = Release|x86
		{405C54C4-69F7-4F3D-A6BA-594346F42A2F}.Debug|Any CPU.ActiveCfg = Debug|Any CPU
		{405C54C4-69F7-4F3D-A6BA-594346F42A2F}.Debug|Any CPU.Build.0 = Debug|Any CPU
		{405C54C4-69F7-4F3D-A6BA-594346F42A2F}.Debug|x64.ActiveCfg = Debug|Any CPU
		{405C54C4-69F7-4F3D-A6BA-594346F42A2F}.Debug|x64.Build.0 = Debug|Any CPU
		{405C54C4-69F7-4F3D-A6BA-594346F42A2F}.Debug|x86.ActiveCfg = Debug|Any CPU
		{405C54C4-69F7-4F3D-A6BA-594346F42A2F}.Debug|x86.Build.0 = Debug|Any CPU
		{405C54C4-69F7-4F3D-A6BA-594346F42A2F}.Release|Any CPU.ActiveCfg = Release|Any CPU
		{405C54C4-69F7-4F3D-A6BA-594346F42A2F}.Release|Any CPU.Build.0 = Release|Any CPU
		{405C54C4-69F7-4F3D-A6BA-594346F42A2F}.Release|x64.ActiveCfg = Release|Any CPU
		{405C54C4-69F7-4F3D-A6BA-594346F42A2F}.Release|x86.ActiveCfg = Release|Any CPU
		{B475C12B-80F9-4BC0-88E5-815C88593BEE}.Debug|Any CPU.ActiveCfg = Debug|Any CPU
		{B475C12B-80F9-4BC0-88E5-815C88593BEE}.Debug|Any CPU.Build.0 = Debug|Any CPU
		{B475C12B-80F9-4BC0-88E5-815C88593BEE}.Debug|x64.ActiveCfg = Debug|Any CPU
		{B475C12B-80F9-4BC0-88E5-815C88593BEE}.Debug|x64.Build.0 = Debug|Any CPU
		{B475C12B-80F9-4BC0-88E5-815C88593BEE}.Debug|x86.ActiveCfg = Debug|Any CPU
		{B475C12B-80F9-4BC0-88E5-815C88593BEE}.Debug|x86.Build.0 = Debug|Any CPU
		{B475C12B-80F9-4BC0-88E5-815C88593BEE}.Release|Any CPU.ActiveCfg = Release|Any CPU
		{B475C12B-80F9-4BC0-88E5-815C88593BEE}.Release|Any CPU.Build.0 = Release|Any CPU
		{B475C12B-80F9-4BC0-88E5-815C88593BEE}.Release|x64.ActiveCfg = Release|Any CPU
		{B475C12B-80F9-4BC0-88E5-815C88593BEE}.Release|x86.ActiveCfg = Release|Any CPU
		{82D01A4F-51B2-4771-B6F2-EDC6240159E3}.Debug|Any CPU.ActiveCfg = Debug|Any CPU
		{82D01A4F-51B2-4771-B6F2-EDC6240159E3}.Debug|Any CPU.Build.0 = Debug|Any CPU
		{82D01A4F-51B2-4771-B6F2-EDC6240159E3}.Debug|x64.ActiveCfg = Debug|Any CPU
		{82D01A4F-51B2-4771-B6F2-EDC6240159E3}.Debug|x64.Build.0 = Debug|Any CPU
		{82D01A4F-51B2-4771-B6F2-EDC6240159E3}.Debug|x86.ActiveCfg = Debug|Any CPU
		{82D01A4F-51B2-4771-B6F2-EDC6240159E3}.Debug|x86.Build.0 = Debug|Any CPU
		{82D01A4F-51B2-4771-B6F2-EDC6240159E3}.Release|Any CPU.ActiveCfg = Release|Any CPU
		{82D01A4F-51B2-4771-B6F2-EDC6240159E3}.Release|Any CPU.Build.0 = Release|Any CPU
		{82D01A4F-51B2-4771-B6F2-EDC6240159E3}.Release|x64.ActiveCfg = Release|Any CPU
		{82D01A4F-51B2-4771-B6F2-EDC6240159E3}.Release|x86.ActiveCfg = Release|Any CPU
		{1C8BB886-9619-4D18-8D09-AD6A3E3506FD}.Debug|Any CPU.ActiveCfg = Debug|Any CPU
		{1C8BB886-9619-4D18-8D09-AD6A3E3506FD}.Debug|Any CPU.Build.0 = Debug|Any CPU
		{1C8BB886-9619-4D18-8D09-AD6A3E3506FD}.Debug|x64.ActiveCfg = Debug|Any CPU
		{1C8BB886-9619-4D18-8D09-AD6A3E3506FD}.Debug|x64.Build.0 = Debug|Any CPU
		{1C8BB886-9619-4D18-8D09-AD6A3E3506FD}.Debug|x86.ActiveCfg = Debug|Any CPU
		{1C8BB886-9619-4D18-8D09-AD6A3E3506FD}.Debug|x86.Build.0 = Debug|Any CPU
		{1C8BB886-9619-4D18-8D09-AD6A3E3506FD}.Release|Any CPU.ActiveCfg = Release|Any CPU
		{1C8BB886-9619-4D18-8D09-AD6A3E3506FD}.Release|Any CPU.Build.0 = Release|Any CPU
		{1C8BB886-9619-4D18-8D09-AD6A3E3506FD}.Release|x64.ActiveCfg = Release|Any CPU
		{1C8BB886-9619-4D18-8D09-AD6A3E3506FD}.Release|x86.ActiveCfg = Release|Any CPU
		{58309989-DC5D-486E-99F2-245E84DC8D7F}.Debug|Any CPU.ActiveCfg = Debug|Any CPU
		{58309989-DC5D-486E-99F2-245E84DC8D7F}.Debug|Any CPU.Build.0 = Debug|Any CPU
		{58309989-DC5D-486E-99F2-245E84DC8D7F}.Debug|x64.ActiveCfg = Debug|Any CPU
		{58309989-DC5D-486E-99F2-245E84DC8D7F}.Debug|x64.Build.0 = Debug|Any CPU
		{58309989-DC5D-486E-99F2-245E84DC8D7F}.Debug|x86.ActiveCfg = Debug|Any CPU
		{58309989-DC5D-486E-99F2-245E84DC8D7F}.Debug|x86.Build.0 = Debug|Any CPU
		{58309989-DC5D-486E-99F2-245E84DC8D7F}.Release|Any CPU.ActiveCfg = Release|Any CPU
		{58309989-DC5D-486E-99F2-245E84DC8D7F}.Release|Any CPU.Build.0 = Release|Any CPU
		{58309989-DC5D-486E-99F2-245E84DC8D7F}.Release|x64.ActiveCfg = Release|Any CPU
		{58309989-DC5D-486E-99F2-245E84DC8D7F}.Release|x86.ActiveCfg = Release|Any CPU
		{8CE35F6D-C06D-4045-A2C1-7F1795B62811}.Debug|Any CPU.ActiveCfg = Debug|Any CPU
		{8CE35F6D-C06D-4045-A2C1-7F1795B62811}.Debug|Any CPU.Build.0 = Debug|Any CPU
		{8CE35F6D-C06D-4045-A2C1-7F1795B62811}.Debug|x64.ActiveCfg = Debug|Any CPU
		{8CE35F6D-C06D-4045-A2C1-7F1795B62811}.Debug|x64.Build.0 = Debug|Any CPU
		{8CE35F6D-C06D-4045-A2C1-7F1795B62811}.Debug|x86.ActiveCfg = Debug|Any CPU
		{8CE35F6D-C06D-4045-A2C1-7F1795B62811}.Debug|x86.Build.0 = Debug|Any CPU
		{8CE35F6D-C06D-4045-A2C1-7F1795B62811}.Release|Any CPU.ActiveCfg = Release|Any CPU
		{8CE35F6D-C06D-4045-A2C1-7F1795B62811}.Release|Any CPU.Build.0 = Release|Any CPU
		{8CE35F6D-C06D-4045-A2C1-7F1795B62811}.Release|x64.ActiveCfg = Release|Any CPU
		{8CE35F6D-C06D-4045-A2C1-7F1795B62811}.Release|x86.ActiveCfg = Release|Any CPU
		{BC976236-A1A1-4E44-8101-17823EA7C945}.Debug|Any CPU.ActiveCfg = Debug|Any CPU
		{BC976236-A1A1-4E44-8101-17823EA7C945}.Debug|Any CPU.Build.0 = Debug|Any CPU
		{BC976236-A1A1-4E44-8101-17823EA7C945}.Debug|x64.ActiveCfg = Debug|Any CPU
		{BC976236-A1A1-4E44-8101-17823EA7C945}.Debug|x64.Build.0 = Debug|Any CPU
		{BC976236-A1A1-4E44-8101-17823EA7C945}.Debug|x86.ActiveCfg = Debug|Any CPU
		{BC976236-A1A1-4E44-8101-17823EA7C945}.Debug|x86.Build.0 = Debug|Any CPU
		{BC976236-A1A1-4E44-8101-17823EA7C945}.Release|Any CPU.ActiveCfg = Release|Any CPU
		{BC976236-A1A1-4E44-8101-17823EA7C945}.Release|Any CPU.Build.0 = Release|Any CPU
		{BC976236-A1A1-4E44-8101-17823EA7C945}.Release|x64.ActiveCfg = Release|Any CPU
		{BC976236-A1A1-4E44-8101-17823EA7C945}.Release|x86.ActiveCfg = Release|Any CPU
		{84F9C577-C2CE-4719-A5BE-7C4985FE7A46}.Debug|Any CPU.ActiveCfg = Debug|Any CPU
		{84F9C577-C2CE-4719-A5BE-7C4985FE7A46}.Debug|Any CPU.Build.0 = Debug|Any CPU
		{84F9C577-C2CE-4719-A5BE-7C4985FE7A46}.Debug|x64.ActiveCfg = Debug|Any CPU
		{84F9C577-C2CE-4719-A5BE-7C4985FE7A46}.Debug|x64.Build.0 = Debug|Any CPU
		{84F9C577-C2CE-4719-A5BE-7C4985FE7A46}.Debug|x86.ActiveCfg = Debug|Any CPU
		{84F9C577-C2CE-4719-A5BE-7C4985FE7A46}.Debug|x86.Build.0 = Debug|Any CPU
		{84F9C577-C2CE-4719-A5BE-7C4985FE7A46}.Release|Any CPU.ActiveCfg = Release|Any CPU
		{84F9C577-C2CE-4719-A5BE-7C4985FE7A46}.Release|Any CPU.Build.0 = Release|Any CPU
		{84F9C577-C2CE-4719-A5BE-7C4985FE7A46}.Release|x64.ActiveCfg = Release|Any CPU
		{84F9C577-C2CE-4719-A5BE-7C4985FE7A46}.Release|x86.ActiveCfg = Release|Any CPU
		{734192F0-18E9-4A8F-8328-9215928ACE1A}.Debug|Any CPU.ActiveCfg = Debug|Any CPU
		{734192F0-18E9-4A8F-8328-9215928ACE1A}.Debug|Any CPU.Build.0 = Debug|Any CPU
		{734192F0-18E9-4A8F-8328-9215928ACE1A}.Debug|x64.ActiveCfg = Debug|Any CPU
		{734192F0-18E9-4A8F-8328-9215928ACE1A}.Debug|x64.Build.0 = Debug|Any CPU
		{734192F0-18E9-4A8F-8328-9215928ACE1A}.Debug|x86.ActiveCfg = Debug|Any CPU
		{734192F0-18E9-4A8F-8328-9215928ACE1A}.Debug|x86.Build.0 = Debug|Any CPU
		{734192F0-18E9-4A8F-8328-9215928ACE1A}.Release|Any CPU.ActiveCfg = Release|Any CPU
		{734192F0-18E9-4A8F-8328-9215928ACE1A}.Release|Any CPU.Build.0 = Release|Any CPU
		{734192F0-18E9-4A8F-8328-9215928ACE1A}.Release|x64.ActiveCfg = Release|Any CPU
		{734192F0-18E9-4A8F-8328-9215928ACE1A}.Release|x86.ActiveCfg = Release|Any CPU
		{D9C22065-B07A-432C-B319-87BCE640600C}.Debug|Any CPU.ActiveCfg = Debug|Any CPU
		{D9C22065-B07A-432C-B319-87BCE640600C}.Debug|Any CPU.Build.0 = Debug|Any CPU
		{D9C22065-B07A-432C-B319-87BCE640600C}.Debug|x64.ActiveCfg = Debug|Any CPU
		{D9C22065-B07A-432C-B319-87BCE640600C}.Debug|x64.Build.0 = Debug|Any CPU
		{D9C22065-B07A-432C-B319-87BCE640600C}.Debug|x86.ActiveCfg = Debug|Any CPU
		{D9C22065-B07A-432C-B319-87BCE640600C}.Debug|x86.Build.0 = Debug|Any CPU
		{D9C22065-B07A-432C-B319-87BCE640600C}.Release|Any CPU.ActiveCfg = Release|Any CPU
		{D9C22065-B07A-432C-B319-87BCE640600C}.Release|Any CPU.Build.0 = Release|Any CPU
		{D9C22065-B07A-432C-B319-87BCE640600C}.Release|x64.ActiveCfg = Release|Any CPU
		{D9C22065-B07A-432C-B319-87BCE640600C}.Release|x86.ActiveCfg = Release|Any CPU
		{467C5E3B-0FC9-4454-A277-7350D0C10ADB}.Debug|Any CPU.ActiveCfg = Debug|Any CPU
		{467C5E3B-0FC9-4454-A277-7350D0C10ADB}.Debug|Any CPU.Build.0 = Debug|Any CPU
		{467C5E3B-0FC9-4454-A277-7350D0C10ADB}.Debug|x64.ActiveCfg = Debug|Any CPU
		{467C5E3B-0FC9-4454-A277-7350D0C10ADB}.Debug|x64.Build.0 = Debug|Any CPU
		{467C5E3B-0FC9-4454-A277-7350D0C10ADB}.Debug|x86.ActiveCfg = Debug|Any CPU
		{467C5E3B-0FC9-4454-A277-7350D0C10ADB}.Debug|x86.Build.0 = Debug|Any CPU
		{467C5E3B-0FC9-4454-A277-7350D0C10ADB}.Release|Any CPU.ActiveCfg = Release|Any CPU
		{467C5E3B-0FC9-4454-A277-7350D0C10ADB}.Release|Any CPU.Build.0 = Release|Any CPU
		{467C5E3B-0FC9-4454-A277-7350D0C10ADB}.Release|x64.ActiveCfg = Release|Any CPU
		{467C5E3B-0FC9-4454-A277-7350D0C10ADB}.Release|x86.ActiveCfg = Release|Any CPU
		{10CF1F8D-1297-495C-92C2-A24E341AA7AC}.Debug|Any CPU.ActiveCfg = Debug|Any CPU
		{10CF1F8D-1297-495C-92C2-A24E341AA7AC}.Debug|Any CPU.Build.0 = Debug|Any CPU
		{10CF1F8D-1297-495C-92C2-A24E341AA7AC}.Debug|x64.ActiveCfg = Debug|Any CPU
		{10CF1F8D-1297-495C-92C2-A24E341AA7AC}.Debug|x64.Build.0 = Debug|Any CPU
		{10CF1F8D-1297-495C-92C2-A24E341AA7AC}.Debug|x86.ActiveCfg = Debug|Any CPU
		{10CF1F8D-1297-495C-92C2-A24E341AA7AC}.Debug|x86.Build.0 = Debug|Any CPU
		{10CF1F8D-1297-495C-92C2-A24E341AA7AC}.Release|Any CPU.ActiveCfg = Release|Any CPU
		{10CF1F8D-1297-495C-92C2-A24E341AA7AC}.Release|Any CPU.Build.0 = Release|Any CPU
		{10CF1F8D-1297-495C-92C2-A24E341AA7AC}.Release|x64.ActiveCfg = Release|Any CPU
		{10CF1F8D-1297-495C-92C2-A24E341AA7AC}.Release|x86.ActiveCfg = Release|Any CPU
		{991A4C2B-D830-41CB-A810-047ADCF69219}.Debug|Any CPU.ActiveCfg = Debug|Any CPU
		{991A4C2B-D830-41CB-A810-047ADCF69219}.Debug|Any CPU.Build.0 = Debug|Any CPU
		{991A4C2B-D830-41CB-A810-047ADCF69219}.Debug|x64.ActiveCfg = Debug|Any CPU
		{991A4C2B-D830-41CB-A810-047ADCF69219}.Debug|x64.Build.0 = Debug|Any CPU
		{991A4C2B-D830-41CB-A810-047ADCF69219}.Debug|x86.ActiveCfg = Debug|Any CPU
		{991A4C2B-D830-41CB-A810-047ADCF69219}.Debug|x86.Build.0 = Debug|Any CPU
		{991A4C2B-D830-41CB-A810-047ADCF69219}.Release|Any CPU.ActiveCfg = Release|Any CPU
		{991A4C2B-D830-41CB-A810-047ADCF69219}.Release|Any CPU.Build.0 = Release|Any CPU
		{991A4C2B-D830-41CB-A810-047ADCF69219}.Release|x64.ActiveCfg = Release|Any CPU
		{991A4C2B-D830-41CB-A810-047ADCF69219}.Release|x86.ActiveCfg = Release|Any CPU
		{82BB6745-9D34-453A-851C-01C8FD7A0F20}.Debug|Any CPU.ActiveCfg = Debug|Any CPU
		{82BB6745-9D34-453A-851C-01C8FD7A0F20}.Debug|Any CPU.Build.0 = Debug|Any CPU
		{82BB6745-9D34-453A-851C-01C8FD7A0F20}.Debug|x64.ActiveCfg = Debug|Any CPU
		{82BB6745-9D34-453A-851C-01C8FD7A0F20}.Debug|x64.Build.0 = Debug|Any CPU
		{82BB6745-9D34-453A-851C-01C8FD7A0F20}.Debug|x86.ActiveCfg = Debug|Any CPU
		{82BB6745-9D34-453A-851C-01C8FD7A0F20}.Debug|x86.Build.0 = Debug|Any CPU
		{82BB6745-9D34-453A-851C-01C8FD7A0F20}.Release|Any CPU.ActiveCfg = Release|Any CPU
		{82BB6745-9D34-453A-851C-01C8FD7A0F20}.Release|Any CPU.Build.0 = Release|Any CPU
		{82BB6745-9D34-453A-851C-01C8FD7A0F20}.Release|x64.ActiveCfg = Release|Any CPU
		{82BB6745-9D34-453A-851C-01C8FD7A0F20}.Release|x86.ActiveCfg = Release|Any CPU
		{829730D4-B471-4D12-B8B8-4900761E0722}.Debug|Any CPU.ActiveCfg = Debug|Any CPU
		{829730D4-B471-4D12-B8B8-4900761E0722}.Debug|Any CPU.Build.0 = Debug|Any CPU
		{829730D4-B471-4D12-B8B8-4900761E0722}.Debug|x64.ActiveCfg = Debug|Any CPU
		{829730D4-B471-4D12-B8B8-4900761E0722}.Debug|x64.Build.0 = Debug|Any CPU
		{829730D4-B471-4D12-B8B8-4900761E0722}.Debug|x86.ActiveCfg = Debug|Any CPU
		{829730D4-B471-4D12-B8B8-4900761E0722}.Debug|x86.Build.0 = Debug|Any CPU
		{829730D4-B471-4D12-B8B8-4900761E0722}.Release|Any CPU.ActiveCfg = Release|Any CPU
		{829730D4-B471-4D12-B8B8-4900761E0722}.Release|Any CPU.Build.0 = Release|Any CPU
		{829730D4-B471-4D12-B8B8-4900761E0722}.Release|x64.ActiveCfg = Release|Any CPU
		{829730D4-B471-4D12-B8B8-4900761E0722}.Release|x64.Build.0 = Release|Any CPU
		{829730D4-B471-4D12-B8B8-4900761E0722}.Release|x86.ActiveCfg = Release|Any CPU
		{829730D4-B471-4D12-B8B8-4900761E0722}.Release|x86.Build.0 = Release|Any CPU
		{04A4763C-907A-45EE-9270-2ECB1453770F}.Debug|Any CPU.ActiveCfg = Debug|Any CPU
		{04A4763C-907A-45EE-9270-2ECB1453770F}.Debug|Any CPU.Build.0 = Debug|Any CPU
		{04A4763C-907A-45EE-9270-2ECB1453770F}.Debug|x64.ActiveCfg = Debug|Any CPU
		{04A4763C-907A-45EE-9270-2ECB1453770F}.Debug|x64.Build.0 = Debug|Any CPU
		{04A4763C-907A-45EE-9270-2ECB1453770F}.Debug|x86.ActiveCfg = Debug|Any CPU
		{04A4763C-907A-45EE-9270-2ECB1453770F}.Debug|x86.Build.0 = Debug|Any CPU
		{04A4763C-907A-45EE-9270-2ECB1453770F}.Release|Any CPU.ActiveCfg = Release|Any CPU
		{04A4763C-907A-45EE-9270-2ECB1453770F}.Release|Any CPU.Build.0 = Release|Any CPU
		{04A4763C-907A-45EE-9270-2ECB1453770F}.Release|x64.ActiveCfg = Release|Any CPU
		{04A4763C-907A-45EE-9270-2ECB1453770F}.Release|x64.Build.0 = Release|Any CPU
		{04A4763C-907A-45EE-9270-2ECB1453770F}.Release|x86.ActiveCfg = Release|Any CPU
		{04A4763C-907A-45EE-9270-2ECB1453770F}.Release|x86.Build.0 = Release|Any CPU
		{AEE87C0E-AA98-4D82-9ED8-9EBEA107DDD6}.Debug|Any CPU.ActiveCfg = Debug|Any CPU
		{AEE87C0E-AA98-4D82-9ED8-9EBEA107DDD6}.Debug|Any CPU.Build.0 = Debug|Any CPU
		{AEE87C0E-AA98-4D82-9ED8-9EBEA107DDD6}.Debug|x64.ActiveCfg = Debug|Any CPU
		{AEE87C0E-AA98-4D82-9ED8-9EBEA107DDD6}.Debug|x64.Build.0 = Debug|Any CPU
		{AEE87C0E-AA98-4D82-9ED8-9EBEA107DDD6}.Debug|x86.ActiveCfg = Debug|Any CPU
		{AEE87C0E-AA98-4D82-9ED8-9EBEA107DDD6}.Debug|x86.Build.0 = Debug|Any CPU
		{AEE87C0E-AA98-4D82-9ED8-9EBEA107DDD6}.Release|Any CPU.ActiveCfg = Release|Any CPU
		{AEE87C0E-AA98-4D82-9ED8-9EBEA107DDD6}.Release|Any CPU.Build.0 = Release|Any CPU
		{AEE87C0E-AA98-4D82-9ED8-9EBEA107DDD6}.Release|x64.ActiveCfg = Release|Any CPU
		{AEE87C0E-AA98-4D82-9ED8-9EBEA107DDD6}.Release|x86.ActiveCfg = Release|Any CPU
		{C7F68E1A-85B4-494A-BA4E-F4270FFF3852}.Debug|Any CPU.ActiveCfg = Debug|Any CPU
		{C7F68E1A-85B4-494A-BA4E-F4270FFF3852}.Debug|Any CPU.Build.0 = Debug|Any CPU
		{C7F68E1A-85B4-494A-BA4E-F4270FFF3852}.Debug|x64.ActiveCfg = Debug|Any CPU
		{C7F68E1A-85B4-494A-BA4E-F4270FFF3852}.Debug|x64.Build.0 = Debug|Any CPU
		{C7F68E1A-85B4-494A-BA4E-F4270FFF3852}.Debug|x86.ActiveCfg = Debug|Any CPU
		{C7F68E1A-85B4-494A-BA4E-F4270FFF3852}.Debug|x86.Build.0 = Debug|Any CPU
		{C7F68E1A-85B4-494A-BA4E-F4270FFF3852}.Release|Any CPU.ActiveCfg = Release|Any CPU
		{C7F68E1A-85B4-494A-BA4E-F4270FFF3852}.Release|Any CPU.Build.0 = Release|Any CPU
		{C7F68E1A-85B4-494A-BA4E-F4270FFF3852}.Release|x64.ActiveCfg = Release|Any CPU
		{C7F68E1A-85B4-494A-BA4E-F4270FFF3852}.Release|x64.Build.0 = Release|Any CPU
		{C7F68E1A-85B4-494A-BA4E-F4270FFF3852}.Release|x86.ActiveCfg = Release|Any CPU
		{C7F68E1A-85B4-494A-BA4E-F4270FFF3852}.Release|x86.Build.0 = Release|Any CPU
		{BE3C1DBD-3345-4E32-BE7E-C3CCFDDD7220}.Debug|Any CPU.ActiveCfg = Debug|Any CPU
		{BE3C1DBD-3345-4E32-BE7E-C3CCFDDD7220}.Debug|Any CPU.Build.0 = Debug|Any CPU
		{BE3C1DBD-3345-4E32-BE7E-C3CCFDDD7220}.Debug|x64.ActiveCfg = Debug|Any CPU
		{BE3C1DBD-3345-4E32-BE7E-C3CCFDDD7220}.Debug|x64.Build.0 = Debug|Any CPU
		{BE3C1DBD-3345-4E32-BE7E-C3CCFDDD7220}.Debug|x86.ActiveCfg = Debug|Any CPU
		{BE3C1DBD-3345-4E32-BE7E-C3CCFDDD7220}.Debug|x86.Build.0 = Debug|Any CPU
		{BE3C1DBD-3345-4E32-BE7E-C3CCFDDD7220}.Release|Any CPU.ActiveCfg = Release|Any CPU
		{BE3C1DBD-3345-4E32-BE7E-C3CCFDDD7220}.Release|Any CPU.Build.0 = Release|Any CPU
		{BE3C1DBD-3345-4E32-BE7E-C3CCFDDD7220}.Release|x64.ActiveCfg = Release|Any CPU
		{BE3C1DBD-3345-4E32-BE7E-C3CCFDDD7220}.Release|x64.Build.0 = Release|Any CPU
		{BE3C1DBD-3345-4E32-BE7E-C3CCFDDD7220}.Release|x86.ActiveCfg = Release|Any CPU
		{BE3C1DBD-3345-4E32-BE7E-C3CCFDDD7220}.Release|x86.Build.0 = Release|Any CPU
		{676675F0-18A4-4D08-AEB5-C561473AF7EC}.Debug|Any CPU.ActiveCfg = Debug|Any CPU
		{676675F0-18A4-4D08-AEB5-C561473AF7EC}.Debug|Any CPU.Build.0 = Debug|Any CPU
		{676675F0-18A4-4D08-AEB5-C561473AF7EC}.Debug|x64.ActiveCfg = Debug|Any CPU
		{676675F0-18A4-4D08-AEB5-C561473AF7EC}.Debug|x64.Build.0 = Debug|Any CPU
		{676675F0-18A4-4D08-AEB5-C561473AF7EC}.Debug|x86.ActiveCfg = Debug|Any CPU
		{676675F0-18A4-4D08-AEB5-C561473AF7EC}.Debug|x86.Build.0 = Debug|Any CPU
		{676675F0-18A4-4D08-AEB5-C561473AF7EC}.Release|Any CPU.ActiveCfg = Release|Any CPU
		{676675F0-18A4-4D08-AEB5-C561473AF7EC}.Release|Any CPU.Build.0 = Release|Any CPU
		{676675F0-18A4-4D08-AEB5-C561473AF7EC}.Release|x64.ActiveCfg = Release|Any CPU
		{676675F0-18A4-4D08-AEB5-C561473AF7EC}.Release|x64.Build.0 = Release|Any CPU
		{676675F0-18A4-4D08-AEB5-C561473AF7EC}.Release|x86.ActiveCfg = Release|Any CPU
		{676675F0-18A4-4D08-AEB5-C561473AF7EC}.Release|x86.Build.0 = Release|Any CPU
		{0045C5F8-76A9-420B-AF44-47D1C1B60DF4}.Debug|Any CPU.ActiveCfg = Debug|Any CPU
		{0045C5F8-76A9-420B-AF44-47D1C1B60DF4}.Debug|Any CPU.Build.0 = Debug|Any CPU
		{0045C5F8-76A9-420B-AF44-47D1C1B60DF4}.Debug|x64.ActiveCfg = Debug|Any CPU
		{0045C5F8-76A9-420B-AF44-47D1C1B60DF4}.Debug|x64.Build.0 = Debug|Any CPU
		{0045C5F8-76A9-420B-AF44-47D1C1B60DF4}.Debug|x86.ActiveCfg = Debug|Any CPU
		{0045C5F8-76A9-420B-AF44-47D1C1B60DF4}.Debug|x86.Build.0 = Debug|Any CPU
		{0045C5F8-76A9-420B-AF44-47D1C1B60DF4}.Release|Any CPU.ActiveCfg = Release|Any CPU
		{0045C5F8-76A9-420B-AF44-47D1C1B60DF4}.Release|Any CPU.Build.0 = Release|Any CPU
		{0045C5F8-76A9-420B-AF44-47D1C1B60DF4}.Release|x64.ActiveCfg = Release|Any CPU
		{0045C5F8-76A9-420B-AF44-47D1C1B60DF4}.Release|x64.Build.0 = Release|Any CPU
		{0045C5F8-76A9-420B-AF44-47D1C1B60DF4}.Release|x86.ActiveCfg = Release|Any CPU
		{0045C5F8-76A9-420B-AF44-47D1C1B60DF4}.Release|x86.Build.0 = Release|Any CPU
		{A11EE417-571E-42A3-9737-B1F0D377C4CC}.Debug|Any CPU.ActiveCfg = Debug|Any CPU
		{A11EE417-571E-42A3-9737-B1F0D377C4CC}.Debug|Any CPU.Build.0 = Debug|Any CPU
		{A11EE417-571E-42A3-9737-B1F0D377C4CC}.Debug|x64.ActiveCfg = Debug|Any CPU
		{A11EE417-571E-42A3-9737-B1F0D377C4CC}.Debug|x64.Build.0 = Debug|Any CPU
		{A11EE417-571E-42A3-9737-B1F0D377C4CC}.Debug|x86.ActiveCfg = Debug|Any CPU
		{A11EE417-571E-42A3-9737-B1F0D377C4CC}.Debug|x86.Build.0 = Debug|Any CPU
		{A11EE417-571E-42A3-9737-B1F0D377C4CC}.Release|Any CPU.ActiveCfg = Release|Any CPU
		{A11EE417-571E-42A3-9737-B1F0D377C4CC}.Release|Any CPU.Build.0 = Release|Any CPU
		{A11EE417-571E-42A3-9737-B1F0D377C4CC}.Release|x64.ActiveCfg = Release|Any CPU
		{A11EE417-571E-42A3-9737-B1F0D377C4CC}.Release|x64.Build.0 = Release|Any CPU
		{A11EE417-571E-42A3-9737-B1F0D377C4CC}.Release|x86.ActiveCfg = Release|Any CPU
		{A11EE417-571E-42A3-9737-B1F0D377C4CC}.Release|x86.Build.0 = Release|Any CPU
		{C4F7AE1D-C03F-4060-A89B-C8CE47AD5EB0}.Debug|Any CPU.ActiveCfg = Debug|Any CPU
		{C4F7AE1D-C03F-4060-A89B-C8CE47AD5EB0}.Debug|Any CPU.Build.0 = Debug|Any CPU
		{C4F7AE1D-C03F-4060-A89B-C8CE47AD5EB0}.Debug|x64.ActiveCfg = Debug|Any CPU
		{C4F7AE1D-C03F-4060-A89B-C8CE47AD5EB0}.Debug|x64.Build.0 = Debug|Any CPU
		{C4F7AE1D-C03F-4060-A89B-C8CE47AD5EB0}.Debug|x86.ActiveCfg = Debug|Any CPU
		{C4F7AE1D-C03F-4060-A89B-C8CE47AD5EB0}.Debug|x86.Build.0 = Debug|Any CPU
		{C4F7AE1D-C03F-4060-A89B-C8CE47AD5EB0}.Release|Any CPU.ActiveCfg = Release|Any CPU
		{C4F7AE1D-C03F-4060-A89B-C8CE47AD5EB0}.Release|Any CPU.Build.0 = Release|Any CPU
		{C4F7AE1D-C03F-4060-A89B-C8CE47AD5EB0}.Release|x64.ActiveCfg = Release|Any CPU
		{C4F7AE1D-C03F-4060-A89B-C8CE47AD5EB0}.Release|x64.Build.0 = Release|Any CPU
		{C4F7AE1D-C03F-4060-A89B-C8CE47AD5EB0}.Release|x86.ActiveCfg = Release|Any CPU
		{C4F7AE1D-C03F-4060-A89B-C8CE47AD5EB0}.Release|x86.Build.0 = Release|Any CPU
		{F03D69ED-DEE5-4245-9A2D-8AD000EC0584}.Debug|Any CPU.ActiveCfg = Debug|Any CPU
		{F03D69ED-DEE5-4245-9A2D-8AD000EC0584}.Debug|Any CPU.Build.0 = Debug|Any CPU
		{F03D69ED-DEE5-4245-9A2D-8AD000EC0584}.Debug|x64.ActiveCfg = Debug|Any CPU
		{F03D69ED-DEE5-4245-9A2D-8AD000EC0584}.Debug|x64.Build.0 = Debug|Any CPU
		{F03D69ED-DEE5-4245-9A2D-8AD000EC0584}.Debug|x86.ActiveCfg = Debug|Any CPU
		{F03D69ED-DEE5-4245-9A2D-8AD000EC0584}.Debug|x86.Build.0 = Debug|Any CPU
		{F03D69ED-DEE5-4245-9A2D-8AD000EC0584}.Release|Any CPU.ActiveCfg = Release|Any CPU
		{F03D69ED-DEE5-4245-9A2D-8AD000EC0584}.Release|Any CPU.Build.0 = Release|Any CPU
		{F03D69ED-DEE5-4245-9A2D-8AD000EC0584}.Release|x64.ActiveCfg = Release|Any CPU
		{F03D69ED-DEE5-4245-9A2D-8AD000EC0584}.Release|x64.Build.0 = Release|Any CPU
		{F03D69ED-DEE5-4245-9A2D-8AD000EC0584}.Release|x86.ActiveCfg = Release|Any CPU
		{F03D69ED-DEE5-4245-9A2D-8AD000EC0584}.Release|x86.Build.0 = Release|Any CPU
		{E23D3A8B-376F-4B10-B2BD-ADC3F082805C}.Debug|Any CPU.ActiveCfg = Debug|Any CPU
		{E23D3A8B-376F-4B10-B2BD-ADC3F082805C}.Debug|Any CPU.Build.0 = Debug|Any CPU
		{E23D3A8B-376F-4B10-B2BD-ADC3F082805C}.Debug|x64.ActiveCfg = Debug|Any CPU
		{E23D3A8B-376F-4B10-B2BD-ADC3F082805C}.Debug|x64.Build.0 = Debug|Any CPU
		{E23D3A8B-376F-4B10-B2BD-ADC3F082805C}.Debug|x86.ActiveCfg = Debug|Any CPU
		{E23D3A8B-376F-4B10-B2BD-ADC3F082805C}.Debug|x86.Build.0 = Debug|Any CPU
		{E23D3A8B-376F-4B10-B2BD-ADC3F082805C}.Release|Any CPU.ActiveCfg = Release|Any CPU
		{E23D3A8B-376F-4B10-B2BD-ADC3F082805C}.Release|Any CPU.Build.0 = Release|Any CPU
		{E23D3A8B-376F-4B10-B2BD-ADC3F082805C}.Release|x64.ActiveCfg = Release|Any CPU
		{E23D3A8B-376F-4B10-B2BD-ADC3F082805C}.Release|x64.Build.0 = Release|Any CPU
		{E23D3A8B-376F-4B10-B2BD-ADC3F082805C}.Release|x86.ActiveCfg = Release|Any CPU
		{E23D3A8B-376F-4B10-B2BD-ADC3F082805C}.Release|x86.Build.0 = Release|Any CPU
		{7B612920-493C-448B-B21B-D5A453045AAD}.Debug|Any CPU.ActiveCfg = Debug|Any CPU
		{7B612920-493C-448B-B21B-D5A453045AAD}.Debug|Any CPU.Build.0 = Debug|Any CPU
		{7B612920-493C-448B-B21B-D5A453045AAD}.Debug|x64.ActiveCfg = Debug|Any CPU
		{7B612920-493C-448B-B21B-D5A453045AAD}.Debug|x64.Build.0 = Debug|Any CPU
		{7B612920-493C-448B-B21B-D5A453045AAD}.Debug|x86.ActiveCfg = Debug|Any CPU
		{7B612920-493C-448B-B21B-D5A453045AAD}.Debug|x86.Build.0 = Debug|Any CPU
		{7B612920-493C-448B-B21B-D5A453045AAD}.Release|Any CPU.ActiveCfg = Release|Any CPU
		{7B612920-493C-448B-B21B-D5A453045AAD}.Release|Any CPU.Build.0 = Release|Any CPU
		{7B612920-493C-448B-B21B-D5A453045AAD}.Release|x64.ActiveCfg = Release|Any CPU
		{7B612920-493C-448B-B21B-D5A453045AAD}.Release|x64.Build.0 = Release|Any CPU
		{7B612920-493C-448B-B21B-D5A453045AAD}.Release|x86.ActiveCfg = Release|Any CPU
		{7B612920-493C-448B-B21B-D5A453045AAD}.Release|x86.Build.0 = Release|Any CPU
		{0AB7D9F3-CF1F-462E-8763-7DC1E672CAAE}.Debug|Any CPU.ActiveCfg = Debug|Any CPU
		{0AB7D9F3-CF1F-462E-8763-7DC1E672CAAE}.Debug|Any CPU.Build.0 = Debug|Any CPU
		{0AB7D9F3-CF1F-462E-8763-7DC1E672CAAE}.Debug|x64.ActiveCfg = Debug|Any CPU
		{0AB7D9F3-CF1F-462E-8763-7DC1E672CAAE}.Debug|x64.Build.0 = Debug|Any CPU
		{0AB7D9F3-CF1F-462E-8763-7DC1E672CAAE}.Debug|x86.ActiveCfg = Debug|Any CPU
		{0AB7D9F3-CF1F-462E-8763-7DC1E672CAAE}.Debug|x86.Build.0 = Debug|Any CPU
		{0AB7D9F3-CF1F-462E-8763-7DC1E672CAAE}.Release|Any CPU.ActiveCfg = Release|Any CPU
		{0AB7D9F3-CF1F-462E-8763-7DC1E672CAAE}.Release|Any CPU.Build.0 = Release|Any CPU
		{0AB7D9F3-CF1F-462E-8763-7DC1E672CAAE}.Release|x64.ActiveCfg = Release|Any CPU
		{0AB7D9F3-CF1F-462E-8763-7DC1E672CAAE}.Release|x64.Build.0 = Release|Any CPU
		{0AB7D9F3-CF1F-462E-8763-7DC1E672CAAE}.Release|x86.ActiveCfg = Release|Any CPU
		{0AB7D9F3-CF1F-462E-8763-7DC1E672CAAE}.Release|x86.Build.0 = Release|Any CPU
		{4050D84A-2F13-4C3B-AB32-844A421EA3EC}.Debug|Any CPU.ActiveCfg = Debug|Any CPU
		{4050D84A-2F13-4C3B-AB32-844A421EA3EC}.Debug|Any CPU.Build.0 = Debug|Any CPU
		{4050D84A-2F13-4C3B-AB32-844A421EA3EC}.Debug|x64.ActiveCfg = Debug|Any CPU
		{4050D84A-2F13-4C3B-AB32-844A421EA3EC}.Debug|x64.Build.0 = Debug|Any CPU
		{4050D84A-2F13-4C3B-AB32-844A421EA3EC}.Debug|x86.ActiveCfg = Debug|Any CPU
		{4050D84A-2F13-4C3B-AB32-844A421EA3EC}.Debug|x86.Build.0 = Debug|Any CPU
		{4050D84A-2F13-4C3B-AB32-844A421EA3EC}.Release|Any CPU.ActiveCfg = Release|Any CPU
		{4050D84A-2F13-4C3B-AB32-844A421EA3EC}.Release|Any CPU.Build.0 = Release|Any CPU
		{4050D84A-2F13-4C3B-AB32-844A421EA3EC}.Release|x64.ActiveCfg = Release|Any CPU
		{4050D84A-2F13-4C3B-AB32-844A421EA3EC}.Release|x64.Build.0 = Release|Any CPU
		{4050D84A-2F13-4C3B-AB32-844A421EA3EC}.Release|x86.ActiveCfg = Release|Any CPU
		{4050D84A-2F13-4C3B-AB32-844A421EA3EC}.Release|x86.Build.0 = Release|Any CPU
		{931D2262-63B7-4551-8036-36923A04ACF0}.Debug|Any CPU.ActiveCfg = Debug|Any CPU
		{931D2262-63B7-4551-8036-36923A04ACF0}.Debug|Any CPU.Build.0 = Debug|Any CPU
		{931D2262-63B7-4551-8036-36923A04ACF0}.Debug|x64.ActiveCfg = Debug|Any CPU
		{931D2262-63B7-4551-8036-36923A04ACF0}.Debug|x64.Build.0 = Debug|Any CPU
		{931D2262-63B7-4551-8036-36923A04ACF0}.Debug|x86.ActiveCfg = Debug|Any CPU
		{931D2262-63B7-4551-8036-36923A04ACF0}.Debug|x86.Build.0 = Debug|Any CPU
		{931D2262-63B7-4551-8036-36923A04ACF0}.Release|Any CPU.ActiveCfg = Release|Any CPU
		{931D2262-63B7-4551-8036-36923A04ACF0}.Release|Any CPU.Build.0 = Release|Any CPU
		{931D2262-63B7-4551-8036-36923A04ACF0}.Release|x64.ActiveCfg = Release|Any CPU
		{931D2262-63B7-4551-8036-36923A04ACF0}.Release|x64.Build.0 = Release|Any CPU
		{931D2262-63B7-4551-8036-36923A04ACF0}.Release|x86.ActiveCfg = Release|Any CPU
		{931D2262-63B7-4551-8036-36923A04ACF0}.Release|x86.Build.0 = Release|Any CPU
		{9EF1B158-7CB8-4C29-AE1C-7A1C825F76EB}.Debug|Any CPU.ActiveCfg = Debug|Any CPU
		{9EF1B158-7CB8-4C29-AE1C-7A1C825F76EB}.Debug|Any CPU.Build.0 = Debug|Any CPU
		{9EF1B158-7CB8-4C29-AE1C-7A1C825F76EB}.Debug|x64.ActiveCfg = Debug|Any CPU
		{9EF1B158-7CB8-4C29-AE1C-7A1C825F76EB}.Debug|x64.Build.0 = Debug|Any CPU
		{9EF1B158-7CB8-4C29-AE1C-7A1C825F76EB}.Debug|x86.ActiveCfg = Debug|Any CPU
		{9EF1B158-7CB8-4C29-AE1C-7A1C825F76EB}.Debug|x86.Build.0 = Debug|Any CPU
		{9EF1B158-7CB8-4C29-AE1C-7A1C825F76EB}.Release|Any CPU.ActiveCfg = Release|Any CPU
		{9EF1B158-7CB8-4C29-AE1C-7A1C825F76EB}.Release|Any CPU.Build.0 = Release|Any CPU
		{9EF1B158-7CB8-4C29-AE1C-7A1C825F76EB}.Release|x64.ActiveCfg = Release|Any CPU
		{9EF1B158-7CB8-4C29-AE1C-7A1C825F76EB}.Release|x64.Build.0 = Release|Any CPU
		{9EF1B158-7CB8-4C29-AE1C-7A1C825F76EB}.Release|x86.ActiveCfg = Release|Any CPU
		{9EF1B158-7CB8-4C29-AE1C-7A1C825F76EB}.Release|x86.Build.0 = Release|Any CPU
		{812C2A21-CD7E-4344-A83C-99050A8843D2}.Debug|Any CPU.ActiveCfg = Debug|Any CPU
		{812C2A21-CD7E-4344-A83C-99050A8843D2}.Debug|Any CPU.Build.0 = Debug|Any CPU
		{812C2A21-CD7E-4344-A83C-99050A8843D2}.Debug|x64.ActiveCfg = Debug|Any CPU
		{812C2A21-CD7E-4344-A83C-99050A8843D2}.Debug|x64.Build.0 = Debug|Any CPU
		{812C2A21-CD7E-4344-A83C-99050A8843D2}.Debug|x86.ActiveCfg = Debug|Any CPU
		{812C2A21-CD7E-4344-A83C-99050A8843D2}.Debug|x86.Build.0 = Debug|Any CPU
		{812C2A21-CD7E-4344-A83C-99050A8843D2}.Release|Any CPU.ActiveCfg = Release|Any CPU
		{812C2A21-CD7E-4344-A83C-99050A8843D2}.Release|Any CPU.Build.0 = Release|Any CPU
		{812C2A21-CD7E-4344-A83C-99050A8843D2}.Release|x64.ActiveCfg = Release|Any CPU
		{812C2A21-CD7E-4344-A83C-99050A8843D2}.Release|x64.Build.0 = Release|Any CPU
		{812C2A21-CD7E-4344-A83C-99050A8843D2}.Release|x86.ActiveCfg = Release|Any CPU
		{812C2A21-CD7E-4344-A83C-99050A8843D2}.Release|x86.Build.0 = Release|Any CPU
		{B54F7E0F-DF5E-4382-9515-F2A1186CB606}.Debug|Any CPU.ActiveCfg = Debug|Any CPU
		{B54F7E0F-DF5E-4382-9515-F2A1186CB606}.Debug|Any CPU.Build.0 = Debug|Any CPU
		{B54F7E0F-DF5E-4382-9515-F2A1186CB606}.Debug|x64.ActiveCfg = Debug|Any CPU
		{B54F7E0F-DF5E-4382-9515-F2A1186CB606}.Debug|x64.Build.0 = Debug|Any CPU
		{B54F7E0F-DF5E-4382-9515-F2A1186CB606}.Debug|x86.ActiveCfg = Debug|Any CPU
		{B54F7E0F-DF5E-4382-9515-F2A1186CB606}.Debug|x86.Build.0 = Debug|Any CPU
		{B54F7E0F-DF5E-4382-9515-F2A1186CB606}.Release|Any CPU.ActiveCfg = Release|Any CPU
		{B54F7E0F-DF5E-4382-9515-F2A1186CB606}.Release|Any CPU.Build.0 = Release|Any CPU
		{B54F7E0F-DF5E-4382-9515-F2A1186CB606}.Release|x64.ActiveCfg = Release|Any CPU
		{B54F7E0F-DF5E-4382-9515-F2A1186CB606}.Release|x64.Build.0 = Release|Any CPU
		{B54F7E0F-DF5E-4382-9515-F2A1186CB606}.Release|x86.ActiveCfg = Release|Any CPU
		{B54F7E0F-DF5E-4382-9515-F2A1186CB606}.Release|x86.Build.0 = Release|Any CPU
		{25673797-8566-4B65-838D-DE0BD335D6E6}.Debug|Any CPU.ActiveCfg = Debug|x64
		{25673797-8566-4B65-838D-DE0BD335D6E6}.Debug|Any CPU.Build.0 = Debug|x64
		{25673797-8566-4B65-838D-DE0BD335D6E6}.Debug|x64.ActiveCfg = Debug|x64
		{25673797-8566-4B65-838D-DE0BD335D6E6}.Debug|x64.Build.0 = Debug|x64
		{25673797-8566-4B65-838D-DE0BD335D6E6}.Debug|x86.ActiveCfg = Debug|Win32
		{25673797-8566-4B65-838D-DE0BD335D6E6}.Debug|x86.Build.0 = Debug|Win32
		{25673797-8566-4B65-838D-DE0BD335D6E6}.Release|Any CPU.ActiveCfg = Release|x64
		{25673797-8566-4B65-838D-DE0BD335D6E6}.Release|Any CPU.Build.0 = Release|x64
		{25673797-8566-4B65-838D-DE0BD335D6E6}.Release|x64.ActiveCfg = Release|x64
		{25673797-8566-4B65-838D-DE0BD335D6E6}.Release|x64.Build.0 = Release|x64
		{25673797-8566-4B65-838D-DE0BD335D6E6}.Release|x86.ActiveCfg = Release|Win32
		{25673797-8566-4B65-838D-DE0BD335D6E6}.Release|x86.Build.0 = Release|Win32
		{7B119430-FE63-4854-9B16-51A1B1ADC533}.Debug|Any CPU.ActiveCfg = Debug|Any CPU
		{7B119430-FE63-4854-9B16-51A1B1ADC533}.Debug|Any CPU.Build.0 = Debug|Any CPU
		{7B119430-FE63-4854-9B16-51A1B1ADC533}.Debug|x64.ActiveCfg = Debug|Any CPU
		{7B119430-FE63-4854-9B16-51A1B1ADC533}.Debug|x64.Build.0 = Debug|Any CPU
		{7B119430-FE63-4854-9B16-51A1B1ADC533}.Debug|x86.ActiveCfg = Debug|Any CPU
		{7B119430-FE63-4854-9B16-51A1B1ADC533}.Debug|x86.Build.0 = Debug|Any CPU
		{7B119430-FE63-4854-9B16-51A1B1ADC533}.Release|Any CPU.ActiveCfg = Release|Any CPU
		{7B119430-FE63-4854-9B16-51A1B1ADC533}.Release|Any CPU.Build.0 = Release|Any CPU
		{7B119430-FE63-4854-9B16-51A1B1ADC533}.Release|x64.ActiveCfg = Release|Any CPU
		{7B119430-FE63-4854-9B16-51A1B1ADC533}.Release|x64.Build.0 = Release|Any CPU
		{7B119430-FE63-4854-9B16-51A1B1ADC533}.Release|x86.ActiveCfg = Release|Any CPU
		{7B119430-FE63-4854-9B16-51A1B1ADC533}.Release|x86.Build.0 = Release|Any CPU
		{6C57E679-7A1B-45AC-97B7-AA88D7D9164A}.Debug|Any CPU.ActiveCfg = Debug|Any CPU
		{6C57E679-7A1B-45AC-97B7-AA88D7D9164A}.Debug|Any CPU.Build.0 = Debug|Any CPU
		{6C57E679-7A1B-45AC-97B7-AA88D7D9164A}.Debug|x64.ActiveCfg = Debug|Any CPU
		{6C57E679-7A1B-45AC-97B7-AA88D7D9164A}.Debug|x64.Build.0 = Debug|Any CPU
		{6C57E679-7A1B-45AC-97B7-AA88D7D9164A}.Debug|x86.ActiveCfg = Debug|Any CPU
		{6C57E679-7A1B-45AC-97B7-AA88D7D9164A}.Debug|x86.Build.0 = Debug|Any CPU
		{6C57E679-7A1B-45AC-97B7-AA88D7D9164A}.Release|Any CPU.ActiveCfg = Release|Any CPU
		{6C57E679-7A1B-45AC-97B7-AA88D7D9164A}.Release|Any CPU.Build.0 = Release|Any CPU
		{6C57E679-7A1B-45AC-97B7-AA88D7D9164A}.Release|x64.ActiveCfg = Release|Any CPU
		{6C57E679-7A1B-45AC-97B7-AA88D7D9164A}.Release|x64.Build.0 = Release|Any CPU
		{6C57E679-7A1B-45AC-97B7-AA88D7D9164A}.Release|x86.ActiveCfg = Release|Any CPU
		{6C57E679-7A1B-45AC-97B7-AA88D7D9164A}.Release|x86.Build.0 = Release|Any CPU
		{6BAA6F89-637A-49EB-A554-76AB527A5968}.Debug|Any CPU.ActiveCfg = Debug|Any CPU
		{6BAA6F89-637A-49EB-A554-76AB527A5968}.Debug|Any CPU.Build.0 = Debug|Any CPU
		{6BAA6F89-637A-49EB-A554-76AB527A5968}.Debug|x64.ActiveCfg = Debug|Any CPU
		{6BAA6F89-637A-49EB-A554-76AB527A5968}.Debug|x64.Build.0 = Debug|Any CPU
		{6BAA6F89-637A-49EB-A554-76AB527A5968}.Debug|x86.ActiveCfg = Debug|Any CPU
		{6BAA6F89-637A-49EB-A554-76AB527A5968}.Debug|x86.Build.0 = Debug|Any CPU
		{6BAA6F89-637A-49EB-A554-76AB527A5968}.Release|Any CPU.ActiveCfg = Release|Any CPU
		{6BAA6F89-637A-49EB-A554-76AB527A5968}.Release|Any CPU.Build.0 = Release|Any CPU
		{6BAA6F89-637A-49EB-A554-76AB527A5968}.Release|x64.ActiveCfg = Release|Any CPU
		{6BAA6F89-637A-49EB-A554-76AB527A5968}.Release|x64.Build.0 = Release|Any CPU
		{6BAA6F89-637A-49EB-A554-76AB527A5968}.Release|x86.ActiveCfg = Release|Any CPU
		{6BAA6F89-637A-49EB-A554-76AB527A5968}.Release|x86.Build.0 = Release|Any CPU
		{806A6FFD-5FAA-4FFC-918B-E8EA0E931A11}.Debug|Any CPU.ActiveCfg = Debug|Any CPU
		{806A6FFD-5FAA-4FFC-918B-E8EA0E931A11}.Debug|Any CPU.Build.0 = Debug|Any CPU
		{806A6FFD-5FAA-4FFC-918B-E8EA0E931A11}.Debug|x64.ActiveCfg = Debug|Any CPU
		{806A6FFD-5FAA-4FFC-918B-E8EA0E931A11}.Debug|x64.Build.0 = Debug|Any CPU
		{806A6FFD-5FAA-4FFC-918B-E8EA0E931A11}.Debug|x86.ActiveCfg = Debug|Any CPU
		{806A6FFD-5FAA-4FFC-918B-E8EA0E931A11}.Debug|x86.Build.0 = Debug|Any CPU
		{806A6FFD-5FAA-4FFC-918B-E8EA0E931A11}.Release|Any CPU.ActiveCfg = Release|Any CPU
		{806A6FFD-5FAA-4FFC-918B-E8EA0E931A11}.Release|Any CPU.Build.0 = Release|Any CPU
		{806A6FFD-5FAA-4FFC-918B-E8EA0E931A11}.Release|x64.ActiveCfg = Release|Any CPU
		{806A6FFD-5FAA-4FFC-918B-E8EA0E931A11}.Release|x64.Build.0 = Release|Any CPU
		{806A6FFD-5FAA-4FFC-918B-E8EA0E931A11}.Release|x86.ActiveCfg = Release|Any CPU
		{806A6FFD-5FAA-4FFC-918B-E8EA0E931A11}.Release|x86.Build.0 = Release|Any CPU
		{7AAEFD49-24D2-402D-9BB6-C3445DE8C059}.Debug|Any CPU.ActiveCfg = Debug|Any CPU
		{7AAEFD49-24D2-402D-9BB6-C3445DE8C059}.Debug|Any CPU.Build.0 = Debug|Any CPU
		{7AAEFD49-24D2-402D-9BB6-C3445DE8C059}.Debug|x64.ActiveCfg = Debug|Any CPU
		{7AAEFD49-24D2-402D-9BB6-C3445DE8C059}.Debug|x64.Build.0 = Debug|Any CPU
		{7AAEFD49-24D2-402D-9BB6-C3445DE8C059}.Debug|x86.ActiveCfg = Debug|Any CPU
		{7AAEFD49-24D2-402D-9BB6-C3445DE8C059}.Debug|x86.Build.0 = Debug|Any CPU
		{7AAEFD49-24D2-402D-9BB6-C3445DE8C059}.Release|Any CPU.ActiveCfg = Release|Any CPU
		{7AAEFD49-24D2-402D-9BB6-C3445DE8C059}.Release|Any CPU.Build.0 = Release|Any CPU
		{7AAEFD49-24D2-402D-9BB6-C3445DE8C059}.Release|x64.ActiveCfg = Release|Any CPU
		{7AAEFD49-24D2-402D-9BB6-C3445DE8C059}.Release|x64.Build.0 = Release|Any CPU
		{7AAEFD49-24D2-402D-9BB6-C3445DE8C059}.Release|x86.ActiveCfg = Release|Any CPU
		{7AAEFD49-24D2-402D-9BB6-C3445DE8C059}.Release|x86.Build.0 = Release|Any CPU
	EndGlobalSection
	GlobalSection(SolutionProperties) = preSolution
		HideSolutionNode = FALSE
	EndGlobalSection
	GlobalSection(NestedProjects) = preSolution
		{B475C12B-80F9-4BC0-88E5-815C88593BEE} = {93A5184E-0275-4A75-9C9A-9516AE9634DD}
		{82D01A4F-51B2-4771-B6F2-EDC6240159E3} = {93A5184E-0275-4A75-9C9A-9516AE9634DD}
		{1C8BB886-9619-4D18-8D09-AD6A3E3506FD} = {93A5184E-0275-4A75-9C9A-9516AE9634DD}
		{58309989-DC5D-486E-99F2-245E84DC8D7F} = {93A5184E-0275-4A75-9C9A-9516AE9634DD}
		{8CE35F6D-C06D-4045-A2C1-7F1795B62811} = {93A5184E-0275-4A75-9C9A-9516AE9634DD}
		{BC976236-A1A1-4E44-8101-17823EA7C945} = {93A5184E-0275-4A75-9C9A-9516AE9634DD}
		{84F9C577-C2CE-4719-A5BE-7C4985FE7A46} = {93A5184E-0275-4A75-9C9A-9516AE9634DD}
		{734192F0-18E9-4A8F-8328-9215928ACE1A} = {93A5184E-0275-4A75-9C9A-9516AE9634DD}
		{D9C22065-B07A-432C-B319-87BCE640600C} = {93A5184E-0275-4A75-9C9A-9516AE9634DD}
		{467C5E3B-0FC9-4454-A277-7350D0C10ADB} = {93A5184E-0275-4A75-9C9A-9516AE9634DD}
		{10CF1F8D-1297-495C-92C2-A24E341AA7AC} = {93A5184E-0275-4A75-9C9A-9516AE9634DD}
		{991A4C2B-D830-41CB-A810-047ADCF69219} = {93A5184E-0275-4A75-9C9A-9516AE9634DD}
		{82BB6745-9D34-453A-851C-01C8FD7A0F20} = {93A5184E-0275-4A75-9C9A-9516AE9634DD}
		{829730D4-B471-4D12-B8B8-4900761E0722} = {93A5184E-0275-4A75-9C9A-9516AE9634DD}
		{04A4763C-907A-45EE-9270-2ECB1453770F} = {93A5184E-0275-4A75-9C9A-9516AE9634DD}
		{AEE87C0E-AA98-4D82-9ED8-9EBEA107DDD6} = {93A5184E-0275-4A75-9C9A-9516AE9634DD}
		{C7F68E1A-85B4-494A-BA4E-F4270FFF3852} = {93A5184E-0275-4A75-9C9A-9516AE9634DD}
		{BE3C1DBD-3345-4E32-BE7E-C3CCFDDD7220} = {93A5184E-0275-4A75-9C9A-9516AE9634DD}
		{676675F0-18A4-4D08-AEB5-C561473AF7EC} = {93A5184E-0275-4A75-9C9A-9516AE9634DD}
		{0045C5F8-76A9-420B-AF44-47D1C1B60DF4} = {93A5184E-0275-4A75-9C9A-9516AE9634DD}
		{A11EE417-571E-42A3-9737-B1F0D377C4CC} = {93A5184E-0275-4A75-9C9A-9516AE9634DD}
		{C4F7AE1D-C03F-4060-A89B-C8CE47AD5EB0} = {93A5184E-0275-4A75-9C9A-9516AE9634DD}
		{F03D69ED-DEE5-4245-9A2D-8AD000EC0584} = {93A5184E-0275-4A75-9C9A-9516AE9634DD}
		{E23D3A8B-376F-4B10-B2BD-ADC3F082805C} = {93A5184E-0275-4A75-9C9A-9516AE9634DD}
		{7B612920-493C-448B-B21B-D5A453045AAD} = {93A5184E-0275-4A75-9C9A-9516AE9634DD}
		{0AB7D9F3-CF1F-462E-8763-7DC1E672CAAE} = {93A5184E-0275-4A75-9C9A-9516AE9634DD}
		{4050D84A-2F13-4C3B-AB32-844A421EA3EC} = {93A5184E-0275-4A75-9C9A-9516AE9634DD}
		{931D2262-63B7-4551-8036-36923A04ACF0} = {93A5184E-0275-4A75-9C9A-9516AE9634DD}
		{9EF1B158-7CB8-4C29-AE1C-7A1C825F76EB} = {93A5184E-0275-4A75-9C9A-9516AE9634DD}
		{812C2A21-CD7E-4344-A83C-99050A8843D2} = {93A5184E-0275-4A75-9C9A-9516AE9634DD}
		{B54F7E0F-DF5E-4382-9515-F2A1186CB606} = {93A5184E-0275-4A75-9C9A-9516AE9634DD}
		{7B119430-FE63-4854-9B16-51A1B1ADC533} = {93A5184E-0275-4A75-9C9A-9516AE9634DD}
		{6C57E679-7A1B-45AC-97B7-AA88D7D9164A} = {93A5184E-0275-4A75-9C9A-9516AE9634DD}
		{6BAA6F89-637A-49EB-A554-76AB527A5968} = {93A5184E-0275-4A75-9C9A-9516AE9634DD}
		{806A6FFD-5FAA-4FFC-918B-E8EA0E931A11} = {93A5184E-0275-4A75-9C9A-9516AE9634DD}
		{7AAEFD49-24D2-402D-9BB6-C3445DE8C059} = {93A5184E-0275-4A75-9C9A-9516AE9634DD}
	EndGlobalSection
	GlobalSection(ExtensibilityGlobals) = postSolution
		SolutionGuid = {67B0DD22-D5CF-4D97-9E28-F8B59C583F78}
	EndGlobalSection
	GlobalSection(Performance) = preSolution
		HasPerformanceSessions = true
	EndGlobalSection
	GlobalSection(Performance) = preSolution
		HasPerformanceSessions = true
	EndGlobalSection
	GlobalSection(Performance) = preSolution
		HasPerformanceSessions = true
	EndGlobalSection
	GlobalSection(Performance) = preSolution
		HasPerformanceSessions = true
	EndGlobalSection
EndGlobal
