
Microsoft Visual Studio Solution File, Format Version 12.00
# Visual Studio 2013
VisualStudioVersion = 12.0.30110.0
MinimumVisualStudioVersion = 10.0.40219.1
Project("{2150E333-8FDC-42A3-9474-1A3956D46DE8}") = ".nuget", ".nuget", "{28817336-7865-4601-A72F-7ED7D738D8AE}"
	ProjectSection(SolutionItems) = preProject
		.nuget\NuGet.Config = .nuget\NuGet.Config
		.nuget\NuGet.exe = .nuget\NuGet.exe
		.nuget\NuGet.targets = .nuget\NuGet.targets
	EndProjectSection
EndProject
Project("{FAE04EC0-301F-11D3-BF4B-00C04F79EFBC}") = "HelixToolkit", "HelixToolkit\HelixToolkit.csproj", "{7C0E987E-CC34-4B19-BA6B-B381AEABB530}"
EndProject
Project("{FAE04EC0-301F-11D3-BF4B-00C04F79EFBC}") = "HelixToolkit.Wpf_NET40", "HelixToolkit.Wpf\HelixToolkit.Wpf_NET40.csproj", "{3F3B4548-A9DB-4874-86F7-E7C4FEC8A351}"
EndProject
Project("{FAE04EC0-301F-11D3-BF4B-00C04F79EFBC}") = "HelixToolkit.Wpf.SharpDX_NET40", "HelixToolkit.Wpf.SharpDX\HelixToolkit.Wpf.SharpDX_NET40.csproj", "{39740654-F5F1-4936-B4EA-9BC97D4CDE37}"
EndProject
Project("{FAE04EC0-301F-11D3-BF4B-00C04F79EFBC}") = "HelixToolkit.Wpf.SharpDX.Tests_NET40", "HelixToolkit.Wpf.SharpDX.Tests\HelixToolkit.Wpf.SharpDX.Tests_NET40.csproj", "{8F07154B-D0D8-4FC1-8D6F-A69024C3A3D3}"
EndProject
Project("{FAE04EC0-301F-11D3-BF4B-00C04F79EFBC}") = "Workitem10043_NET40", "Examples\WPF.SharpDX\Workitem10043\Workitem10043_NET40.csproj", "{467C5E3B-0FC9-4454-A277-7350D0C10ADB}"
EndProject
Global
	GlobalSection(SolutionConfigurationPlatforms) = preSolution
		Debug|Any CPU = Debug|Any CPU
		Debug|x64 = Debug|x64
		Debug|x86 = Debug|x86
		Release|Any CPU = Release|Any CPU
		Release|x64 = Release|x64
		Release|x86 = Release|x86
	EndGlobalSection
	GlobalSection(ProjectConfigurationPlatforms) = postSolution
		{7C0E987E-CC34-4B19-BA6B-B381AEABB530}.Debug|Any CPU.ActiveCfg = Debug|Any CPU
		{7C0E987E-CC34-4B19-BA6B-B381AEABB530}.Debug|Any CPU.Build.0 = Debug|Any CPU
		{7C0E987E-CC34-4B19-BA6B-B381AEABB530}.Debug|x64.ActiveCfg = Debug|Any CPU
		{7C0E987E-CC34-4B19-BA6B-B381AEABB530}.Debug|x86.ActiveCfg = Debug|Any CPU
		{7C0E987E-CC34-4B19-BA6B-B381AEABB530}.Release|Any CPU.ActiveCfg = Release|Any CPU
		{7C0E987E-CC34-4B19-BA6B-B381AEABB530}.Release|Any CPU.Build.0 = Release|Any CPU
		{7C0E987E-CC34-4B19-BA6B-B381AEABB530}.Release|x64.ActiveCfg = Release|Any CPU
		{7C0E987E-CC34-4B19-BA6B-B381AEABB530}.Release|x86.ActiveCfg = Release|Any CPU
		{3F3B4548-A9DB-4874-86F7-E7C4FEC8A351}.Debug|Any CPU.ActiveCfg = Debug|Any CPU
		{3F3B4548-A9DB-4874-86F7-E7C4FEC8A351}.Debug|Any CPU.Build.0 = Debug|Any CPU
		{3F3B4548-A9DB-4874-86F7-E7C4FEC8A351}.Debug|x64.ActiveCfg = Debug|Any CPU
		{3F3B4548-A9DB-4874-86F7-E7C4FEC8A351}.Debug|x86.ActiveCfg = Debug|Any CPU
		{3F3B4548-A9DB-4874-86F7-E7C4FEC8A351}.Release|Any CPU.ActiveCfg = Release|Any CPU
		{3F3B4548-A9DB-4874-86F7-E7C4FEC8A351}.Release|Any CPU.Build.0 = Release|Any CPU
		{3F3B4548-A9DB-4874-86F7-E7C4FEC8A351}.Release|x64.ActiveCfg = Release|Any CPU
		{3F3B4548-A9DB-4874-86F7-E7C4FEC8A351}.Release|x86.ActiveCfg = Release|Any CPU
		{39740654-F5F1-4936-B4EA-9BC97D4CDE37}.Debug|Any CPU.ActiveCfg = Debug|Any CPU
		{39740654-F5F1-4936-B4EA-9BC97D4CDE37}.Debug|Any CPU.Build.0 = Debug|Any CPU
		{39740654-F5F1-4936-B4EA-9BC97D4CDE37}.Debug|x64.ActiveCfg = Debug|x64
		{39740654-F5F1-4936-B4EA-9BC97D4CDE37}.Debug|x64.Build.0 = Debug|x64
		{39740654-F5F1-4936-B4EA-9BC97D4CDE37}.Debug|x86.ActiveCfg = Debug|x86
		{39740654-F5F1-4936-B4EA-9BC97D4CDE37}.Debug|x86.Build.0 = Debug|x86
		{39740654-F5F1-4936-B4EA-9BC97D4CDE37}.Release|Any CPU.ActiveCfg = Release|Any CPU
		{39740654-F5F1-4936-B4EA-9BC97D4CDE37}.Release|Any CPU.Build.0 = Release|Any CPU
		{39740654-F5F1-4936-B4EA-9BC97D4CDE37}.Release|x64.ActiveCfg = Release|x64
		{39740654-F5F1-4936-B4EA-9BC97D4CDE37}.Release|x64.Build.0 = Release|x64
		{39740654-F5F1-4936-B4EA-9BC97D4CDE37}.Release|x86.ActiveCfg = Release|x86
		{39740654-F5F1-4936-B4EA-9BC97D4CDE37}.Release|x86.Build.0 = Release|x86
		{8F07154B-D0D8-4FC1-8D6F-A69024C3A3D3}.Debug|Any CPU.ActiveCfg = Debug|Any CPU
		{8F07154B-D0D8-4FC1-8D6F-A69024C3A3D3}.Debug|Any CPU.Build.0 = Debug|Any CPU
		{8F07154B-D0D8-4FC1-8D6F-A69024C3A3D3}.Debug|x64.ActiveCfg = Debug|Any CPU
		{8F07154B-D0D8-4FC1-8D6F-A69024C3A3D3}.Debug|x86.ActiveCfg = Debug|Any CPU
		{8F07154B-D0D8-4FC1-8D6F-A69024C3A3D3}.Release|Any CPU.ActiveCfg = Release|Any CPU
		{8F07154B-D0D8-4FC1-8D6F-A69024C3A3D3}.Release|Any CPU.Build.0 = Release|Any CPU
		{8F07154B-D0D8-4FC1-8D6F-A69024C3A3D3}.Release|x64.ActiveCfg = Release|Any CPU
		{8F07154B-D0D8-4FC1-8D6F-A69024C3A3D3}.Release|x86.ActiveCfg = Release|Any CPU
		{467C5E3B-0FC9-4454-A277-7350D0C10ADB}.Debug|Any CPU.ActiveCfg = Debug|Any CPU
		{467C5E3B-0FC9-4454-A277-7350D0C10ADB}.Debug|Any CPU.Build.0 = Debug|Any CPU
		{467C5E3B-0FC9-4454-A277-7350D0C10ADB}.Debug|x64.ActiveCfg = Debug|Any CPU
		{467C5E3B-0FC9-4454-A277-7350D0C10ADB}.Debug|x86.ActiveCfg = Debug|Any CPU
		{467C5E3B-0FC9-4454-A277-7350D0C10ADB}.Release|Any CPU.ActiveCfg = Release|Any CPU
		{467C5E3B-0FC9-4454-A277-7350D0C10ADB}.Release|Any CPU.Build.0 = Release|Any CPU
		{467C5E3B-0FC9-4454-A277-7350D0C10ADB}.Release|x64.ActiveCfg = Release|Any CPU
		{467C5E3B-0FC9-4454-A277-7350D0C10ADB}.Release|x86.ActiveCfg = Release|Any CPU
	EndGlobalSection
	GlobalSection(SolutionProperties) = preSolution
		HideSolutionNode = FALSE
	EndGlobalSection
EndGlobal
